
Microsoft Visual Studio Solution File, Format Version 12.00
# Visual Studio 14
VisualStudioVersion = 14.0.25420.1
MinimumVisualStudioVersion = 10.0.40219.1
Project("{2150E333-8FDC-42A3-9474-1A3956D46DE8}") = "Step 1", "Step 1", "{2E4590AA-B4EA-4796-AA12-C160ABBEA70E}"
EndProject
Project("{2150E333-8FDC-42A3-9474-1A3956D46DE8}") = "Step 2", "Step 2", "{8D748A46-BF66-4156-850E-050AD5FB0C9B}"
EndProject
Project("{FAE04EC0-301F-11D3-BF4B-00C04F79EFBC}") = "Step1", "Step1\Step1\Step1.csproj", "{C1F7BC7B-144E-4936-A95E-1B713386E130}"
EndProject
Project("{FAE04EC0-301F-11D3-BF4B-00C04F79EFBC}") = "Step1.Droid", "Step1\Step1.Droid\Step1.Droid.csproj", "{92523E0A-68DF-4CEF-AAB1-7FAE5B166FF6}"
EndProject
Project("{FAE04EC0-301F-11D3-BF4B-00C04F79EFBC}") = "Step1.UWP", "Step1\Step1.UWP\Step1.UWP.csproj", "{D9DB2A39-ECCA-46EE-A0DA-C97080C9E02E}"
EndProject
Project("{FAE04EC0-301F-11D3-BF4B-00C04F79EFBC}") = "Step2", "Step2\Step2\Step2.csproj", "{644C1088-7AD1-4190-A2EE-CE7BD4D65604}"
EndProject
Project("{FAE04EC0-301F-11D3-BF4B-00C04F79EFBC}") = "Step2.Droid", "Step2\Step2.Droid\Step2.Droid.csproj", "{6C38E7B8-F6A2-49A4-8294-3E5D6987CEFD}"
EndProject
Project("{FAE04EC0-301F-11D3-BF4B-00C04F79EFBC}") = "Step2.UWP", "Step2\Step2.UWP\Step2.UWP.csproj", "{44CBD4F6-C6F5-4CCC-B481-183448801172}"
EndProject
Global
	GlobalSection(SolutionConfigurationPlatforms) = preSolution
		Ad-Hoc|Any CPU = Ad-Hoc|Any CPU
		Ad-Hoc|ARM = Ad-Hoc|ARM
		Ad-Hoc|iPhone = Ad-Hoc|iPhone
		Ad-Hoc|iPhoneSimulator = Ad-Hoc|iPhoneSimulator
		Ad-Hoc|x64 = Ad-Hoc|x64
		Ad-Hoc|x86 = Ad-Hoc|x86
		AppStore|Any CPU = AppStore|Any CPU
		AppStore|ARM = AppStore|ARM
		AppStore|iPhone = AppStore|iPhone
		AppStore|iPhoneSimulator = AppStore|iPhoneSimulator
		AppStore|x64 = AppStore|x64
		AppStore|x86 = AppStore|x86
		Debug|Any CPU = Debug|Any CPU
		Debug|ARM = Debug|ARM
		Debug|iPhone = Debug|iPhone
		Debug|iPhoneSimulator = Debug|iPhoneSimulator
		Debug|x64 = Debug|x64
		Debug|x86 = Debug|x86
		Release|Any CPU = Release|Any CPU
		Release|ARM = Release|ARM
		Release|iPhone = Release|iPhone
		Release|iPhoneSimulator = Release|iPhoneSimulator
		Release|x64 = Release|x64
		Release|x86 = Release|x86
	EndGlobalSection
	GlobalSection(ProjectConfigurationPlatforms) = postSolution
		{C1F7BC7B-144E-4936-A95E-1B713386E130}.Ad-Hoc|Any CPU.ActiveCfg = Release|Any CPU
		{C1F7BC7B-144E-4936-A95E-1B713386E130}.Ad-Hoc|Any CPU.Build.0 = Release|Any CPU
		{C1F7BC7B-144E-4936-A95E-1B713386E130}.Ad-Hoc|ARM.ActiveCfg = Release|Any CPU
		{C1F7BC7B-144E-4936-A95E-1B713386E130}.Ad-Hoc|ARM.Build.0 = Release|Any CPU
		{C1F7BC7B-144E-4936-A95E-1B713386E130}.Ad-Hoc|iPhone.ActiveCfg = Release|Any CPU
		{C1F7BC7B-144E-4936-A95E-1B713386E130}.Ad-Hoc|iPhone.Build.0 = Release|Any CPU
		{C1F7BC7B-144E-4936-A95E-1B713386E130}.Ad-Hoc|iPhoneSimulator.ActiveCfg = Release|Any CPU
		{C1F7BC7B-144E-4936-A95E-1B713386E130}.Ad-Hoc|iPhoneSimulator.Build.0 = Release|Any CPU
		{C1F7BC7B-144E-4936-A95E-1B713386E130}.Ad-Hoc|x64.ActiveCfg = Release|Any CPU
		{C1F7BC7B-144E-4936-A95E-1B713386E130}.Ad-Hoc|x64.Build.0 = Release|Any CPU
		{C1F7BC7B-144E-4936-A95E-1B713386E130}.Ad-Hoc|x86.ActiveCfg = Release|Any CPU
		{C1F7BC7B-144E-4936-A95E-1B713386E130}.Ad-Hoc|x86.Build.0 = Release|Any CPU
		{C1F7BC7B-144E-4936-A95E-1B713386E130}.AppStore|Any CPU.ActiveCfg = Release|Any CPU
		{C1F7BC7B-144E-4936-A95E-1B713386E130}.AppStore|Any CPU.Build.0 = Release|Any CPU
		{C1F7BC7B-144E-4936-A95E-1B713386E130}.AppStore|ARM.ActiveCfg = Release|Any CPU
		{C1F7BC7B-144E-4936-A95E-1B713386E130}.AppStore|ARM.Build.0 = Release|Any CPU
		{C1F7BC7B-144E-4936-A95E-1B713386E130}.AppStore|iPhone.ActiveCfg = Release|Any CPU
		{C1F7BC7B-144E-4936-A95E-1B713386E130}.AppStore|iPhone.Build.0 = Release|Any CPU
		{C1F7BC7B-144E-4936-A95E-1B713386E130}.AppStore|iPhoneSimulator.ActiveCfg = Release|Any CPU
		{C1F7BC7B-144E-4936-A95E-1B713386E130}.AppStore|iPhoneSimulator.Build.0 = Release|Any CPU
		{C1F7BC7B-144E-4936-A95E-1B713386E130}.AppStore|x64.ActiveCfg = Release|Any CPU
		{C1F7BC7B-144E-4936-A95E-1B713386E130}.AppStore|x64.Build.0 = Release|Any CPU
		{C1F7BC7B-144E-4936-A95E-1B713386E130}.AppStore|x86.ActiveCfg = Release|Any CPU
		{C1F7BC7B-144E-4936-A95E-1B713386E130}.AppStore|x86.Build.0 = Release|Any CPU
		{C1F7BC7B-144E-4936-A95E-1B713386E130}.Debug|Any CPU.ActiveCfg = Debug|Any CPU
		{C1F7BC7B-144E-4936-A95E-1B713386E130}.Debug|Any CPU.Build.0 = Debug|Any CPU
		{C1F7BC7B-144E-4936-A95E-1B713386E130}.Debug|ARM.ActiveCfg = Debug|Any CPU
		{C1F7BC7B-144E-4936-A95E-1B713386E130}.Debug|ARM.Build.0 = Debug|Any CPU
		{C1F7BC7B-144E-4936-A95E-1B713386E130}.Debug|iPhone.ActiveCfg = Debug|Any CPU
		{C1F7BC7B-144E-4936-A95E-1B713386E130}.Debug|iPhone.Build.0 = Debug|Any CPU
		{C1F7BC7B-144E-4936-A95E-1B713386E130}.Debug|iPhoneSimulator.ActiveCfg = Debug|Any CPU
		{C1F7BC7B-144E-4936-A95E-1B713386E130}.Debug|iPhoneSimulator.Build.0 = Debug|Any CPU
		{C1F7BC7B-144E-4936-A95E-1B713386E130}.Debug|x64.ActiveCfg = Debug|Any CPU
		{C1F7BC7B-144E-4936-A95E-1B713386E130}.Debug|x64.Build.0 = Debug|Any CPU
		{C1F7BC7B-144E-4936-A95E-1B713386E130}.Debug|x86.ActiveCfg = Debug|Any CPU
		{C1F7BC7B-144E-4936-A95E-1B713386E130}.Debug|x86.Build.0 = Debug|Any CPU
		{C1F7BC7B-144E-4936-A95E-1B713386E130}.Release|Any CPU.ActiveCfg = Release|Any CPU
		{C1F7BC7B-144E-4936-A95E-1B713386E130}.Release|Any CPU.Build.0 = Release|Any CPU
		{C1F7BC7B-144E-4936-A95E-1B713386E130}.Release|ARM.ActiveCfg = Release|Any CPU
		{C1F7BC7B-144E-4936-A95E-1B713386E130}.Release|ARM.Build.0 = Release|Any CPU
		{C1F7BC7B-144E-4936-A95E-1B713386E130}.Release|iPhone.ActiveCfg = Release|Any CPU
		{C1F7BC7B-144E-4936-A95E-1B713386E130}.Release|iPhone.Build.0 = Release|Any CPU
		{C1F7BC7B-144E-4936-A95E-1B713386E130}.Release|iPhoneSimulator.ActiveCfg = Release|Any CPU
		{C1F7BC7B-144E-4936-A95E-1B713386E130}.Release|iPhoneSimulator.Build.0 = Release|Any CPU
		{C1F7BC7B-144E-4936-A95E-1B713386E130}.Release|x64.ActiveCfg = Release|Any CPU
		{C1F7BC7B-144E-4936-A95E-1B713386E130}.Release|x64.Build.0 = Release|Any CPU
		{C1F7BC7B-144E-4936-A95E-1B713386E130}.Release|x86.ActiveCfg = Release|Any CPU
		{C1F7BC7B-144E-4936-A95E-1B713386E130}.Release|x86.Build.0 = Release|Any CPU
		{92523E0A-68DF-4CEF-AAB1-7FAE5B166FF6}.Ad-Hoc|Any CPU.ActiveCfg = Release|Any CPU
		{92523E0A-68DF-4CEF-AAB1-7FAE5B166FF6}.Ad-Hoc|Any CPU.Build.0 = Release|Any CPU
		{92523E0A-68DF-4CEF-AAB1-7FAE5B166FF6}.Ad-Hoc|Any CPU.Deploy.0 = Release|Any CPU
		{92523E0A-68DF-4CEF-AAB1-7FAE5B166FF6}.Ad-Hoc|ARM.ActiveCfg = Release|Any CPU
		{92523E0A-68DF-4CEF-AAB1-7FAE5B166FF6}.Ad-Hoc|ARM.Build.0 = Release|Any CPU
		{92523E0A-68DF-4CEF-AAB1-7FAE5B166FF6}.Ad-Hoc|ARM.Deploy.0 = Release|Any CPU
		{92523E0A-68DF-4CEF-AAB1-7FAE5B166FF6}.Ad-Hoc|iPhone.ActiveCfg = Release|Any CPU
		{92523E0A-68DF-4CEF-AAB1-7FAE5B166FF6}.Ad-Hoc|iPhone.Build.0 = Release|Any CPU
		{92523E0A-68DF-4CEF-AAB1-7FAE5B166FF6}.Ad-Hoc|iPhone.Deploy.0 = Release|Any CPU
		{92523E0A-68DF-4CEF-AAB1-7FAE5B166FF6}.Ad-Hoc|iPhoneSimulator.ActiveCfg = Release|Any CPU
		{92523E0A-68DF-4CEF-AAB1-7FAE5B166FF6}.Ad-Hoc|iPhoneSimulator.Build.0 = Release|Any CPU
		{92523E0A-68DF-4CEF-AAB1-7FAE5B166FF6}.Ad-Hoc|iPhoneSimulator.Deploy.0 = Release|Any CPU
		{92523E0A-68DF-4CEF-AAB1-7FAE5B166FF6}.Ad-Hoc|x64.ActiveCfg = Release|Any CPU
		{92523E0A-68DF-4CEF-AAB1-7FAE5B166FF6}.Ad-Hoc|x64.Build.0 = Release|Any CPU
		{92523E0A-68DF-4CEF-AAB1-7FAE5B166FF6}.Ad-Hoc|x64.Deploy.0 = Release|Any CPU
		{92523E0A-68DF-4CEF-AAB1-7FAE5B166FF6}.Ad-Hoc|x86.ActiveCfg = Release|Any CPU
		{92523E0A-68DF-4CEF-AAB1-7FAE5B166FF6}.Ad-Hoc|x86.Build.0 = Release|Any CPU
		{92523E0A-68DF-4CEF-AAB1-7FAE5B166FF6}.Ad-Hoc|x86.Deploy.0 = Release|Any CPU
		{92523E0A-68DF-4CEF-AAB1-7FAE5B166FF6}.AppStore|Any CPU.ActiveCfg = Release|Any CPU
		{92523E0A-68DF-4CEF-AAB1-7FAE5B166FF6}.AppStore|Any CPU.Build.0 = Release|Any CPU
		{92523E0A-68DF-4CEF-AAB1-7FAE5B166FF6}.AppStore|Any CPU.Deploy.0 = Release|Any CPU
		{92523E0A-68DF-4CEF-AAB1-7FAE5B166FF6}.AppStore|ARM.ActiveCfg = Release|Any CPU
		{92523E0A-68DF-4CEF-AAB1-7FAE5B166FF6}.AppStore|ARM.Build.0 = Release|Any CPU
		{92523E0A-68DF-4CEF-AAB1-7FAE5B166FF6}.AppStore|ARM.Deploy.0 = Release|Any CPU
		{92523E0A-68DF-4CEF-AAB1-7FAE5B166FF6}.AppStore|iPhone.ActiveCfg = Release|Any CPU
		{92523E0A-68DF-4CEF-AAB1-7FAE5B166FF6}.AppStore|iPhone.Build.0 = Release|Any CPU
		{92523E0A-68DF-4CEF-AAB1-7FAE5B166FF6}.AppStore|iPhone.Deploy.0 = Release|Any CPU
		{92523E0A-68DF-4CEF-AAB1-7FAE5B166FF6}.AppStore|iPhoneSimulator.ActiveCfg = Release|Any CPU
		{92523E0A-68DF-4CEF-AAB1-7FAE5B166FF6}.AppStore|iPhoneSimulator.Build.0 = Release|Any CPU
		{92523E0A-68DF-4CEF-AAB1-7FAE5B166FF6}.AppStore|iPhoneSimulator.Deploy.0 = Release|Any CPU
		{92523E0A-68DF-4CEF-AAB1-7FAE5B166FF6}.AppStore|x64.ActiveCfg = Release|Any CPU
		{92523E0A-68DF-4CEF-AAB1-7FAE5B166FF6}.AppStore|x64.Build.0 = Release|Any CPU
		{92523E0A-68DF-4CEF-AAB1-7FAE5B166FF6}.AppStore|x64.Deploy.0 = Release|Any CPU
		{92523E0A-68DF-4CEF-AAB1-7FAE5B166FF6}.AppStore|x86.ActiveCfg = Release|Any CPU
		{92523E0A-68DF-4CEF-AAB1-7FAE5B166FF6}.AppStore|x86.Build.0 = Release|Any CPU
		{92523E0A-68DF-4CEF-AAB1-7FAE5B166FF6}.AppStore|x86.Deploy.0 = Release|Any CPU
		{92523E0A-68DF-4CEF-AAB1-7FAE5B166FF6}.Debug|Any CPU.ActiveCfg = Debug|Any CPU
		{92523E0A-68DF-4CEF-AAB1-7FAE5B166FF6}.Debug|Any CPU.Build.0 = Debug|Any CPU
		{92523E0A-68DF-4CEF-AAB1-7FAE5B166FF6}.Debug|Any CPU.Deploy.0 = Debug|Any CPU
		{92523E0A-68DF-4CEF-AAB1-7FAE5B166FF6}.Debug|ARM.ActiveCfg = Debug|Any CPU
		{92523E0A-68DF-4CEF-AAB1-7FAE5B166FF6}.Debug|ARM.Build.0 = Debug|Any CPU
		{92523E0A-68DF-4CEF-AAB1-7FAE5B166FF6}.Debug|ARM.Deploy.0 = Debug|Any CPU
		{92523E0A-68DF-4CEF-AAB1-7FAE5B166FF6}.Debug|iPhone.ActiveCfg = Debug|Any CPU
		{92523E0A-68DF-4CEF-AAB1-7FAE5B166FF6}.Debug|iPhone.Build.0 = Debug|Any CPU
		{92523E0A-68DF-4CEF-AAB1-7FAE5B166FF6}.Debug|iPhone.Deploy.0 = Debug|Any CPU
		{92523E0A-68DF-4CEF-AAB1-7FAE5B166FF6}.Debug|iPhoneSimulator.ActiveCfg = Debug|Any CPU
		{92523E0A-68DF-4CEF-AAB1-7FAE5B166FF6}.Debug|iPhoneSimulator.Build.0 = Debug|Any CPU
		{92523E0A-68DF-4CEF-AAB1-7FAE5B166FF6}.Debug|iPhoneSimulator.Deploy.0 = Debug|Any CPU
		{92523E0A-68DF-4CEF-AAB1-7FAE5B166FF6}.Debug|x64.ActiveCfg = Debug|Any CPU
		{92523E0A-68DF-4CEF-AAB1-7FAE5B166FF6}.Debug|x64.Build.0 = Debug|Any CPU
		{92523E0A-68DF-4CEF-AAB1-7FAE5B166FF6}.Debug|x64.Deploy.0 = Debug|Any CPU
		{92523E0A-68DF-4CEF-AAB1-7FAE5B166FF6}.Debug|x86.ActiveCfg = Debug|Any CPU
		{92523E0A-68DF-4CEF-AAB1-7FAE5B166FF6}.Debug|x86.Build.0 = Debug|Any CPU
		{92523E0A-68DF-4CEF-AAB1-7FAE5B166FF6}.Debug|x86.Deploy.0 = Debug|Any CPU
		{92523E0A-68DF-4CEF-AAB1-7FAE5B166FF6}.Release|Any CPU.ActiveCfg = Release|Any CPU
		{92523E0A-68DF-4CEF-AAB1-7FAE5B166FF6}.Release|Any CPU.Build.0 = Release|Any CPU
		{92523E0A-68DF-4CEF-AAB1-7FAE5B166FF6}.Release|Any CPU.Deploy.0 = Release|Any CPU
		{92523E0A-68DF-4CEF-AAB1-7FAE5B166FF6}.Release|ARM.ActiveCfg = Release|Any CPU
		{92523E0A-68DF-4CEF-AAB1-7FAE5B166FF6}.Release|ARM.Build.0 = Release|Any CPU
		{92523E0A-68DF-4CEF-AAB1-7FAE5B166FF6}.Release|ARM.Deploy.0 = Release|Any CPU
		{92523E0A-68DF-4CEF-AAB1-7FAE5B166FF6}.Release|iPhone.ActiveCfg = Release|Any CPU
		{92523E0A-68DF-4CEF-AAB1-7FAE5B166FF6}.Release|iPhone.Build.0 = Release|Any CPU
		{92523E0A-68DF-4CEF-AAB1-7FAE5B166FF6}.Release|iPhone.Deploy.0 = Release|Any CPU
		{92523E0A-68DF-4CEF-AAB1-7FAE5B166FF6}.Release|iPhoneSimulator.ActiveCfg = Release|Any CPU
		{92523E0A-68DF-4CEF-AAB1-7FAE5B166FF6}.Release|iPhoneSimulator.Build.0 = Release|Any CPU
		{92523E0A-68DF-4CEF-AAB1-7FAE5B166FF6}.Release|iPhoneSimulator.Deploy.0 = Release|Any CPU
		{92523E0A-68DF-4CEF-AAB1-7FAE5B166FF6}.Release|x64.ActiveCfg = Release|Any CPU
		{92523E0A-68DF-4CEF-AAB1-7FAE5B166FF6}.Release|x64.Build.0 = Release|Any CPU
		{92523E0A-68DF-4CEF-AAB1-7FAE5B166FF6}.Release|x64.Deploy.0 = Release|Any CPU
		{92523E0A-68DF-4CEF-AAB1-7FAE5B166FF6}.Release|x86.ActiveCfg = Release|Any CPU
		{92523E0A-68DF-4CEF-AAB1-7FAE5B166FF6}.Release|x86.Build.0 = Release|Any CPU
		{92523E0A-68DF-4CEF-AAB1-7FAE5B166FF6}.Release|x86.Deploy.0 = Release|Any CPU
		{D9DB2A39-ECCA-46EE-A0DA-C97080C9E02E}.Ad-Hoc|Any CPU.ActiveCfg = Release|x86
		{D9DB2A39-ECCA-46EE-A0DA-C97080C9E02E}.Ad-Hoc|Any CPU.Build.0 = Release|x86
		{D9DB2A39-ECCA-46EE-A0DA-C97080C9E02E}.Ad-Hoc|Any CPU.Deploy.0 = Release|x86
		{D9DB2A39-ECCA-46EE-A0DA-C97080C9E02E}.Ad-Hoc|ARM.ActiveCfg = Release|ARM
		{D9DB2A39-ECCA-46EE-A0DA-C97080C9E02E}.Ad-Hoc|ARM.Build.0 = Release|ARM
		{D9DB2A39-ECCA-46EE-A0DA-C97080C9E02E}.Ad-Hoc|ARM.Deploy.0 = Release|ARM
		{D9DB2A39-ECCA-46EE-A0DA-C97080C9E02E}.Ad-Hoc|iPhone.ActiveCfg = Release|x86
		{D9DB2A39-ECCA-46EE-A0DA-C97080C9E02E}.Ad-Hoc|iPhone.Build.0 = Release|x86
		{D9DB2A39-ECCA-46EE-A0DA-C97080C9E02E}.Ad-Hoc|iPhone.Deploy.0 = Release|x86
		{D9DB2A39-ECCA-46EE-A0DA-C97080C9E02E}.Ad-Hoc|iPhoneSimulator.ActiveCfg = Release|x86
		{D9DB2A39-ECCA-46EE-A0DA-C97080C9E02E}.Ad-Hoc|iPhoneSimulator.Build.0 = Release|x86
		{D9DB2A39-ECCA-46EE-A0DA-C97080C9E02E}.Ad-Hoc|iPhoneSimulator.Deploy.0 = Release|x86
		{D9DB2A39-ECCA-46EE-A0DA-C97080C9E02E}.Ad-Hoc|x64.ActiveCfg = Release|x64
		{D9DB2A39-ECCA-46EE-A0DA-C97080C9E02E}.Ad-Hoc|x64.Build.0 = Release|x64
		{D9DB2A39-ECCA-46EE-A0DA-C97080C9E02E}.Ad-Hoc|x64.Deploy.0 = Release|x64
		{D9DB2A39-ECCA-46EE-A0DA-C97080C9E02E}.Ad-Hoc|x86.ActiveCfg = Release|x86
		{D9DB2A39-ECCA-46EE-A0DA-C97080C9E02E}.Ad-Hoc|x86.Build.0 = Release|x86
		{D9DB2A39-ECCA-46EE-A0DA-C97080C9E02E}.Ad-Hoc|x86.Deploy.0 = Release|x86
		{D9DB2A39-ECCA-46EE-A0DA-C97080C9E02E}.AppStore|Any CPU.ActiveCfg = Release|x86
		{D9DB2A39-ECCA-46EE-A0DA-C97080C9E02E}.AppStore|Any CPU.Build.0 = Release|x86
		{D9DB2A39-ECCA-46EE-A0DA-C97080C9E02E}.AppStore|Any CPU.Deploy.0 = Release|x86
		{D9DB2A39-ECCA-46EE-A0DA-C97080C9E02E}.AppStore|ARM.ActiveCfg = Release|ARM
		{D9DB2A39-ECCA-46EE-A0DA-C97080C9E02E}.AppStore|ARM.Build.0 = Release|ARM
		{D9DB2A39-ECCA-46EE-A0DA-C97080C9E02E}.AppStore|ARM.Deploy.0 = Release|ARM
		{D9DB2A39-ECCA-46EE-A0DA-C97080C9E02E}.AppStore|iPhone.ActiveCfg = Release|x86
		{D9DB2A39-ECCA-46EE-A0DA-C97080C9E02E}.AppStore|iPhone.Build.0 = Release|x86
		{D9DB2A39-ECCA-46EE-A0DA-C97080C9E02E}.AppStore|iPhone.Deploy.0 = Release|x86
		{D9DB2A39-ECCA-46EE-A0DA-C97080C9E02E}.AppStore|iPhoneSimulator.ActiveCfg = Release|x86
		{D9DB2A39-ECCA-46EE-A0DA-C97080C9E02E}.AppStore|iPhoneSimulator.Build.0 = Release|x86
		{D9DB2A39-ECCA-46EE-A0DA-C97080C9E02E}.AppStore|iPhoneSimulator.Deploy.0 = Release|x86
		{D9DB2A39-ECCA-46EE-A0DA-C97080C9E02E}.AppStore|x64.ActiveCfg = Release|x64
		{D9DB2A39-ECCA-46EE-A0DA-C97080C9E02E}.AppStore|x64.Build.0 = Release|x64
		{D9DB2A39-ECCA-46EE-A0DA-C97080C9E02E}.AppStore|x64.Deploy.0 = Release|x64
		{D9DB2A39-ECCA-46EE-A0DA-C97080C9E02E}.AppStore|x86.ActiveCfg = Release|x86
		{D9DB2A39-ECCA-46EE-A0DA-C97080C9E02E}.AppStore|x86.Build.0 = Release|x86
		{D9DB2A39-ECCA-46EE-A0DA-C97080C9E02E}.AppStore|x86.Deploy.0 = Release|x86
		{D9DB2A39-ECCA-46EE-A0DA-C97080C9E02E}.Debug|Any CPU.ActiveCfg = Debug|x86
		{D9DB2A39-ECCA-46EE-A0DA-C97080C9E02E}.Debug|ARM.ActiveCfg = Debug|ARM
		{D9DB2A39-ECCA-46EE-A0DA-C97080C9E02E}.Debug|ARM.Build.0 = Debug|ARM
		{D9DB2A39-ECCA-46EE-A0DA-C97080C9E02E}.Debug|ARM.Deploy.0 = Debug|ARM
		{D9DB2A39-ECCA-46EE-A0DA-C97080C9E02E}.Debug|iPhone.ActiveCfg = Debug|x86
		{D9DB2A39-ECCA-46EE-A0DA-C97080C9E02E}.Debug|iPhoneSimulator.ActiveCfg = Debug|x86
		{D9DB2A39-ECCA-46EE-A0DA-C97080C9E02E}.Debug|x64.ActiveCfg = Debug|x64
		{D9DB2A39-ECCA-46EE-A0DA-C97080C9E02E}.Debug|x64.Build.0 = Debug|x64
		{D9DB2A39-ECCA-46EE-A0DA-C97080C9E02E}.Debug|x64.Deploy.0 = Debug|x64
		{D9DB2A39-ECCA-46EE-A0DA-C97080C9E02E}.Debug|x86.ActiveCfg = Debug|x86
		{D9DB2A39-ECCA-46EE-A0DA-C97080C9E02E}.Debug|x86.Build.0 = Debug|x86
		{D9DB2A39-ECCA-46EE-A0DA-C97080C9E02E}.Debug|x86.Deploy.0 = Debug|x86
		{D9DB2A39-ECCA-46EE-A0DA-C97080C9E02E}.Release|Any CPU.ActiveCfg = Release|x86
		{D9DB2A39-ECCA-46EE-A0DA-C97080C9E02E}.Release|ARM.ActiveCfg = Release|ARM
		{D9DB2A39-ECCA-46EE-A0DA-C97080C9E02E}.Release|ARM.Build.0 = Release|ARM
		{D9DB2A39-ECCA-46EE-A0DA-C97080C9E02E}.Release|ARM.Deploy.0 = Release|ARM
		{D9DB2A39-ECCA-46EE-A0DA-C97080C9E02E}.Release|iPhone.ActiveCfg = Release|x86
		{D9DB2A39-ECCA-46EE-A0DA-C97080C9E02E}.Release|iPhoneSimulator.ActiveCfg = Release|x86
		{D9DB2A39-ECCA-46EE-A0DA-C97080C9E02E}.Release|x64.ActiveCfg = Release|x64
		{D9DB2A39-ECCA-46EE-A0DA-C97080C9E02E}.Release|x64.Build.0 = Release|x64
		{D9DB2A39-ECCA-46EE-A0DA-C97080C9E02E}.Release|x64.Deploy.0 = Release|x64
		{D9DB2A39-ECCA-46EE-A0DA-C97080C9E02E}.Release|x86.ActiveCfg = Release|x86
		{D9DB2A39-ECCA-46EE-A0DA-C97080C9E02E}.Release|x86.Build.0 = Release|x86
		{D9DB2A39-ECCA-46EE-A0DA-C97080C9E02E}.Release|x86.Deploy.0 = Release|x86
		{644C1088-7AD1-4190-A2EE-CE7BD4D65604}.Ad-Hoc|Any CPU.ActiveCfg = Release|Any CPU
		{644C1088-7AD1-4190-A2EE-CE7BD4D65604}.Ad-Hoc|Any CPU.Build.0 = Release|Any CPU
		{644C1088-7AD1-4190-A2EE-CE7BD4D65604}.Ad-Hoc|ARM.ActiveCfg = Release|Any CPU
		{644C1088-7AD1-4190-A2EE-CE7BD4D65604}.Ad-Hoc|ARM.Build.0 = Release|Any CPU
		{644C1088-7AD1-4190-A2EE-CE7BD4D65604}.Ad-Hoc|iPhone.ActiveCfg = Release|Any CPU
		{644C1088-7AD1-4190-A2EE-CE7BD4D65604}.Ad-Hoc|iPhone.Build.0 = Release|Any CPU
		{644C1088-7AD1-4190-A2EE-CE7BD4D65604}.Ad-Hoc|iPhoneSimulator.ActiveCfg = Release|Any CPU
		{644C1088-7AD1-4190-A2EE-CE7BD4D65604}.Ad-Hoc|iPhoneSimulator.Build.0 = Release|Any CPU
		{644C1088-7AD1-4190-A2EE-CE7BD4D65604}.Ad-Hoc|x64.ActiveCfg = Release|Any CPU
		{644C1088-7AD1-4190-A2EE-CE7BD4D65604}.Ad-Hoc|x64.Build.0 = Release|Any CPU
		{644C1088-7AD1-4190-A2EE-CE7BD4D65604}.Ad-Hoc|x86.ActiveCfg = Release|Any CPU
		{644C1088-7AD1-4190-A2EE-CE7BD4D65604}.Ad-Hoc|x86.Build.0 = Release|Any CPU
		{644C1088-7AD1-4190-A2EE-CE7BD4D65604}.AppStore|Any CPU.ActiveCfg = Release|Any CPU
		{644C1088-7AD1-4190-A2EE-CE7BD4D65604}.AppStore|Any CPU.Build.0 = Release|Any CPU
		{644C1088-7AD1-4190-A2EE-CE7BD4D65604}.AppStore|ARM.ActiveCfg = Release|Any CPU
		{644C1088-7AD1-4190-A2EE-CE7BD4D65604}.AppStore|ARM.Build.0 = Release|Any CPU
		{644C1088-7AD1-4190-A2EE-CE7BD4D65604}.AppStore|iPhone.ActiveCfg = Release|Any CPU
		{644C1088-7AD1-4190-A2EE-CE7BD4D65604}.AppStore|iPhone.Build.0 = Release|Any CPU
		{644C1088-7AD1-4190-A2EE-CE7BD4D65604}.AppStore|iPhoneSimulator.ActiveCfg = Release|Any CPU
		{644C1088-7AD1-4190-A2EE-CE7BD4D65604}.AppStore|iPhoneSimulator.Build.0 = Release|Any CPU
		{644C1088-7AD1-4190-A2EE-CE7BD4D65604}.AppStore|x64.ActiveCfg = Release|Any CPU
		{644C1088-7AD1-4190-A2EE-CE7BD4D65604}.AppStore|x64.Build.0 = Release|Any CPU
		{644C1088-7AD1-4190-A2EE-CE7BD4D65604}.AppStore|x86.ActiveCfg = Release|Any CPU
		{644C1088-7AD1-4190-A2EE-CE7BD4D65604}.AppStore|x86.Build.0 = Release|Any CPU
		{644C1088-7AD1-4190-A2EE-CE7BD4D65604}.Debug|Any CPU.ActiveCfg = Debug|Any CPU
		{644C1088-7AD1-4190-A2EE-CE7BD4D65604}.Debug|Any CPU.Build.0 = Debug|Any CPU
		{644C1088-7AD1-4190-A2EE-CE7BD4D65604}.Debug|ARM.ActiveCfg = Debug|Any CPU
		{644C1088-7AD1-4190-A2EE-CE7BD4D65604}.Debug|ARM.Build.0 = Debug|Any CPU
		{644C1088-7AD1-4190-A2EE-CE7BD4D65604}.Debug|iPhone.ActiveCfg = Debug|Any CPU
		{644C1088-7AD1-4190-A2EE-CE7BD4D65604}.Debug|iPhone.Build.0 = Debug|Any CPU
		{644C1088-7AD1-4190-A2EE-CE7BD4D65604}.Debug|iPhoneSimulator.ActiveCfg = Debug|Any CPU
		{644C1088-7AD1-4190-A2EE-CE7BD4D65604}.Debug|iPhoneSimulator.Build.0 = Debug|Any CPU
		{644C1088-7AD1-4190-A2EE-CE7BD4D65604}.Debug|x64.ActiveCfg = Debug|Any CPU
		{644C1088-7AD1-4190-A2EE-CE7BD4D65604}.Debug|x64.Build.0 = Debug|Any CPU
		{644C1088-7AD1-4190-A2EE-CE7BD4D65604}.Debug|x86.ActiveCfg = Debug|Any CPU
		{644C1088-7AD1-4190-A2EE-CE7BD4D65604}.Debug|x86.Build.0 = Debug|Any CPU
		{644C1088-7AD1-4190-A2EE-CE7BD4D65604}.Release|Any CPU.ActiveCfg = Release|Any CPU
		{644C1088-7AD1-4190-A2EE-CE7BD4D65604}.Release|Any CPU.Build.0 = Release|Any CPU
		{644C1088-7AD1-4190-A2EE-CE7BD4D65604}.Release|ARM.ActiveCfg = Release|Any CPU
		{644C1088-7AD1-4190-A2EE-CE7BD4D65604}.Release|ARM.Build.0 = Release|Any CPU
		{644C1088-7AD1-4190-A2EE-CE7BD4D65604}.Release|iPhone.ActiveCfg = Release|Any CPU
		{644C1088-7AD1-4190-A2EE-CE7BD4D65604}.Release|iPhone.Build.0 = Release|Any CPU
		{644C1088-7AD1-4190-A2EE-CE7BD4D65604}.Release|iPhoneSimulator.ActiveCfg = Release|Any CPU
		{644C1088-7AD1-4190-A2EE-CE7BD4D65604}.Release|iPhoneSimulator.Build.0 = Release|Any CPU
		{644C1088-7AD1-4190-A2EE-CE7BD4D65604}.Release|x64.ActiveCfg = Release|Any CPU
		{644C1088-7AD1-4190-A2EE-CE7BD4D65604}.Release|x64.Build.0 = Release|Any CPU
		{644C1088-7AD1-4190-A2EE-CE7BD4D65604}.Release|x86.ActiveCfg = Release|Any CPU
		{644C1088-7AD1-4190-A2EE-CE7BD4D65604}.Release|x86.Build.0 = Release|Any CPU
		{6C38E7B8-F6A2-49A4-8294-3E5D6987CEFD}.Ad-Hoc|Any CPU.ActiveCfg = Release|Any CPU
		{6C38E7B8-F6A2-49A4-8294-3E5D6987CEFD}.Ad-Hoc|Any CPU.Build.0 = Release|Any CPU
		{6C38E7B8-F6A2-49A4-8294-3E5D6987CEFD}.Ad-Hoc|Any CPU.Deploy.0 = Release|Any CPU
		{6C38E7B8-F6A2-49A4-8294-3E5D6987CEFD}.Ad-Hoc|ARM.ActiveCfg = Release|Any CPU
		{6C38E7B8-F6A2-49A4-8294-3E5D6987CEFD}.Ad-Hoc|ARM.Build.0 = Release|Any CPU
		{6C38E7B8-F6A2-49A4-8294-3E5D6987CEFD}.Ad-Hoc|ARM.Deploy.0 = Release|Any CPU
		{6C38E7B8-F6A2-49A4-8294-3E5D6987CEFD}.Ad-Hoc|iPhone.ActiveCfg = Release|Any CPU
		{6C38E7B8-F6A2-49A4-8294-3E5D6987CEFD}.Ad-Hoc|iPhone.Build.0 = Release|Any CPU
		{6C38E7B8-F6A2-49A4-8294-3E5D6987CEFD}.Ad-Hoc|iPhone.Deploy.0 = Release|Any CPU
		{6C38E7B8-F6A2-49A4-8294-3E5D6987CEFD}.Ad-Hoc|iPhoneSimulator.ActiveCfg = Release|Any CPU
		{6C38E7B8-F6A2-49A4-8294-3E5D6987CEFD}.Ad-Hoc|iPhoneSimulator.Build.0 = Release|Any CPU
		{6C38E7B8-F6A2-49A4-8294-3E5D6987CEFD}.Ad-Hoc|iPhoneSimulator.Deploy.0 = Release|Any CPU
		{6C38E7B8-F6A2-49A4-8294-3E5D6987CEFD}.Ad-Hoc|x64.ActiveCfg = Release|Any CPU
		{6C38E7B8-F6A2-49A4-8294-3E5D6987CEFD}.Ad-Hoc|x64.Build.0 = Release|Any CPU
		{6C38E7B8-F6A2-49A4-8294-3E5D6987CEFD}.Ad-Hoc|x64.Deploy.0 = Release|Any CPU
		{6C38E7B8-F6A2-49A4-8294-3E5D6987CEFD}.Ad-Hoc|x86.ActiveCfg = Release|Any CPU
		{6C38E7B8-F6A2-49A4-8294-3E5D6987CEFD}.Ad-Hoc|x86.Build.0 = Release|Any CPU
		{6C38E7B8-F6A2-49A4-8294-3E5D6987CEFD}.Ad-Hoc|x86.Deploy.0 = Release|Any CPU
		{6C38E7B8-F6A2-49A4-8294-3E5D6987CEFD}.AppStore|Any CPU.ActiveCfg = Release|Any CPU
		{6C38E7B8-F6A2-49A4-8294-3E5D6987CEFD}.AppStore|Any CPU.Build.0 = Release|Any CPU
		{6C38E7B8-F6A2-49A4-8294-3E5D6987CEFD}.AppStore|Any CPU.Deploy.0 = Release|Any CPU
		{6C38E7B8-F6A2-49A4-8294-3E5D6987CEFD}.AppStore|ARM.ActiveCfg = Release|Any CPU
		{6C38E7B8-F6A2-49A4-8294-3E5D6987CEFD}.AppStore|ARM.Build.0 = Release|Any CPU
		{6C38E7B8-F6A2-49A4-8294-3E5D6987CEFD}.AppStore|ARM.Deploy.0 = Release|Any CPU
		{6C38E7B8-F6A2-49A4-8294-3E5D6987CEFD}.AppStore|iPhone.ActiveCfg = Release|Any CPU
		{6C38E7B8-F6A2-49A4-8294-3E5D6987CEFD}.AppStore|iPhone.Build.0 = Release|Any CPU
		{6C38E7B8-F6A2-49A4-8294-3E5D6987CEFD}.AppStore|iPhone.Deploy.0 = Release|Any CPU
		{6C38E7B8-F6A2-49A4-8294-3E5D6987CEFD}.AppStore|iPhoneSimulator.ActiveCfg = Release|Any CPU
		{6C38E7B8-F6A2-49A4-8294-3E5D6987CEFD}.AppStore|iPhoneSimulator.Build.0 = Release|Any CPU
		{6C38E7B8-F6A2-49A4-8294-3E5D6987CEFD}.AppStore|iPhoneSimulator.Deploy.0 = Release|Any CPU
		{6C38E7B8-F6A2-49A4-8294-3E5D6987CEFD}.AppStore|x64.ActiveCfg = Release|Any CPU
		{6C38E7B8-F6A2-49A4-8294-3E5D6987CEFD}.AppStore|x64.Build.0 = Release|Any CPU
		{6C38E7B8-F6A2-49A4-8294-3E5D6987CEFD}.AppStore|x64.Deploy.0 = Release|Any CPU
		{6C38E7B8-F6A2-49A4-8294-3E5D6987CEFD}.AppStore|x86.ActiveCfg = Release|Any CPU
		{6C38E7B8-F6A2-49A4-8294-3E5D6987CEFD}.AppStore|x86.Build.0 = Release|Any CPU
		{6C38E7B8-F6A2-49A4-8294-3E5D6987CEFD}.AppStore|x86.Deploy.0 = Release|Any CPU
		{6C38E7B8-F6A2-49A4-8294-3E5D6987CEFD}.Debug|Any CPU.ActiveCfg = Debug|Any CPU
		{6C38E7B8-F6A2-49A4-8294-3E5D6987CEFD}.Debug|Any CPU.Build.0 = Debug|Any CPU
		{6C38E7B8-F6A2-49A4-8294-3E5D6987CEFD}.Debug|Any CPU.Deploy.0 = Debug|Any CPU
		{6C38E7B8-F6A2-49A4-8294-3E5D6987CEFD}.Debug|ARM.ActiveCfg = Debug|Any CPU
		{6C38E7B8-F6A2-49A4-8294-3E5D6987CEFD}.Debug|ARM.Build.0 = Debug|Any CPU
		{6C38E7B8-F6A2-49A4-8294-3E5D6987CEFD}.Debug|ARM.Deploy.0 = Debug|Any CPU
		{6C38E7B8-F6A2-49A4-8294-3E5D6987CEFD}.Debug|iPhone.ActiveCfg = Debug|Any CPU
		{6C38E7B8-F6A2-49A4-8294-3E5D6987CEFD}.Debug|iPhone.Build.0 = Debug|Any CPU
		{6C38E7B8-F6A2-49A4-8294-3E5D6987CEFD}.Debug|iPhone.Deploy.0 = Debug|Any CPU
		{6C38E7B8-F6A2-49A4-8294-3E5D6987CEFD}.Debug|iPhoneSimulator.ActiveCfg = Debug|Any CPU
		{6C38E7B8-F6A2-49A4-8294-3E5D6987CEFD}.Debug|iPhoneSimulator.Build.0 = Debug|Any CPU
		{6C38E7B8-F6A2-49A4-8294-3E5D6987CEFD}.Debug|iPhoneSimulator.Deploy.0 = Debug|Any CPU
		{6C38E7B8-F6A2-49A4-8294-3E5D6987CEFD}.Debug|x64.ActiveCfg = Debug|Any CPU
		{6C38E7B8-F6A2-49A4-8294-3E5D6987CEFD}.Debug|x64.Build.0 = Debug|Any CPU
		{6C38E7B8-F6A2-49A4-8294-3E5D6987CEFD}.Debug|x64.Deploy.0 = Debug|Any CPU
		{6C38E7B8-F6A2-49A4-8294-3E5D6987CEFD}.Debug|x86.ActiveCfg = Debug|Any CPU
		{6C38E7B8-F6A2-49A4-8294-3E5D6987CEFD}.Debug|x86.Build.0 = Debug|Any CPU
		{6C38E7B8-F6A2-49A4-8294-3E5D6987CEFD}.Debug|x86.Deploy.0 = Debug|Any CPU
		{6C38E7B8-F6A2-49A4-8294-3E5D6987CEFD}.Release|Any CPU.ActiveCfg = Release|Any CPU
		{6C38E7B8-F6A2-49A4-8294-3E5D6987CEFD}.Release|Any CPU.Build.0 = Release|Any CPU
		{6C38E7B8-F6A2-49A4-8294-3E5D6987CEFD}.Release|Any CPU.Deploy.0 = Release|Any CPU
		{6C38E7B8-F6A2-49A4-8294-3E5D6987CEFD}.Release|ARM.ActiveCfg = Release|Any CPU
		{6C38E7B8-F6A2-49A4-8294-3E5D6987CEFD}.Release|ARM.Build.0 = Release|Any CPU
		{6C38E7B8-F6A2-49A4-8294-3E5D6987CEFD}.Release|ARM.Deploy.0 = Release|Any CPU
		{6C38E7B8-F6A2-49A4-8294-3E5D6987CEFD}.Release|iPhone.ActiveCfg = Release|Any CPU
		{6C38E7B8-F6A2-49A4-8294-3E5D6987CEFD}.Release|iPhone.Build.0 = Release|Any CPU
		{6C38E7B8-F6A2-49A4-8294-3E5D6987CEFD}.Release|iPhone.Deploy.0 = Release|Any CPU
		{6C38E7B8-F6A2-49A4-8294-3E5D6987CEFD}.Release|iPhoneSimulator.ActiveCfg = Release|Any CPU
		{6C38E7B8-F6A2-49A4-8294-3E5D6987CEFD}.Release|iPhoneSimulator.Build.0 = Release|Any CPU
		{6C38E7B8-F6A2-49A4-8294-3E5D6987CEFD}.Release|iPhoneSimulator.Deploy.0 = Release|Any CPU
		{6C38E7B8-F6A2-49A4-8294-3E5D6987CEFD}.Release|x64.ActiveCfg = Release|Any CPU
		{6C38E7B8-F6A2-49A4-8294-3E5D6987CEFD}.Release|x64.Build.0 = Release|Any CPU
		{6C38E7B8-F6A2-49A4-8294-3E5D6987CEFD}.Release|x64.Deploy.0 = Release|Any CPU
		{6C38E7B8-F6A2-49A4-8294-3E5D6987CEFD}.Release|x86.ActiveCfg = Release|Any CPU
		{6C38E7B8-F6A2-49A4-8294-3E5D6987CEFD}.Release|x86.Build.0 = Release|Any CPU
		{6C38E7B8-F6A2-49A4-8294-3E5D6987CEFD}.Release|x86.Deploy.0 = Release|Any CPU
		{44CBD4F6-C6F5-4CCC-B481-183448801172}.Ad-Hoc|Any CPU.ActiveCfg = Release|x86
		{44CBD4F6-C6F5-4CCC-B481-183448801172}.Ad-Hoc|Any CPU.Build.0 = Release|x86
		{44CBD4F6-C6F5-4CCC-B481-183448801172}.Ad-Hoc|Any CPU.Deploy.0 = Release|x86
		{44CBD4F6-C6F5-4CCC-B481-183448801172}.Ad-Hoc|ARM.ActiveCfg = Release|ARM
		{44CBD4F6-C6F5-4CCC-B481-183448801172}.Ad-Hoc|ARM.Build.0 = Release|ARM
		{44CBD4F6-C6F5-4CCC-B481-183448801172}.Ad-Hoc|ARM.Deploy.0 = Release|ARM
		{44CBD4F6-C6F5-4CCC-B481-183448801172}.Ad-Hoc|iPhone.ActiveCfg = Release|x86
		{44CBD4F6-C6F5-4CCC-B481-183448801172}.Ad-Hoc|iPhone.Build.0 = Release|x86
		{44CBD4F6-C6F5-4CCC-B481-183448801172}.Ad-Hoc|iPhone.Deploy.0 = Release|x86
		{44CBD4F6-C6F5-4CCC-B481-183448801172}.Ad-Hoc|iPhoneSimulator.ActiveCfg = Release|x86
		{44CBD4F6-C6F5-4CCC-B481-183448801172}.Ad-Hoc|iPhoneSimulator.Build.0 = Release|x86
		{44CBD4F6-C6F5-4CCC-B481-183448801172}.Ad-Hoc|iPhoneSimulator.Deploy.0 = Release|x86
		{44CBD4F6-C6F5-4CCC-B481-183448801172}.Ad-Hoc|x64.ActiveCfg = Release|x64
		{44CBD4F6-C6F5-4CCC-B481-183448801172}.Ad-Hoc|x64.Build.0 = Release|x64
		{44CBD4F6-C6F5-4CCC-B481-183448801172}.Ad-Hoc|x64.Deploy.0 = Release|x64
		{44CBD4F6-C6F5-4CCC-B481-183448801172}.Ad-Hoc|x86.ActiveCfg = Release|x86
		{44CBD4F6-C6F5-4CCC-B481-183448801172}.Ad-Hoc|x86.Build.0 = Release|x86
		{44CBD4F6-C6F5-4CCC-B481-183448801172}.Ad-Hoc|x86.Deploy.0 = Release|x86
		{44CBD4F6-C6F5-4CCC-B481-183448801172}.AppStore|Any CPU.ActiveCfg = Release|x86
		{44CBD4F6-C6F5-4CCC-B481-183448801172}.AppStore|Any CPU.Build.0 = Release|x86
		{44CBD4F6-C6F5-4CCC-B481-183448801172}.AppStore|Any CPU.Deploy.0 = Release|x86
		{44CBD4F6-C6F5-4CCC-B481-183448801172}.AppStore|ARM.ActiveCfg = Release|ARM
		{44CBD4F6-C6F5-4CCC-B481-183448801172}.AppStore|ARM.Build.0 = Release|ARM
		{44CBD4F6-C6F5-4CCC-B481-183448801172}.AppStore|ARM.Deploy.0 = Release|ARM
		{44CBD4F6-C6F5-4CCC-B481-183448801172}.AppStore|iPhone.ActiveCfg = Release|x86
		{44CBD4F6-C6F5-4CCC-B481-183448801172}.AppStore|iPhone.Build.0 = Release|x86
		{44CBD4F6-C6F5-4CCC-B481-183448801172}.AppStore|iPhone.Deploy.0 = Release|x86
		{44CBD4F6-C6F5-4CCC-B481-183448801172}.AppStore|iPhoneSimulator.ActiveCfg = Release|x86
		{44CBD4F6-C6F5-4CCC-B481-183448801172}.AppStore|iPhoneSimulator.Build.0 = Release|x86
		{44CBD4F6-C6F5-4CCC-B481-183448801172}.AppStore|iPhoneSimulator.Deploy.0 = Release|x86
		{44CBD4F6-C6F5-4CCC-B481-183448801172}.AppStore|x64.ActiveCfg = Release|x64
		{44CBD4F6-C6F5-4CCC-B481-183448801172}.AppStore|x64.Build.0 = Release|x64
		{44CBD4F6-C6F5-4CCC-B481-183448801172}.AppStore|x64.Deploy.0 = Release|x64
		{44CBD4F6-C6F5-4CCC-B481-183448801172}.AppStore|x86.ActiveCfg = Release|x86
		{44CBD4F6-C6F5-4CCC-B481-183448801172}.AppStore|x86.Build.0 = Release|x86
		{44CBD4F6-C6F5-4CCC-B481-183448801172}.AppStore|x86.Deploy.0 = Release|x86
		{44CBD4F6-C6F5-4CCC-B481-183448801172}.Debug|Any CPU.ActiveCfg = Debug|x86
		{44CBD4F6-C6F5-4CCC-B481-183448801172}.Debug|ARM.ActiveCfg = Debug|ARM
		{44CBD4F6-C6F5-4CCC-B481-183448801172}.Debug|ARM.Build.0 = Debug|ARM
		{44CBD4F6-C6F5-4CCC-B481-183448801172}.Debug|ARM.Deploy.0 = Debug|ARM
		{44CBD4F6-C6F5-4CCC-B481-183448801172}.Debug|iPhone.ActiveCfg = Debug|x86
		{44CBD4F6-C6F5-4CCC-B481-183448801172}.Debug|iPhoneSimulator.ActiveCfg = Debug|x86
		{44CBD4F6-C6F5-4CCC-B481-183448801172}.Debug|x64.ActiveCfg = Debug|x64
		{44CBD4F6-C6F5-4CCC-B481-183448801172}.Debug|x64.Build.0 = Debug|x64
		{44CBD4F6-C6F5-4CCC-B481-183448801172}.Debug|x64.Deploy.0 = Debug|x64
		{44CBD4F6-C6F5-4CCC-B481-183448801172}.Debug|x86.ActiveCfg = Debug|x86
		{44CBD4F6-C6F5-4CCC-B481-183448801172}.Debug|x86.Build.0 = Debug|x86
		{44CBD4F6-C6F5-4CCC-B481-183448801172}.Debug|x86.Deploy.0 = Debug|x86
		{44CBD4F6-C6F5-4CCC-B481-183448801172}.Release|Any CPU.ActiveCfg = Release|x86
		{44CBD4F6-C6F5-4CCC-B481-183448801172}.Release|ARM.ActiveCfg = Release|ARM
		{44CBD4F6-C6F5-4CCC-B481-183448801172}.Release|ARM.Build.0 = Release|ARM
		{44CBD4F6-C6F5-4CCC-B481-183448801172}.Release|ARM.Deploy.0 = Release|ARM
		{44CBD4F6-C6F5-4CCC-B481-183448801172}.Release|iPhone.ActiveCfg = Release|x86
		{44CBD4F6-C6F5-4CCC-B481-183448801172}.Release|iPhoneSimulator.ActiveCfg = Release|x86
		{44CBD4F6-C6F5-4CCC-B481-183448801172}.Release|x64.ActiveCfg = Release|x64
		{44CBD4F6-C6F5-4CCC-B481-183448801172}.Release|x64.Build.0 = Release|x64
		{44CBD4F6-C6F5-4CCC-B481-183448801172}.Release|x64.Deploy.0 = Release|x64
		{44CBD4F6-C6F5-4CCC-B481-183448801172}.Release|x86.ActiveCfg = Release|x86
		{44CBD4F6-C6F5-4CCC-B481-183448801172}.Release|x86.Build.0 = Release|x86
		{44CBD4F6-C6F5-4CCC-B481-183448801172}.Release|x86.Deploy.0 = Release|x86
	EndGlobalSection
	GlobalSection(SolutionProperties) = preSolution
		HideSolutionNode = FALSE
	EndGlobalSection
	GlobalSection(NestedProjects) = preSolution
		{C1F7BC7B-144E-4936-A95E-1B713386E130} = {2E4590AA-B4EA-4796-AA12-C160ABBEA70E}
		{92523E0A-68DF-4CEF-AAB1-7FAE5B166FF6} = {2E4590AA-B4EA-4796-AA12-C160ABBEA70E}
		{D9DB2A39-ECCA-46EE-A0DA-C97080C9E02E} = {2E4590AA-B4EA-4796-AA12-C160ABBEA70E}
		{644C1088-7AD1-4190-A2EE-CE7BD4D65604} = {8D748A46-BF66-4156-850E-050AD5FB0C9B}
		{6C38E7B8-F6A2-49A4-8294-3E5D6987CEFD} = {8D748A46-BF66-4156-850E-050AD5FB0C9B}
		{44CBD4F6-C6F5-4CCC-B481-183448801172} = {8D748A46-BF66-4156-850E-050AD5FB0C9B}
	EndGlobalSection
EndGlobal
