
Microsoft Visual Studio Solution File, Format Version 12.00
# Visual Studio 14
VisualStudioVersion = 14.0.25420.1
MinimumVisualStudioVersion = 10.0.40219.1
Project("{2150E333-8FDC-42A3-9474-1A3956D46DE8}") = "Step 1 (Xamarin Forms)", "Step 1 (Xamarin Forms)", "{2E4590AA-B4EA-4796-AA12-C160ABBEA70E}"
EndProject
Project("{2150E333-8FDC-42A3-9474-1A3956D46DE8}") = "Step 2 (Platform Specific Services)", "Step 2 (Platform Specific Services)", "{8D748A46-BF66-4156-850E-050AD5FB0C9B}"
EndProject
Project("{FAE04EC0-301F-11D3-BF4B-00C04F79EFBC}") = "Step1", "Step1\Step1\Step1.csproj", "{C1F7BC7B-144E-4936-A95E-1B713386E130}"
EndProject
Project("{FAE04EC0-301F-11D3-BF4B-00C04F79EFBC}") = "Step1.Droid", "Step1\Step1.Droid\Step1.Droid.csproj", "{92523E0A-68DF-4CEF-AAB1-7FAE5B166FF6}"
EndProject
Project("{FAE04EC0-301F-11D3-BF4B-00C04F79EFBC}") = "Step1.UWP", "Step1\Step1.UWP\Step1.UWP.csproj", "{D9DB2A39-ECCA-46EE-A0DA-C97080C9E02E}"
EndProject
Project("{FAE04EC0-301F-11D3-BF4B-00C04F79EFBC}") = "Step2", "Step2\Step2\Step2.csproj", "{644C1088-7AD1-4190-A2EE-CE7BD4D65604}"
EndProject
Project("{FAE04EC0-301F-11D3-BF4B-00C04F79EFBC}") = "Step2.Droid", "Step2\Step2.Droid\Step2.Droid.csproj", "{6C38E7B8-F6A2-49A4-8294-3E5D6987CEFD}"
EndProject
Project("{FAE04EC0-301F-11D3-BF4B-00C04F79EFBC}") = "Step2.UWP", "Step2\Step2.UWP\Step2.UWP.csproj", "{44CBD4F6-C6F5-4CCC-B481-183448801172}"
EndProject
Project("{D954291E-2A0B-460D-934E-DC6B0785DB48}") = "Step3", "Step3\Step3\Step3.shproj", "{134C9DEC-15D6-4822-AD48-C01E908171DE}"
EndProject
Project("{FAE04EC0-301F-11D3-BF4B-00C04F79EFBC}") = "Step3.Droid", "Step3\Step3.Droid\Step3.Droid.csproj", "{6584FF00-7B84-4CE0-BD80-8FD7C40FB4BE}"
EndProject
Project("{FAE04EC0-301F-11D3-BF4B-00C04F79EFBC}") = "Step3.UWP", "Step3\Step3.UWP\Step3.UWP.csproj", "{23973170-72A4-4D48-9F0D-015605D71BD6}"
EndProject
Project("{2150E333-8FDC-42A3-9474-1A3956D46DE8}") = "Step 3 (Native Embedding)", "Step 3 (Native Embedding)", "{27D84A97-FD97-4062-9A06-461557F323D5}"
EndProject
Project("{2150E333-8FDC-42A3-9474-1A3956D46DE8}") = "Step 4 (Native Views)", "Step 4 (Native Views)", "{980778C3-3930-445A-A1A3-D0E11B28938A}"
EndProject
Project("{FAE04EC0-301F-11D3-BF4B-00C04F79EFBC}") = "Step4", "Step4\Step4\Step4.csproj", "{F6FAC96C-1B78-4856-AD02-CF6B6081C984}"
EndProject
Project("{FAE04EC0-301F-11D3-BF4B-00C04F79EFBC}") = "Step4.Droid", "Step4\Step4.Droid\Step4.Droid.csproj", "{0C0E4C99-9CB8-42A9-8322-CD22FBBF24D6}"
EndProject
Project("{FAE04EC0-301F-11D3-BF4B-00C04F79EFBC}") = "Step4.UWP", "Step4\Step4.UWP\Step4.UWP.csproj", "{C4A48696-A184-455C-9C87-3C1671F5A9A1}"
EndProject
Global
	GlobalSection(SharedMSBuildProjectFiles) = preSolution
		Step3\Step3\Step3.projitems*{134c9dec-15d6-4822-ad48-c01e908171de}*SharedItemsImports = 13
		Step3\Step3\Step3.projitems*{23973170-72a4-4d48-9f0d-015605d71bd6}*SharedItemsImports = 4
		Step3\Step3\Step3.projitems*{6584ff00-7b84-4ce0-bd80-8fd7c40fb4be}*SharedItemsImports = 4
	EndGlobalSection
	GlobalSection(SolutionConfigurationPlatforms) = preSolution
		Ad-Hoc|Any CPU = Ad-Hoc|Any CPU
		Ad-Hoc|ARM = Ad-Hoc|ARM
		Ad-Hoc|iPhone = Ad-Hoc|iPhone
		Ad-Hoc|iPhoneSimulator = Ad-Hoc|iPhoneSimulator
		Ad-Hoc|x64 = Ad-Hoc|x64
		Ad-Hoc|x86 = Ad-Hoc|x86
		AppStore|Any CPU = AppStore|Any CPU
		AppStore|ARM = AppStore|ARM
		AppStore|iPhone = AppStore|iPhone
		AppStore|iPhoneSimulator = AppStore|iPhoneSimulator
		AppStore|x64 = AppStore|x64
		AppStore|x86 = AppStore|x86
		Debug|Any CPU = Debug|Any CPU
		Debug|ARM = Debug|ARM
		Debug|iPhone = Debug|iPhone
		Debug|iPhoneSimulator = Debug|iPhoneSimulator
		Debug|x64 = Debug|x64
		Debug|x86 = Debug|x86
		Release|Any CPU = Release|Any CPU
		Release|ARM = Release|ARM
		Release|iPhone = Release|iPhone
		Release|iPhoneSimulator = Release|iPhoneSimulator
		Release|x64 = Release|x64
		Release|x86 = Release|x86
	EndGlobalSection
	GlobalSection(ProjectConfigurationPlatforms) = postSolution
		{C1F7BC7B-144E-4936-A95E-1B713386E130}.Ad-Hoc|Any CPU.ActiveCfg = Release|Any CPU
		{C1F7BC7B-144E-4936-A95E-1B713386E130}.Ad-Hoc|Any CPU.Build.0 = Release|Any CPU
		{C1F7BC7B-144E-4936-A95E-1B713386E130}.Ad-Hoc|ARM.ActiveCfg = Release|Any CPU
		{C1F7BC7B-144E-4936-A95E-1B713386E130}.Ad-Hoc|ARM.Build.0 = Release|Any CPU
		{C1F7BC7B-144E-4936-A95E-1B713386E130}.Ad-Hoc|iPhone.ActiveCfg = Release|Any CPU
		{C1F7BC7B-144E-4936-A95E-1B713386E130}.Ad-Hoc|iPhone.Build.0 = Release|Any CPU
		{C1F7BC7B-144E-4936-A95E-1B713386E130}.Ad-Hoc|iPhoneSimulator.ActiveCfg = Release|Any CPU
		{C1F7BC7B-144E-4936-A95E-1B713386E130}.Ad-Hoc|iPhoneSimulator.Build.0 = Release|Any CPU
		{C1F7BC7B-144E-4936-A95E-1B713386E130}.Ad-Hoc|x64.ActiveCfg = Release|Any CPU
		{C1F7BC7B-144E-4936-A95E-1B713386E130}.Ad-Hoc|x64.Build.0 = Release|Any CPU
		{C1F7BC7B-144E-4936-A95E-1B713386E130}.Ad-Hoc|x86.ActiveCfg = Release|Any CPU
		{C1F7BC7B-144E-4936-A95E-1B713386E130}.Ad-Hoc|x86.Build.0 = Release|Any CPU
		{C1F7BC7B-144E-4936-A95E-1B713386E130}.AppStore|Any CPU.ActiveCfg = Release|Any CPU
		{C1F7BC7B-144E-4936-A95E-1B713386E130}.AppStore|Any CPU.Build.0 = Release|Any CPU
		{C1F7BC7B-144E-4936-A95E-1B713386E130}.AppStore|ARM.ActiveCfg = Release|Any CPU
		{C1F7BC7B-144E-4936-A95E-1B713386E130}.AppStore|ARM.Build.0 = Release|Any CPU
		{C1F7BC7B-144E-4936-A95E-1B713386E130}.AppStore|iPhone.ActiveCfg = Release|Any CPU
		{C1F7BC7B-144E-4936-A95E-1B713386E130}.AppStore|iPhone.Build.0 = Release|Any CPU
		{C1F7BC7B-144E-4936-A95E-1B713386E130}.AppStore|iPhoneSimulator.ActiveCfg = Release|Any CPU
		{C1F7BC7B-144E-4936-A95E-1B713386E130}.AppStore|iPhoneSimulator.Build.0 = Release|Any CPU
		{C1F7BC7B-144E-4936-A95E-1B713386E130}.AppStore|x64.ActiveCfg = Release|Any CPU
		{C1F7BC7B-144E-4936-A95E-1B713386E130}.AppStore|x64.Build.0 = Release|Any CPU
		{C1F7BC7B-144E-4936-A95E-1B713386E130}.AppStore|x86.ActiveCfg = Release|Any CPU
		{C1F7BC7B-144E-4936-A95E-1B713386E130}.AppStore|x86.Build.0 = Release|Any CPU
		{C1F7BC7B-144E-4936-A95E-1B713386E130}.Debug|Any CPU.ActiveCfg = Debug|Any CPU
		{C1F7BC7B-144E-4936-A95E-1B713386E130}.Debug|Any CPU.Build.0 = Debug|Any CPU
		{C1F7BC7B-144E-4936-A95E-1B713386E130}.Debug|ARM.ActiveCfg = Debug|Any CPU
		{C1F7BC7B-144E-4936-A95E-1B713386E130}.Debug|ARM.Build.0 = Debug|Any CPU
		{C1F7BC7B-144E-4936-A95E-1B713386E130}.Debug|iPhone.ActiveCfg = Debug|Any CPU
		{C1F7BC7B-144E-4936-A95E-1B713386E130}.Debug|iPhone.Build.0 = Debug|Any CPU
		{C1F7BC7B-144E-4936-A95E-1B713386E130}.Debug|iPhoneSimulator.ActiveCfg = Debug|Any CPU
		{C1F7BC7B-144E-4936-A95E-1B713386E130}.Debug|iPhoneSimulator.Build.0 = Debug|Any CPU
		{C1F7BC7B-144E-4936-A95E-1B713386E130}.Debug|x64.ActiveCfg = Debug|Any CPU
		{C1F7BC7B-144E-4936-A95E-1B713386E130}.Debug|x64.Build.0 = Debug|Any CPU
		{C1F7BC7B-144E-4936-A95E-1B713386E130}.Debug|x86.ActiveCfg = Debug|Any CPU
		{C1F7BC7B-144E-4936-A95E-1B713386E130}.Debug|x86.Build.0 = Debug|Any CPU
		{C1F7BC7B-144E-4936-A95E-1B713386E130}.Release|Any CPU.ActiveCfg = Release|Any CPU
		{C1F7BC7B-144E-4936-A95E-1B713386E130}.Release|Any CPU.Build.0 = Release|Any CPU
		{C1F7BC7B-144E-4936-A95E-1B713386E130}.Release|ARM.ActiveCfg = Release|Any CPU
		{C1F7BC7B-144E-4936-A95E-1B713386E130}.Release|ARM.Build.0 = Release|Any CPU
		{C1F7BC7B-144E-4936-A95E-1B713386E130}.Release|iPhone.ActiveCfg = Release|Any CPU
		{C1F7BC7B-144E-4936-A95E-1B713386E130}.Release|iPhone.Build.0 = Release|Any CPU
		{C1F7BC7B-144E-4936-A95E-1B713386E130}.Release|iPhoneSimulator.ActiveCfg = Release|Any CPU
		{C1F7BC7B-144E-4936-A95E-1B713386E130}.Release|iPhoneSimulator.Build.0 = Release|Any CPU
		{C1F7BC7B-144E-4936-A95E-1B713386E130}.Release|x64.ActiveCfg = Release|Any CPU
		{C1F7BC7B-144E-4936-A95E-1B713386E130}.Release|x64.Build.0 = Release|Any CPU
		{C1F7BC7B-144E-4936-A95E-1B713386E130}.Release|x86.ActiveCfg = Release|Any CPU
		{C1F7BC7B-144E-4936-A95E-1B713386E130}.Release|x86.Build.0 = Release|Any CPU
		{92523E0A-68DF-4CEF-AAB1-7FAE5B166FF6}.Ad-Hoc|Any CPU.ActiveCfg = Release|Any CPU
		{92523E0A-68DF-4CEF-AAB1-7FAE5B166FF6}.Ad-Hoc|Any CPU.Build.0 = Release|Any CPU
		{92523E0A-68DF-4CEF-AAB1-7FAE5B166FF6}.Ad-Hoc|Any CPU.Deploy.0 = Release|Any CPU
		{92523E0A-68DF-4CEF-AAB1-7FAE5B166FF6}.Ad-Hoc|ARM.ActiveCfg = Release|Any CPU
		{92523E0A-68DF-4CEF-AAB1-7FAE5B166FF6}.Ad-Hoc|ARM.Build.0 = Release|Any CPU
		{92523E0A-68DF-4CEF-AAB1-7FAE5B166FF6}.Ad-Hoc|ARM.Deploy.0 = Release|Any CPU
		{92523E0A-68DF-4CEF-AAB1-7FAE5B166FF6}.Ad-Hoc|iPhone.ActiveCfg = Release|Any CPU
		{92523E0A-68DF-4CEF-AAB1-7FAE5B166FF6}.Ad-Hoc|iPhone.Build.0 = Release|Any CPU
		{92523E0A-68DF-4CEF-AAB1-7FAE5B166FF6}.Ad-Hoc|iPhone.Deploy.0 = Release|Any CPU
		{92523E0A-68DF-4CEF-AAB1-7FAE5B166FF6}.Ad-Hoc|iPhoneSimulator.ActiveCfg = Release|Any CPU
		{92523E0A-68DF-4CEF-AAB1-7FAE5B166FF6}.Ad-Hoc|iPhoneSimulator.Build.0 = Release|Any CPU
		{92523E0A-68DF-4CEF-AAB1-7FAE5B166FF6}.Ad-Hoc|iPhoneSimulator.Deploy.0 = Release|Any CPU
		{92523E0A-68DF-4CEF-AAB1-7FAE5B166FF6}.Ad-Hoc|x64.ActiveCfg = Release|Any CPU
		{92523E0A-68DF-4CEF-AAB1-7FAE5B166FF6}.Ad-Hoc|x64.Build.0 = Release|Any CPU
		{92523E0A-68DF-4CEF-AAB1-7FAE5B166FF6}.Ad-Hoc|x64.Deploy.0 = Release|Any CPU
		{92523E0A-68DF-4CEF-AAB1-7FAE5B166FF6}.Ad-Hoc|x86.ActiveCfg = Release|Any CPU
		{92523E0A-68DF-4CEF-AAB1-7FAE5B166FF6}.Ad-Hoc|x86.Build.0 = Release|Any CPU
		{92523E0A-68DF-4CEF-AAB1-7FAE5B166FF6}.Ad-Hoc|x86.Deploy.0 = Release|Any CPU
		{92523E0A-68DF-4CEF-AAB1-7FAE5B166FF6}.AppStore|Any CPU.ActiveCfg = Release|Any CPU
		{92523E0A-68DF-4CEF-AAB1-7FAE5B166FF6}.AppStore|Any CPU.Build.0 = Release|Any CPU
		{92523E0A-68DF-4CEF-AAB1-7FAE5B166FF6}.AppStore|Any CPU.Deploy.0 = Release|Any CPU
		{92523E0A-68DF-4CEF-AAB1-7FAE5B166FF6}.AppStore|ARM.ActiveCfg = Release|Any CPU
		{92523E0A-68DF-4CEF-AAB1-7FAE5B166FF6}.AppStore|ARM.Build.0 = Release|Any CPU
		{92523E0A-68DF-4CEF-AAB1-7FAE5B166FF6}.AppStore|ARM.Deploy.0 = Release|Any CPU
		{92523E0A-68DF-4CEF-AAB1-7FAE5B166FF6}.AppStore|iPhone.ActiveCfg = Release|Any CPU
		{92523E0A-68DF-4CEF-AAB1-7FAE5B166FF6}.AppStore|iPhone.Build.0 = Release|Any CPU
		{92523E0A-68DF-4CEF-AAB1-7FAE5B166FF6}.AppStore|iPhone.Deploy.0 = Release|Any CPU
		{92523E0A-68DF-4CEF-AAB1-7FAE5B166FF6}.AppStore|iPhoneSimulator.ActiveCfg = Release|Any CPU
		{92523E0A-68DF-4CEF-AAB1-7FAE5B166FF6}.AppStore|iPhoneSimulator.Build.0 = Release|Any CPU
		{92523E0A-68DF-4CEF-AAB1-7FAE5B166FF6}.AppStore|iPhoneSimulator.Deploy.0 = Release|Any CPU
		{92523E0A-68DF-4CEF-AAB1-7FAE5B166FF6}.AppStore|x64.ActiveCfg = Release|Any CPU
		{92523E0A-68DF-4CEF-AAB1-7FAE5B166FF6}.AppStore|x64.Build.0 = Release|Any CPU
		{92523E0A-68DF-4CEF-AAB1-7FAE5B166FF6}.AppStore|x64.Deploy.0 = Release|Any CPU
		{92523E0A-68DF-4CEF-AAB1-7FAE5B166FF6}.AppStore|x86.ActiveCfg = Release|Any CPU
		{92523E0A-68DF-4CEF-AAB1-7FAE5B166FF6}.AppStore|x86.Build.0 = Release|Any CPU
		{92523E0A-68DF-4CEF-AAB1-7FAE5B166FF6}.AppStore|x86.Deploy.0 = Release|Any CPU
		{92523E0A-68DF-4CEF-AAB1-7FAE5B166FF6}.Debug|Any CPU.ActiveCfg = Debug|Any CPU
		{92523E0A-68DF-4CEF-AAB1-7FAE5B166FF6}.Debug|Any CPU.Build.0 = Debug|Any CPU
		{92523E0A-68DF-4CEF-AAB1-7FAE5B166FF6}.Debug|Any CPU.Deploy.0 = Debug|Any CPU
		{92523E0A-68DF-4CEF-AAB1-7FAE5B166FF6}.Debug|ARM.ActiveCfg = Debug|Any CPU
		{92523E0A-68DF-4CEF-AAB1-7FAE5B166FF6}.Debug|ARM.Build.0 = Debug|Any CPU
		{92523E0A-68DF-4CEF-AAB1-7FAE5B166FF6}.Debug|ARM.Deploy.0 = Debug|Any CPU
		{92523E0A-68DF-4CEF-AAB1-7FAE5B166FF6}.Debug|iPhone.ActiveCfg = Debug|Any CPU
		{92523E0A-68DF-4CEF-AAB1-7FAE5B166FF6}.Debug|iPhone.Build.0 = Debug|Any CPU
		{92523E0A-68DF-4CEF-AAB1-7FAE5B166FF6}.Debug|iPhone.Deploy.0 = Debug|Any CPU
		{92523E0A-68DF-4CEF-AAB1-7FAE5B166FF6}.Debug|iPhoneSimulator.ActiveCfg = Debug|Any CPU
		{92523E0A-68DF-4CEF-AAB1-7FAE5B166FF6}.Debug|iPhoneSimulator.Build.0 = Debug|Any CPU
		{92523E0A-68DF-4CEF-AAB1-7FAE5B166FF6}.Debug|iPhoneSimulator.Deploy.0 = Debug|Any CPU
		{92523E0A-68DF-4CEF-AAB1-7FAE5B166FF6}.Debug|x64.ActiveCfg = Debug|Any CPU
		{92523E0A-68DF-4CEF-AAB1-7FAE5B166FF6}.Debug|x64.Build.0 = Debug|Any CPU
		{92523E0A-68DF-4CEF-AAB1-7FAE5B166FF6}.Debug|x64.Deploy.0 = Debug|Any CPU
		{92523E0A-68DF-4CEF-AAB1-7FAE5B166FF6}.Debug|x86.ActiveCfg = Debug|Any CPU
		{92523E0A-68DF-4CEF-AAB1-7FAE5B166FF6}.Debug|x86.Build.0 = Debug|Any CPU
		{92523E0A-68DF-4CEF-AAB1-7FAE5B166FF6}.Debug|x86.Deploy.0 = Debug|Any CPU
		{92523E0A-68DF-4CEF-AAB1-7FAE5B166FF6}.Release|Any CPU.ActiveCfg = Release|Any CPU
		{92523E0A-68DF-4CEF-AAB1-7FAE5B166FF6}.Release|Any CPU.Build.0 = Release|Any CPU
		{92523E0A-68DF-4CEF-AAB1-7FAE5B166FF6}.Release|Any CPU.Deploy.0 = Release|Any CPU
		{92523E0A-68DF-4CEF-AAB1-7FAE5B166FF6}.Release|ARM.ActiveCfg = Release|Any CPU
		{92523E0A-68DF-4CEF-AAB1-7FAE5B166FF6}.Release|ARM.Build.0 = Release|Any CPU
		{92523E0A-68DF-4CEF-AAB1-7FAE5B166FF6}.Release|ARM.Deploy.0 = Release|Any CPU
		{92523E0A-68DF-4CEF-AAB1-7FAE5B166FF6}.Release|iPhone.ActiveCfg = Release|Any CPU
		{92523E0A-68DF-4CEF-AAB1-7FAE5B166FF6}.Release|iPhone.Build.0 = Release|Any CPU
		{92523E0A-68DF-4CEF-AAB1-7FAE5B166FF6}.Release|iPhone.Deploy.0 = Release|Any CPU
		{92523E0A-68DF-4CEF-AAB1-7FAE5B166FF6}.Release|iPhoneSimulator.ActiveCfg = Release|Any CPU
		{92523E0A-68DF-4CEF-AAB1-7FAE5B166FF6}.Release|iPhoneSimulator.Build.0 = Release|Any CPU
		{92523E0A-68DF-4CEF-AAB1-7FAE5B166FF6}.Release|iPhoneSimulator.Deploy.0 = Release|Any CPU
		{92523E0A-68DF-4CEF-AAB1-7FAE5B166FF6}.Release|x64.ActiveCfg = Release|Any CPU
		{92523E0A-68DF-4CEF-AAB1-7FAE5B166FF6}.Release|x64.Build.0 = Release|Any CPU
		{92523E0A-68DF-4CEF-AAB1-7FAE5B166FF6}.Release|x64.Deploy.0 = Release|Any CPU
		{92523E0A-68DF-4CEF-AAB1-7FAE5B166FF6}.Release|x86.ActiveCfg = Release|Any CPU
		{92523E0A-68DF-4CEF-AAB1-7FAE5B166FF6}.Release|x86.Build.0 = Release|Any CPU
		{92523E0A-68DF-4CEF-AAB1-7FAE5B166FF6}.Release|x86.Deploy.0 = Release|Any CPU
		{D9DB2A39-ECCA-46EE-A0DA-C97080C9E02E}.Ad-Hoc|Any CPU.ActiveCfg = Release|x86
		{D9DB2A39-ECCA-46EE-A0DA-C97080C9E02E}.Ad-Hoc|Any CPU.Build.0 = Release|x86
		{D9DB2A39-ECCA-46EE-A0DA-C97080C9E02E}.Ad-Hoc|Any CPU.Deploy.0 = Release|x86
		{D9DB2A39-ECCA-46EE-A0DA-C97080C9E02E}.Ad-Hoc|ARM.ActiveCfg = Release|ARM
		{D9DB2A39-ECCA-46EE-A0DA-C97080C9E02E}.Ad-Hoc|ARM.Build.0 = Release|ARM
		{D9DB2A39-ECCA-46EE-A0DA-C97080C9E02E}.Ad-Hoc|ARM.Deploy.0 = Release|ARM
		{D9DB2A39-ECCA-46EE-A0DA-C97080C9E02E}.Ad-Hoc|iPhone.ActiveCfg = Release|x86
		{D9DB2A39-ECCA-46EE-A0DA-C97080C9E02E}.Ad-Hoc|iPhone.Build.0 = Release|x86
		{D9DB2A39-ECCA-46EE-A0DA-C97080C9E02E}.Ad-Hoc|iPhone.Deploy.0 = Release|x86
		{D9DB2A39-ECCA-46EE-A0DA-C97080C9E02E}.Ad-Hoc|iPhoneSimulator.ActiveCfg = Release|x86
		{D9DB2A39-ECCA-46EE-A0DA-C97080C9E02E}.Ad-Hoc|iPhoneSimulator.Build.0 = Release|x86
		{D9DB2A39-ECCA-46EE-A0DA-C97080C9E02E}.Ad-Hoc|iPhoneSimulator.Deploy.0 = Release|x86
		{D9DB2A39-ECCA-46EE-A0DA-C97080C9E02E}.Ad-Hoc|x64.ActiveCfg = Release|x64
		{D9DB2A39-ECCA-46EE-A0DA-C97080C9E02E}.Ad-Hoc|x64.Build.0 = Release|x64
		{D9DB2A39-ECCA-46EE-A0DA-C97080C9E02E}.Ad-Hoc|x64.Deploy.0 = Release|x64
		{D9DB2A39-ECCA-46EE-A0DA-C97080C9E02E}.Ad-Hoc|x86.ActiveCfg = Release|x86
		{D9DB2A39-ECCA-46EE-A0DA-C97080C9E02E}.Ad-Hoc|x86.Build.0 = Release|x86
		{D9DB2A39-ECCA-46EE-A0DA-C97080C9E02E}.Ad-Hoc|x86.Deploy.0 = Release|x86
		{D9DB2A39-ECCA-46EE-A0DA-C97080C9E02E}.AppStore|Any CPU.ActiveCfg = Release|x86
		{D9DB2A39-ECCA-46EE-A0DA-C97080C9E02E}.AppStore|Any CPU.Build.0 = Release|x86
		{D9DB2A39-ECCA-46EE-A0DA-C97080C9E02E}.AppStore|Any CPU.Deploy.0 = Release|x86
		{D9DB2A39-ECCA-46EE-A0DA-C97080C9E02E}.AppStore|ARM.ActiveCfg = Release|ARM
		{D9DB2A39-ECCA-46EE-A0DA-C97080C9E02E}.AppStore|ARM.Build.0 = Release|ARM
		{D9DB2A39-ECCA-46EE-A0DA-C97080C9E02E}.AppStore|ARM.Deploy.0 = Release|ARM
		{D9DB2A39-ECCA-46EE-A0DA-C97080C9E02E}.AppStore|iPhone.ActiveCfg = Release|x86
		{D9DB2A39-ECCA-46EE-A0DA-C97080C9E02E}.AppStore|iPhone.Build.0 = Release|x86
		{D9DB2A39-ECCA-46EE-A0DA-C97080C9E02E}.AppStore|iPhone.Deploy.0 = Release|x86
		{D9DB2A39-ECCA-46EE-A0DA-C97080C9E02E}.AppStore|iPhoneSimulator.ActiveCfg = Release|x86
		{D9DB2A39-ECCA-46EE-A0DA-C97080C9E02E}.AppStore|iPhoneSimulator.Build.0 = Release|x86
		{D9DB2A39-ECCA-46EE-A0DA-C97080C9E02E}.AppStore|iPhoneSimulator.Deploy.0 = Release|x86
		{D9DB2A39-ECCA-46EE-A0DA-C97080C9E02E}.AppStore|x64.ActiveCfg = Release|x64
		{D9DB2A39-ECCA-46EE-A0DA-C97080C9E02E}.AppStore|x64.Build.0 = Release|x64
		{D9DB2A39-ECCA-46EE-A0DA-C97080C9E02E}.AppStore|x64.Deploy.0 = Release|x64
		{D9DB2A39-ECCA-46EE-A0DA-C97080C9E02E}.AppStore|x86.ActiveCfg = Release|x86
		{D9DB2A39-ECCA-46EE-A0DA-C97080C9E02E}.AppStore|x86.Build.0 = Release|x86
		{D9DB2A39-ECCA-46EE-A0DA-C97080C9E02E}.AppStore|x86.Deploy.0 = Release|x86
		{D9DB2A39-ECCA-46EE-A0DA-C97080C9E02E}.Debug|Any CPU.ActiveCfg = Debug|x86
		{D9DB2A39-ECCA-46EE-A0DA-C97080C9E02E}.Debug|ARM.ActiveCfg = Debug|ARM
		{D9DB2A39-ECCA-46EE-A0DA-C97080C9E02E}.Debug|ARM.Build.0 = Debug|ARM
		{D9DB2A39-ECCA-46EE-A0DA-C97080C9E02E}.Debug|ARM.Deploy.0 = Debug|ARM
		{D9DB2A39-ECCA-46EE-A0DA-C97080C9E02E}.Debug|iPhone.ActiveCfg = Debug|x86
		{D9DB2A39-ECCA-46EE-A0DA-C97080C9E02E}.Debug|iPhoneSimulator.ActiveCfg = Debug|x86
		{D9DB2A39-ECCA-46EE-A0DA-C97080C9E02E}.Debug|x64.ActiveCfg = Debug|x64
		{D9DB2A39-ECCA-46EE-A0DA-C97080C9E02E}.Debug|x64.Build.0 = Debug|x64
		{D9DB2A39-ECCA-46EE-A0DA-C97080C9E02E}.Debug|x64.Deploy.0 = Debug|x64
		{D9DB2A39-ECCA-46EE-A0DA-C97080C9E02E}.Debug|x86.ActiveCfg = Debug|x86
		{D9DB2A39-ECCA-46EE-A0DA-C97080C9E02E}.Debug|x86.Build.0 = Debug|x86
		{D9DB2A39-ECCA-46EE-A0DA-C97080C9E02E}.Debug|x86.Deploy.0 = Debug|x86
		{D9DB2A39-ECCA-46EE-A0DA-C97080C9E02E}.Release|Any CPU.ActiveCfg = Release|x86
		{D9DB2A39-ECCA-46EE-A0DA-C97080C9E02E}.Release|ARM.ActiveCfg = Release|ARM
		{D9DB2A39-ECCA-46EE-A0DA-C97080C9E02E}.Release|ARM.Build.0 = Release|ARM
		{D9DB2A39-ECCA-46EE-A0DA-C97080C9E02E}.Release|ARM.Deploy.0 = Release|ARM
		{D9DB2A39-ECCA-46EE-A0DA-C97080C9E02E}.Release|iPhone.ActiveCfg = Release|x86
		{D9DB2A39-ECCA-46EE-A0DA-C97080C9E02E}.Release|iPhoneSimulator.ActiveCfg = Release|x86
		{D9DB2A39-ECCA-46EE-A0DA-C97080C9E02E}.Release|x64.ActiveCfg = Release|x64
		{D9DB2A39-ECCA-46EE-A0DA-C97080C9E02E}.Release|x64.Build.0 = Release|x64
		{D9DB2A39-ECCA-46EE-A0DA-C97080C9E02E}.Release|x64.Deploy.0 = Release|x64
		{D9DB2A39-ECCA-46EE-A0DA-C97080C9E02E}.Release|x86.ActiveCfg = Release|x86
		{D9DB2A39-ECCA-46EE-A0DA-C97080C9E02E}.Release|x86.Build.0 = Release|x86
		{D9DB2A39-ECCA-46EE-A0DA-C97080C9E02E}.Release|x86.Deploy.0 = Release|x86
		{644C1088-7AD1-4190-A2EE-CE7BD4D65604}.Ad-Hoc|Any CPU.ActiveCfg = Release|Any CPU
		{644C1088-7AD1-4190-A2EE-CE7BD4D65604}.Ad-Hoc|Any CPU.Build.0 = Release|Any CPU
		{644C1088-7AD1-4190-A2EE-CE7BD4D65604}.Ad-Hoc|ARM.ActiveCfg = Release|Any CPU
		{644C1088-7AD1-4190-A2EE-CE7BD4D65604}.Ad-Hoc|ARM.Build.0 = Release|Any CPU
		{644C1088-7AD1-4190-A2EE-CE7BD4D65604}.Ad-Hoc|iPhone.ActiveCfg = Release|Any CPU
		{644C1088-7AD1-4190-A2EE-CE7BD4D65604}.Ad-Hoc|iPhone.Build.0 = Release|Any CPU
		{644C1088-7AD1-4190-A2EE-CE7BD4D65604}.Ad-Hoc|iPhoneSimulator.ActiveCfg = Release|Any CPU
		{644C1088-7AD1-4190-A2EE-CE7BD4D65604}.Ad-Hoc|iPhoneSimulator.Build.0 = Release|Any CPU
		{644C1088-7AD1-4190-A2EE-CE7BD4D65604}.Ad-Hoc|x64.ActiveCfg = Release|Any CPU
		{644C1088-7AD1-4190-A2EE-CE7BD4D65604}.Ad-Hoc|x64.Build.0 = Release|Any CPU
		{644C1088-7AD1-4190-A2EE-CE7BD4D65604}.Ad-Hoc|x86.ActiveCfg = Release|Any CPU
		{644C1088-7AD1-4190-A2EE-CE7BD4D65604}.Ad-Hoc|x86.Build.0 = Release|Any CPU
		{644C1088-7AD1-4190-A2EE-CE7BD4D65604}.AppStore|Any CPU.ActiveCfg = Release|Any CPU
		{644C1088-7AD1-4190-A2EE-CE7BD4D65604}.AppStore|Any CPU.Build.0 = Release|Any CPU
		{644C1088-7AD1-4190-A2EE-CE7BD4D65604}.AppStore|ARM.ActiveCfg = Release|Any CPU
		{644C1088-7AD1-4190-A2EE-CE7BD4D65604}.AppStore|ARM.Build.0 = Release|Any CPU
		{644C1088-7AD1-4190-A2EE-CE7BD4D65604}.AppStore|iPhone.ActiveCfg = Release|Any CPU
		{644C1088-7AD1-4190-A2EE-CE7BD4D65604}.AppStore|iPhone.Build.0 = Release|Any CPU
		{644C1088-7AD1-4190-A2EE-CE7BD4D65604}.AppStore|iPhoneSimulator.ActiveCfg = Release|Any CPU
		{644C1088-7AD1-4190-A2EE-CE7BD4D65604}.AppStore|iPhoneSimulator.Build.0 = Release|Any CPU
		{644C1088-7AD1-4190-A2EE-CE7BD4D65604}.AppStore|x64.ActiveCfg = Release|Any CPU
		{644C1088-7AD1-4190-A2EE-CE7BD4D65604}.AppStore|x64.Build.0 = Release|Any CPU
		{644C1088-7AD1-4190-A2EE-CE7BD4D65604}.AppStore|x86.ActiveCfg = Release|Any CPU
		{644C1088-7AD1-4190-A2EE-CE7BD4D65604}.AppStore|x86.Build.0 = Release|Any CPU
		{644C1088-7AD1-4190-A2EE-CE7BD4D65604}.Debug|Any CPU.ActiveCfg = Debug|Any CPU
		{644C1088-7AD1-4190-A2EE-CE7BD4D65604}.Debug|Any CPU.Build.0 = Debug|Any CPU
		{644C1088-7AD1-4190-A2EE-CE7BD4D65604}.Debug|ARM.ActiveCfg = Debug|Any CPU
		{644C1088-7AD1-4190-A2EE-CE7BD4D65604}.Debug|ARM.Build.0 = Debug|Any CPU
		{644C1088-7AD1-4190-A2EE-CE7BD4D65604}.Debug|iPhone.ActiveCfg = Debug|Any CPU
		{644C1088-7AD1-4190-A2EE-CE7BD4D65604}.Debug|iPhone.Build.0 = Debug|Any CPU
		{644C1088-7AD1-4190-A2EE-CE7BD4D65604}.Debug|iPhoneSimulator.ActiveCfg = Debug|Any CPU
		{644C1088-7AD1-4190-A2EE-CE7BD4D65604}.Debug|iPhoneSimulator.Build.0 = Debug|Any CPU
		{644C1088-7AD1-4190-A2EE-CE7BD4D65604}.Debug|x64.ActiveCfg = Debug|Any CPU
		{644C1088-7AD1-4190-A2EE-CE7BD4D65604}.Debug|x64.Build.0 = Debug|Any CPU
		{644C1088-7AD1-4190-A2EE-CE7BD4D65604}.Debug|x86.ActiveCfg = Debug|Any CPU
		{644C1088-7AD1-4190-A2EE-CE7BD4D65604}.Debug|x86.Build.0 = Debug|Any CPU
		{644C1088-7AD1-4190-A2EE-CE7BD4D65604}.Release|Any CPU.ActiveCfg = Release|Any CPU
		{644C1088-7AD1-4190-A2EE-CE7BD4D65604}.Release|Any CPU.Build.0 = Release|Any CPU
		{644C1088-7AD1-4190-A2EE-CE7BD4D65604}.Release|ARM.ActiveCfg = Release|Any CPU
		{644C1088-7AD1-4190-A2EE-CE7BD4D65604}.Release|ARM.Build.0 = Release|Any CPU
		{644C1088-7AD1-4190-A2EE-CE7BD4D65604}.Release|iPhone.ActiveCfg = Release|Any CPU
		{644C1088-7AD1-4190-A2EE-CE7BD4D65604}.Release|iPhone.Build.0 = Release|Any CPU
		{644C1088-7AD1-4190-A2EE-CE7BD4D65604}.Release|iPhoneSimulator.ActiveCfg = Release|Any CPU
		{644C1088-7AD1-4190-A2EE-CE7BD4D65604}.Release|iPhoneSimulator.Build.0 = Release|Any CPU
		{644C1088-7AD1-4190-A2EE-CE7BD4D65604}.Release|x64.ActiveCfg = Release|Any CPU
		{644C1088-7AD1-4190-A2EE-CE7BD4D65604}.Release|x64.Build.0 = Release|Any CPU
		{644C1088-7AD1-4190-A2EE-CE7BD4D65604}.Release|x86.ActiveCfg = Release|Any CPU
		{644C1088-7AD1-4190-A2EE-CE7BD4D65604}.Release|x86.Build.0 = Release|Any CPU
		{6C38E7B8-F6A2-49A4-8294-3E5D6987CEFD}.Ad-Hoc|Any CPU.ActiveCfg = Release|Any CPU
		{6C38E7B8-F6A2-49A4-8294-3E5D6987CEFD}.Ad-Hoc|Any CPU.Build.0 = Release|Any CPU
		{6C38E7B8-F6A2-49A4-8294-3E5D6987CEFD}.Ad-Hoc|Any CPU.Deploy.0 = Release|Any CPU
		{6C38E7B8-F6A2-49A4-8294-3E5D6987CEFD}.Ad-Hoc|ARM.ActiveCfg = Release|Any CPU
		{6C38E7B8-F6A2-49A4-8294-3E5D6987CEFD}.Ad-Hoc|ARM.Build.0 = Release|Any CPU
		{6C38E7B8-F6A2-49A4-8294-3E5D6987CEFD}.Ad-Hoc|ARM.Deploy.0 = Release|Any CPU
		{6C38E7B8-F6A2-49A4-8294-3E5D6987CEFD}.Ad-Hoc|iPhone.ActiveCfg = Release|Any CPU
		{6C38E7B8-F6A2-49A4-8294-3E5D6987CEFD}.Ad-Hoc|iPhone.Build.0 = Release|Any CPU
		{6C38E7B8-F6A2-49A4-8294-3E5D6987CEFD}.Ad-Hoc|iPhone.Deploy.0 = Release|Any CPU
		{6C38E7B8-F6A2-49A4-8294-3E5D6987CEFD}.Ad-Hoc|iPhoneSimulator.ActiveCfg = Release|Any CPU
		{6C38E7B8-F6A2-49A4-8294-3E5D6987CEFD}.Ad-Hoc|iPhoneSimulator.Build.0 = Release|Any CPU
		{6C38E7B8-F6A2-49A4-8294-3E5D6987CEFD}.Ad-Hoc|iPhoneSimulator.Deploy.0 = Release|Any CPU
		{6C38E7B8-F6A2-49A4-8294-3E5D6987CEFD}.Ad-Hoc|x64.ActiveCfg = Release|Any CPU
		{6C38E7B8-F6A2-49A4-8294-3E5D6987CEFD}.Ad-Hoc|x64.Build.0 = Release|Any CPU
		{6C38E7B8-F6A2-49A4-8294-3E5D6987CEFD}.Ad-Hoc|x64.Deploy.0 = Release|Any CPU
		{6C38E7B8-F6A2-49A4-8294-3E5D6987CEFD}.Ad-Hoc|x86.ActiveCfg = Release|Any CPU
		{6C38E7B8-F6A2-49A4-8294-3E5D6987CEFD}.Ad-Hoc|x86.Build.0 = Release|Any CPU
		{6C38E7B8-F6A2-49A4-8294-3E5D6987CEFD}.Ad-Hoc|x86.Deploy.0 = Release|Any CPU
		{6C38E7B8-F6A2-49A4-8294-3E5D6987CEFD}.AppStore|Any CPU.ActiveCfg = Release|Any CPU
		{6C38E7B8-F6A2-49A4-8294-3E5D6987CEFD}.AppStore|Any CPU.Build.0 = Release|Any CPU
		{6C38E7B8-F6A2-49A4-8294-3E5D6987CEFD}.AppStore|Any CPU.Deploy.0 = Release|Any CPU
		{6C38E7B8-F6A2-49A4-8294-3E5D6987CEFD}.AppStore|ARM.ActiveCfg = Release|Any CPU
		{6C38E7B8-F6A2-49A4-8294-3E5D6987CEFD}.AppStore|ARM.Build.0 = Release|Any CPU
		{6C38E7B8-F6A2-49A4-8294-3E5D6987CEFD}.AppStore|ARM.Deploy.0 = Release|Any CPU
		{6C38E7B8-F6A2-49A4-8294-3E5D6987CEFD}.AppStore|iPhone.ActiveCfg = Release|Any CPU
		{6C38E7B8-F6A2-49A4-8294-3E5D6987CEFD}.AppStore|iPhone.Build.0 = Release|Any CPU
		{6C38E7B8-F6A2-49A4-8294-3E5D6987CEFD}.AppStore|iPhone.Deploy.0 = Release|Any CPU
		{6C38E7B8-F6A2-49A4-8294-3E5D6987CEFD}.AppStore|iPhoneSimulator.ActiveCfg = Release|Any CPU
		{6C38E7B8-F6A2-49A4-8294-3E5D6987CEFD}.AppStore|iPhoneSimulator.Build.0 = Release|Any CPU
		{6C38E7B8-F6A2-49A4-8294-3E5D6987CEFD}.AppStore|iPhoneSimulator.Deploy.0 = Release|Any CPU
		{6C38E7B8-F6A2-49A4-8294-3E5D6987CEFD}.AppStore|x64.ActiveCfg = Release|Any CPU
		{6C38E7B8-F6A2-49A4-8294-3E5D6987CEFD}.AppStore|x64.Build.0 = Release|Any CPU
		{6C38E7B8-F6A2-49A4-8294-3E5D6987CEFD}.AppStore|x64.Deploy.0 = Release|Any CPU
		{6C38E7B8-F6A2-49A4-8294-3E5D6987CEFD}.AppStore|x86.ActiveCfg = Release|Any CPU
		{6C38E7B8-F6A2-49A4-8294-3E5D6987CEFD}.AppStore|x86.Build.0 = Release|Any CPU
		{6C38E7B8-F6A2-49A4-8294-3E5D6987CEFD}.AppStore|x86.Deploy.0 = Release|Any CPU
		{6C38E7B8-F6A2-49A4-8294-3E5D6987CEFD}.Debug|Any CPU.ActiveCfg = Debug|Any CPU
		{6C38E7B8-F6A2-49A4-8294-3E5D6987CEFD}.Debug|Any CPU.Build.0 = Debug|Any CPU
		{6C38E7B8-F6A2-49A4-8294-3E5D6987CEFD}.Debug|Any CPU.Deploy.0 = Debug|Any CPU
		{6C38E7B8-F6A2-49A4-8294-3E5D6987CEFD}.Debug|ARM.ActiveCfg = Debug|Any CPU
		{6C38E7B8-F6A2-49A4-8294-3E5D6987CEFD}.Debug|ARM.Build.0 = Debug|Any CPU
		{6C38E7B8-F6A2-49A4-8294-3E5D6987CEFD}.Debug|ARM.Deploy.0 = Debug|Any CPU
		{6C38E7B8-F6A2-49A4-8294-3E5D6987CEFD}.Debug|iPhone.ActiveCfg = Debug|Any CPU
		{6C38E7B8-F6A2-49A4-8294-3E5D6987CEFD}.Debug|iPhone.Build.0 = Debug|Any CPU
		{6C38E7B8-F6A2-49A4-8294-3E5D6987CEFD}.Debug|iPhone.Deploy.0 = Debug|Any CPU
		{6C38E7B8-F6A2-49A4-8294-3E5D6987CEFD}.Debug|iPhoneSimulator.ActiveCfg = Debug|Any CPU
		{6C38E7B8-F6A2-49A4-8294-3E5D6987CEFD}.Debug|iPhoneSimulator.Build.0 = Debug|Any CPU
		{6C38E7B8-F6A2-49A4-8294-3E5D6987CEFD}.Debug|iPhoneSimulator.Deploy.0 = Debug|Any CPU
		{6C38E7B8-F6A2-49A4-8294-3E5D6987CEFD}.Debug|x64.ActiveCfg = Debug|Any CPU
		{6C38E7B8-F6A2-49A4-8294-3E5D6987CEFD}.Debug|x64.Build.0 = Debug|Any CPU
		{6C38E7B8-F6A2-49A4-8294-3E5D6987CEFD}.Debug|x64.Deploy.0 = Debug|Any CPU
		{6C38E7B8-F6A2-49A4-8294-3E5D6987CEFD}.Debug|x86.ActiveCfg = Debug|Any CPU
		{6C38E7B8-F6A2-49A4-8294-3E5D6987CEFD}.Debug|x86.Build.0 = Debug|Any CPU
		{6C38E7B8-F6A2-49A4-8294-3E5D6987CEFD}.Debug|x86.Deploy.0 = Debug|Any CPU
		{6C38E7B8-F6A2-49A4-8294-3E5D6987CEFD}.Release|Any CPU.ActiveCfg = Release|Any CPU
		{6C38E7B8-F6A2-49A4-8294-3E5D6987CEFD}.Release|Any CPU.Build.0 = Release|Any CPU
		{6C38E7B8-F6A2-49A4-8294-3E5D6987CEFD}.Release|Any CPU.Deploy.0 = Release|Any CPU
		{6C38E7B8-F6A2-49A4-8294-3E5D6987CEFD}.Release|ARM.ActiveCfg = Release|Any CPU
		{6C38E7B8-F6A2-49A4-8294-3E5D6987CEFD}.Release|ARM.Build.0 = Release|Any CPU
		{6C38E7B8-F6A2-49A4-8294-3E5D6987CEFD}.Release|ARM.Deploy.0 = Release|Any CPU
		{6C38E7B8-F6A2-49A4-8294-3E5D6987CEFD}.Release|iPhone.ActiveCfg = Release|Any CPU
		{6C38E7B8-F6A2-49A4-8294-3E5D6987CEFD}.Release|iPhone.Build.0 = Release|Any CPU
		{6C38E7B8-F6A2-49A4-8294-3E5D6987CEFD}.Release|iPhone.Deploy.0 = Release|Any CPU
		{6C38E7B8-F6A2-49A4-8294-3E5D6987CEFD}.Release|iPhoneSimulator.ActiveCfg = Release|Any CPU
		{6C38E7B8-F6A2-49A4-8294-3E5D6987CEFD}.Release|iPhoneSimulator.Build.0 = Release|Any CPU
		{6C38E7B8-F6A2-49A4-8294-3E5D6987CEFD}.Release|iPhoneSimulator.Deploy.0 = Release|Any CPU
		{6C38E7B8-F6A2-49A4-8294-3E5D6987CEFD}.Release|x64.ActiveCfg = Release|Any CPU
		{6C38E7B8-F6A2-49A4-8294-3E5D6987CEFD}.Release|x64.Build.0 = Release|Any CPU
		{6C38E7B8-F6A2-49A4-8294-3E5D6987CEFD}.Release|x64.Deploy.0 = Release|Any CPU
		{6C38E7B8-F6A2-49A4-8294-3E5D6987CEFD}.Release|x86.ActiveCfg = Release|Any CPU
		{6C38E7B8-F6A2-49A4-8294-3E5D6987CEFD}.Release|x86.Build.0 = Release|Any CPU
		{6C38E7B8-F6A2-49A4-8294-3E5D6987CEFD}.Release|x86.Deploy.0 = Release|Any CPU
		{44CBD4F6-C6F5-4CCC-B481-183448801172}.Ad-Hoc|Any CPU.ActiveCfg = Release|x86
		{44CBD4F6-C6F5-4CCC-B481-183448801172}.Ad-Hoc|Any CPU.Build.0 = Release|x86
		{44CBD4F6-C6F5-4CCC-B481-183448801172}.Ad-Hoc|Any CPU.Deploy.0 = Release|x86
		{44CBD4F6-C6F5-4CCC-B481-183448801172}.Ad-Hoc|ARM.ActiveCfg = Release|ARM
		{44CBD4F6-C6F5-4CCC-B481-183448801172}.Ad-Hoc|ARM.Build.0 = Release|ARM
		{44CBD4F6-C6F5-4CCC-B481-183448801172}.Ad-Hoc|ARM.Deploy.0 = Release|ARM
		{44CBD4F6-C6F5-4CCC-B481-183448801172}.Ad-Hoc|iPhone.ActiveCfg = Release|x86
		{44CBD4F6-C6F5-4CCC-B481-183448801172}.Ad-Hoc|iPhone.Build.0 = Release|x86
		{44CBD4F6-C6F5-4CCC-B481-183448801172}.Ad-Hoc|iPhone.Deploy.0 = Release|x86
		{44CBD4F6-C6F5-4CCC-B481-183448801172}.Ad-Hoc|iPhoneSimulator.ActiveCfg = Release|x86
		{44CBD4F6-C6F5-4CCC-B481-183448801172}.Ad-Hoc|iPhoneSimulator.Build.0 = Release|x86
		{44CBD4F6-C6F5-4CCC-B481-183448801172}.Ad-Hoc|iPhoneSimulator.Deploy.0 = Release|x86
		{44CBD4F6-C6F5-4CCC-B481-183448801172}.Ad-Hoc|x64.ActiveCfg = Release|x64
		{44CBD4F6-C6F5-4CCC-B481-183448801172}.Ad-Hoc|x64.Build.0 = Release|x64
		{44CBD4F6-C6F5-4CCC-B481-183448801172}.Ad-Hoc|x64.Deploy.0 = Release|x64
		{44CBD4F6-C6F5-4CCC-B481-183448801172}.Ad-Hoc|x86.ActiveCfg = Release|x86
		{44CBD4F6-C6F5-4CCC-B481-183448801172}.Ad-Hoc|x86.Build.0 = Release|x86
		{44CBD4F6-C6F5-4CCC-B481-183448801172}.Ad-Hoc|x86.Deploy.0 = Release|x86
		{44CBD4F6-C6F5-4CCC-B481-183448801172}.AppStore|Any CPU.ActiveCfg = Release|x86
		{44CBD4F6-C6F5-4CCC-B481-183448801172}.AppStore|Any CPU.Build.0 = Release|x86
		{44CBD4F6-C6F5-4CCC-B481-183448801172}.AppStore|Any CPU.Deploy.0 = Release|x86
		{44CBD4F6-C6F5-4CCC-B481-183448801172}.AppStore|ARM.ActiveCfg = Release|ARM
		{44CBD4F6-C6F5-4CCC-B481-183448801172}.AppStore|ARM.Build.0 = Release|ARM
		{44CBD4F6-C6F5-4CCC-B481-183448801172}.AppStore|ARM.Deploy.0 = Release|ARM
		{44CBD4F6-C6F5-4CCC-B481-183448801172}.AppStore|iPhone.ActiveCfg = Release|x86
		{44CBD4F6-C6F5-4CCC-B481-183448801172}.AppStore|iPhone.Build.0 = Release|x86
		{44CBD4F6-C6F5-4CCC-B481-183448801172}.AppStore|iPhone.Deploy.0 = Release|x86
		{44CBD4F6-C6F5-4CCC-B481-183448801172}.AppStore|iPhoneSimulator.ActiveCfg = Release|x86
		{44CBD4F6-C6F5-4CCC-B481-183448801172}.AppStore|iPhoneSimulator.Build.0 = Release|x86
		{44CBD4F6-C6F5-4CCC-B481-183448801172}.AppStore|iPhoneSimulator.Deploy.0 = Release|x86
		{44CBD4F6-C6F5-4CCC-B481-183448801172}.AppStore|x64.ActiveCfg = Release|x64
		{44CBD4F6-C6F5-4CCC-B481-183448801172}.AppStore|x64.Build.0 = Release|x64
		{44CBD4F6-C6F5-4CCC-B481-183448801172}.AppStore|x64.Deploy.0 = Release|x64
		{44CBD4F6-C6F5-4CCC-B481-183448801172}.AppStore|x86.ActiveCfg = Release|x86
		{44CBD4F6-C6F5-4CCC-B481-183448801172}.AppStore|x86.Build.0 = Release|x86
		{44CBD4F6-C6F5-4CCC-B481-183448801172}.AppStore|x86.Deploy.0 = Release|x86
		{44CBD4F6-C6F5-4CCC-B481-183448801172}.Debug|Any CPU.ActiveCfg = Debug|x86
		{44CBD4F6-C6F5-4CCC-B481-183448801172}.Debug|ARM.ActiveCfg = Debug|ARM
		{44CBD4F6-C6F5-4CCC-B481-183448801172}.Debug|ARM.Build.0 = Debug|ARM
		{44CBD4F6-C6F5-4CCC-B481-183448801172}.Debug|ARM.Deploy.0 = Debug|ARM
		{44CBD4F6-C6F5-4CCC-B481-183448801172}.Debug|iPhone.ActiveCfg = Debug|x86
		{44CBD4F6-C6F5-4CCC-B481-183448801172}.Debug|iPhoneSimulator.ActiveCfg = Debug|x86
		{44CBD4F6-C6F5-4CCC-B481-183448801172}.Debug|x64.ActiveCfg = Debug|x64
		{44CBD4F6-C6F5-4CCC-B481-183448801172}.Debug|x64.Build.0 = Debug|x64
		{44CBD4F6-C6F5-4CCC-B481-183448801172}.Debug|x64.Deploy.0 = Debug|x64
		{44CBD4F6-C6F5-4CCC-B481-183448801172}.Debug|x86.ActiveCfg = Debug|x86
		{44CBD4F6-C6F5-4CCC-B481-183448801172}.Debug|x86.Build.0 = Debug|x86
		{44CBD4F6-C6F5-4CCC-B481-183448801172}.Debug|x86.Deploy.0 = Debug|x86
		{44CBD4F6-C6F5-4CCC-B481-183448801172}.Release|Any CPU.ActiveCfg = Release|x86
		{44CBD4F6-C6F5-4CCC-B481-183448801172}.Release|ARM.ActiveCfg = Release|ARM
		{44CBD4F6-C6F5-4CCC-B481-183448801172}.Release|ARM.Build.0 = Release|ARM
		{44CBD4F6-C6F5-4CCC-B481-183448801172}.Release|ARM.Deploy.0 = Release|ARM
		{44CBD4F6-C6F5-4CCC-B481-183448801172}.Release|iPhone.ActiveCfg = Release|x86
		{44CBD4F6-C6F5-4CCC-B481-183448801172}.Release|iPhoneSimulator.ActiveCfg = Release|x86
		{44CBD4F6-C6F5-4CCC-B481-183448801172}.Release|x64.ActiveCfg = Release|x64
		{44CBD4F6-C6F5-4CCC-B481-183448801172}.Release|x64.Build.0 = Release|x64
		{44CBD4F6-C6F5-4CCC-B481-183448801172}.Release|x64.Deploy.0 = Release|x64
		{44CBD4F6-C6F5-4CCC-B481-183448801172}.Release|x86.ActiveCfg = Release|x86
		{44CBD4F6-C6F5-4CCC-B481-183448801172}.Release|x86.Build.0 = Release|x86
		{44CBD4F6-C6F5-4CCC-B481-183448801172}.Release|x86.Deploy.0 = Release|x86
		{6584FF00-7B84-4CE0-BD80-8FD7C40FB4BE}.Ad-Hoc|Any CPU.ActiveCfg = Release|Any CPU
		{6584FF00-7B84-4CE0-BD80-8FD7C40FB4BE}.Ad-Hoc|Any CPU.Build.0 = Release|Any CPU
		{6584FF00-7B84-4CE0-BD80-8FD7C40FB4BE}.Ad-Hoc|Any CPU.Deploy.0 = Release|Any CPU
		{6584FF00-7B84-4CE0-BD80-8FD7C40FB4BE}.Ad-Hoc|ARM.ActiveCfg = Release|Any CPU
		{6584FF00-7B84-4CE0-BD80-8FD7C40FB4BE}.Ad-Hoc|ARM.Build.0 = Release|Any CPU
		{6584FF00-7B84-4CE0-BD80-8FD7C40FB4BE}.Ad-Hoc|ARM.Deploy.0 = Release|Any CPU
		{6584FF00-7B84-4CE0-BD80-8FD7C40FB4BE}.Ad-Hoc|iPhone.ActiveCfg = Release|Any CPU
		{6584FF00-7B84-4CE0-BD80-8FD7C40FB4BE}.Ad-Hoc|iPhone.Build.0 = Release|Any CPU
		{6584FF00-7B84-4CE0-BD80-8FD7C40FB4BE}.Ad-Hoc|iPhone.Deploy.0 = Release|Any CPU
		{6584FF00-7B84-4CE0-BD80-8FD7C40FB4BE}.Ad-Hoc|iPhoneSimulator.ActiveCfg = Release|Any CPU
		{6584FF00-7B84-4CE0-BD80-8FD7C40FB4BE}.Ad-Hoc|iPhoneSimulator.Build.0 = Release|Any CPU
		{6584FF00-7B84-4CE0-BD80-8FD7C40FB4BE}.Ad-Hoc|iPhoneSimulator.Deploy.0 = Release|Any CPU
		{6584FF00-7B84-4CE0-BD80-8FD7C40FB4BE}.Ad-Hoc|x64.ActiveCfg = Release|Any CPU
		{6584FF00-7B84-4CE0-BD80-8FD7C40FB4BE}.Ad-Hoc|x64.Build.0 = Release|Any CPU
		{6584FF00-7B84-4CE0-BD80-8FD7C40FB4BE}.Ad-Hoc|x64.Deploy.0 = Release|Any CPU
		{6584FF00-7B84-4CE0-BD80-8FD7C40FB4BE}.Ad-Hoc|x86.ActiveCfg = Release|Any CPU
		{6584FF00-7B84-4CE0-BD80-8FD7C40FB4BE}.Ad-Hoc|x86.Build.0 = Release|Any CPU
		{6584FF00-7B84-4CE0-BD80-8FD7C40FB4BE}.Ad-Hoc|x86.Deploy.0 = Release|Any CPU
		{6584FF00-7B84-4CE0-BD80-8FD7C40FB4BE}.AppStore|Any CPU.ActiveCfg = Release|Any CPU
		{6584FF00-7B84-4CE0-BD80-8FD7C40FB4BE}.AppStore|Any CPU.Build.0 = Release|Any CPU
		{6584FF00-7B84-4CE0-BD80-8FD7C40FB4BE}.AppStore|Any CPU.Deploy.0 = Release|Any CPU
		{6584FF00-7B84-4CE0-BD80-8FD7C40FB4BE}.AppStore|ARM.ActiveCfg = Release|Any CPU
		{6584FF00-7B84-4CE0-BD80-8FD7C40FB4BE}.AppStore|ARM.Build.0 = Release|Any CPU
		{6584FF00-7B84-4CE0-BD80-8FD7C40FB4BE}.AppStore|ARM.Deploy.0 = Release|Any CPU
		{6584FF00-7B84-4CE0-BD80-8FD7C40FB4BE}.AppStore|iPhone.ActiveCfg = Release|Any CPU
		{6584FF00-7B84-4CE0-BD80-8FD7C40FB4BE}.AppStore|iPhone.Build.0 = Release|Any CPU
		{6584FF00-7B84-4CE0-BD80-8FD7C40FB4BE}.AppStore|iPhone.Deploy.0 = Release|Any CPU
		{6584FF00-7B84-4CE0-BD80-8FD7C40FB4BE}.AppStore|iPhoneSimulator.ActiveCfg = Release|Any CPU
		{6584FF00-7B84-4CE0-BD80-8FD7C40FB4BE}.AppStore|iPhoneSimulator.Build.0 = Release|Any CPU
		{6584FF00-7B84-4CE0-BD80-8FD7C40FB4BE}.AppStore|iPhoneSimulator.Deploy.0 = Release|Any CPU
		{6584FF00-7B84-4CE0-BD80-8FD7C40FB4BE}.AppStore|x64.ActiveCfg = Release|Any CPU
		{6584FF00-7B84-4CE0-BD80-8FD7C40FB4BE}.AppStore|x64.Build.0 = Release|Any CPU
		{6584FF00-7B84-4CE0-BD80-8FD7C40FB4BE}.AppStore|x64.Deploy.0 = Release|Any CPU
		{6584FF00-7B84-4CE0-BD80-8FD7C40FB4BE}.AppStore|x86.ActiveCfg = Release|Any CPU
		{6584FF00-7B84-4CE0-BD80-8FD7C40FB4BE}.AppStore|x86.Build.0 = Release|Any CPU
		{6584FF00-7B84-4CE0-BD80-8FD7C40FB4BE}.AppStore|x86.Deploy.0 = Release|Any CPU
		{6584FF00-7B84-4CE0-BD80-8FD7C40FB4BE}.Debug|Any CPU.ActiveCfg = Debug|Any CPU
		{6584FF00-7B84-4CE0-BD80-8FD7C40FB4BE}.Debug|Any CPU.Build.0 = Debug|Any CPU
		{6584FF00-7B84-4CE0-BD80-8FD7C40FB4BE}.Debug|Any CPU.Deploy.0 = Debug|Any CPU
		{6584FF00-7B84-4CE0-BD80-8FD7C40FB4BE}.Debug|ARM.ActiveCfg = Debug|Any CPU
		{6584FF00-7B84-4CE0-BD80-8FD7C40FB4BE}.Debug|ARM.Build.0 = Debug|Any CPU
		{6584FF00-7B84-4CE0-BD80-8FD7C40FB4BE}.Debug|ARM.Deploy.0 = Debug|Any CPU
		{6584FF00-7B84-4CE0-BD80-8FD7C40FB4BE}.Debug|iPhone.ActiveCfg = Debug|Any CPU
		{6584FF00-7B84-4CE0-BD80-8FD7C40FB4BE}.Debug|iPhone.Build.0 = Debug|Any CPU
		{6584FF00-7B84-4CE0-BD80-8FD7C40FB4BE}.Debug|iPhone.Deploy.0 = Debug|Any CPU
		{6584FF00-7B84-4CE0-BD80-8FD7C40FB4BE}.Debug|iPhoneSimulator.ActiveCfg = Debug|Any CPU
		{6584FF00-7B84-4CE0-BD80-8FD7C40FB4BE}.Debug|iPhoneSimulator.Build.0 = Debug|Any CPU
		{6584FF00-7B84-4CE0-BD80-8FD7C40FB4BE}.Debug|iPhoneSimulator.Deploy.0 = Debug|Any CPU
		{6584FF00-7B84-4CE0-BD80-8FD7C40FB4BE}.Debug|x64.ActiveCfg = Debug|Any CPU
		{6584FF00-7B84-4CE0-BD80-8FD7C40FB4BE}.Debug|x64.Build.0 = Debug|Any CPU
		{6584FF00-7B84-4CE0-BD80-8FD7C40FB4BE}.Debug|x64.Deploy.0 = Debug|Any CPU
		{6584FF00-7B84-4CE0-BD80-8FD7C40FB4BE}.Debug|x86.ActiveCfg = Debug|Any CPU
		{6584FF00-7B84-4CE0-BD80-8FD7C40FB4BE}.Debug|x86.Build.0 = Debug|Any CPU
		{6584FF00-7B84-4CE0-BD80-8FD7C40FB4BE}.Debug|x86.Deploy.0 = Debug|Any CPU
		{6584FF00-7B84-4CE0-BD80-8FD7C40FB4BE}.Release|Any CPU.ActiveCfg = Release|Any CPU
		{6584FF00-7B84-4CE0-BD80-8FD7C40FB4BE}.Release|Any CPU.Build.0 = Release|Any CPU
		{6584FF00-7B84-4CE0-BD80-8FD7C40FB4BE}.Release|Any CPU.Deploy.0 = Release|Any CPU
		{6584FF00-7B84-4CE0-BD80-8FD7C40FB4BE}.Release|ARM.ActiveCfg = Release|Any CPU
		{6584FF00-7B84-4CE0-BD80-8FD7C40FB4BE}.Release|ARM.Build.0 = Release|Any CPU
		{6584FF00-7B84-4CE0-BD80-8FD7C40FB4BE}.Release|ARM.Deploy.0 = Release|Any CPU
		{6584FF00-7B84-4CE0-BD80-8FD7C40FB4BE}.Release|iPhone.ActiveCfg = Release|Any CPU
		{6584FF00-7B84-4CE0-BD80-8FD7C40FB4BE}.Release|iPhone.Build.0 = Release|Any CPU
		{6584FF00-7B84-4CE0-BD80-8FD7C40FB4BE}.Release|iPhone.Deploy.0 = Release|Any CPU
		{6584FF00-7B84-4CE0-BD80-8FD7C40FB4BE}.Release|iPhoneSimulator.ActiveCfg = Release|Any CPU
		{6584FF00-7B84-4CE0-BD80-8FD7C40FB4BE}.Release|iPhoneSimulator.Build.0 = Release|Any CPU
		{6584FF00-7B84-4CE0-BD80-8FD7C40FB4BE}.Release|iPhoneSimulator.Deploy.0 = Release|Any CPU
		{6584FF00-7B84-4CE0-BD80-8FD7C40FB4BE}.Release|x64.ActiveCfg = Release|Any CPU
		{6584FF00-7B84-4CE0-BD80-8FD7C40FB4BE}.Release|x64.Build.0 = Release|Any CPU
		{6584FF00-7B84-4CE0-BD80-8FD7C40FB4BE}.Release|x64.Deploy.0 = Release|Any CPU
		{6584FF00-7B84-4CE0-BD80-8FD7C40FB4BE}.Release|x86.ActiveCfg = Release|Any CPU
		{6584FF00-7B84-4CE0-BD80-8FD7C40FB4BE}.Release|x86.Build.0 = Release|Any CPU
		{6584FF00-7B84-4CE0-BD80-8FD7C40FB4BE}.Release|x86.Deploy.0 = Release|Any CPU
		{23973170-72A4-4D48-9F0D-015605D71BD6}.Ad-Hoc|Any CPU.ActiveCfg = Release|x86
		{23973170-72A4-4D48-9F0D-015605D71BD6}.Ad-Hoc|Any CPU.Build.0 = Release|x86
		{23973170-72A4-4D48-9F0D-015605D71BD6}.Ad-Hoc|Any CPU.Deploy.0 = Release|x86
		{23973170-72A4-4D48-9F0D-015605D71BD6}.Ad-Hoc|ARM.ActiveCfg = Release|ARM
		{23973170-72A4-4D48-9F0D-015605D71BD6}.Ad-Hoc|ARM.Build.0 = Release|ARM
		{23973170-72A4-4D48-9F0D-015605D71BD6}.Ad-Hoc|ARM.Deploy.0 = Release|ARM
		{23973170-72A4-4D48-9F0D-015605D71BD6}.Ad-Hoc|iPhone.ActiveCfg = Release|x86
		{23973170-72A4-4D48-9F0D-015605D71BD6}.Ad-Hoc|iPhone.Build.0 = Release|x86
		{23973170-72A4-4D48-9F0D-015605D71BD6}.Ad-Hoc|iPhone.Deploy.0 = Release|x86
		{23973170-72A4-4D48-9F0D-015605D71BD6}.Ad-Hoc|iPhoneSimulator.ActiveCfg = Release|x86
		{23973170-72A4-4D48-9F0D-015605D71BD6}.Ad-Hoc|iPhoneSimulator.Build.0 = Release|x86
		{23973170-72A4-4D48-9F0D-015605D71BD6}.Ad-Hoc|iPhoneSimulator.Deploy.0 = Release|x86
		{23973170-72A4-4D48-9F0D-015605D71BD6}.Ad-Hoc|x64.ActiveCfg = Release|x64
		{23973170-72A4-4D48-9F0D-015605D71BD6}.Ad-Hoc|x64.Build.0 = Release|x64
		{23973170-72A4-4D48-9F0D-015605D71BD6}.Ad-Hoc|x64.Deploy.0 = Release|x64
		{23973170-72A4-4D48-9F0D-015605D71BD6}.Ad-Hoc|x86.ActiveCfg = Release|x86
		{23973170-72A4-4D48-9F0D-015605D71BD6}.Ad-Hoc|x86.Build.0 = Release|x86
		{23973170-72A4-4D48-9F0D-015605D71BD6}.Ad-Hoc|x86.Deploy.0 = Release|x86
		{23973170-72A4-4D48-9F0D-015605D71BD6}.AppStore|Any CPU.ActiveCfg = Release|x86
		{23973170-72A4-4D48-9F0D-015605D71BD6}.AppStore|Any CPU.Build.0 = Release|x86
		{23973170-72A4-4D48-9F0D-015605D71BD6}.AppStore|Any CPU.Deploy.0 = Release|x86
		{23973170-72A4-4D48-9F0D-015605D71BD6}.AppStore|ARM.ActiveCfg = Release|ARM
		{23973170-72A4-4D48-9F0D-015605D71BD6}.AppStore|ARM.Build.0 = Release|ARM
		{23973170-72A4-4D48-9F0D-015605D71BD6}.AppStore|ARM.Deploy.0 = Release|ARM
		{23973170-72A4-4D48-9F0D-015605D71BD6}.AppStore|iPhone.ActiveCfg = Release|x86
		{23973170-72A4-4D48-9F0D-015605D71BD6}.AppStore|iPhone.Build.0 = Release|x86
		{23973170-72A4-4D48-9F0D-015605D71BD6}.AppStore|iPhone.Deploy.0 = Release|x86
		{23973170-72A4-4D48-9F0D-015605D71BD6}.AppStore|iPhoneSimulator.ActiveCfg = Release|x86
		{23973170-72A4-4D48-9F0D-015605D71BD6}.AppStore|iPhoneSimulator.Build.0 = Release|x86
		{23973170-72A4-4D48-9F0D-015605D71BD6}.AppStore|iPhoneSimulator.Deploy.0 = Release|x86
		{23973170-72A4-4D48-9F0D-015605D71BD6}.AppStore|x64.ActiveCfg = Release|x64
		{23973170-72A4-4D48-9F0D-015605D71BD6}.AppStore|x64.Build.0 = Release|x64
		{23973170-72A4-4D48-9F0D-015605D71BD6}.AppStore|x64.Deploy.0 = Release|x64
		{23973170-72A4-4D48-9F0D-015605D71BD6}.AppStore|x86.ActiveCfg = Release|x86
		{23973170-72A4-4D48-9F0D-015605D71BD6}.AppStore|x86.Build.0 = Release|x86
		{23973170-72A4-4D48-9F0D-015605D71BD6}.AppStore|x86.Deploy.0 = Release|x86
		{23973170-72A4-4D48-9F0D-015605D71BD6}.Debug|Any CPU.ActiveCfg = Debug|x86
		{23973170-72A4-4D48-9F0D-015605D71BD6}.Debug|ARM.ActiveCfg = Debug|ARM
		{23973170-72A4-4D48-9F0D-015605D71BD6}.Debug|ARM.Build.0 = Debug|ARM
		{23973170-72A4-4D48-9F0D-015605D71BD6}.Debug|ARM.Deploy.0 = Debug|ARM
		{23973170-72A4-4D48-9F0D-015605D71BD6}.Debug|iPhone.ActiveCfg = Debug|x86
		{23973170-72A4-4D48-9F0D-015605D71BD6}.Debug|iPhoneSimulator.ActiveCfg = Debug|x86
		{23973170-72A4-4D48-9F0D-015605D71BD6}.Debug|x64.ActiveCfg = Debug|x64
		{23973170-72A4-4D48-9F0D-015605D71BD6}.Debug|x64.Build.0 = Debug|x64
		{23973170-72A4-4D48-9F0D-015605D71BD6}.Debug|x64.Deploy.0 = Debug|x64
		{23973170-72A4-4D48-9F0D-015605D71BD6}.Debug|x86.ActiveCfg = Debug|x86
		{23973170-72A4-4D48-9F0D-015605D71BD6}.Debug|x86.Build.0 = Debug|x86
		{23973170-72A4-4D48-9F0D-015605D71BD6}.Debug|x86.Deploy.0 = Debug|x86
		{23973170-72A4-4D48-9F0D-015605D71BD6}.Release|Any CPU.ActiveCfg = Release|x86
		{23973170-72A4-4D48-9F0D-015605D71BD6}.Release|ARM.ActiveCfg = Release|ARM
		{23973170-72A4-4D48-9F0D-015605D71BD6}.Release|ARM.Build.0 = Release|ARM
		{23973170-72A4-4D48-9F0D-015605D71BD6}.Release|ARM.Deploy.0 = Release|ARM
		{23973170-72A4-4D48-9F0D-015605D71BD6}.Release|iPhone.ActiveCfg = Release|x86
		{23973170-72A4-4D48-9F0D-015605D71BD6}.Release|iPhoneSimulator.ActiveCfg = Release|x86
		{23973170-72A4-4D48-9F0D-015605D71BD6}.Release|x64.ActiveCfg = Release|x64
		{23973170-72A4-4D48-9F0D-015605D71BD6}.Release|x64.Build.0 = Release|x64
		{23973170-72A4-4D48-9F0D-015605D71BD6}.Release|x64.Deploy.0 = Release|x64
		{23973170-72A4-4D48-9F0D-015605D71BD6}.Release|x86.ActiveCfg = Release|x86
		{23973170-72A4-4D48-9F0D-015605D71BD6}.Release|x86.Build.0 = Release|x86
		{23973170-72A4-4D48-9F0D-015605D71BD6}.Release|x86.Deploy.0 = Release|x86
		{F6FAC96C-1B78-4856-AD02-CF6B6081C984}.Ad-Hoc|Any CPU.ActiveCfg = Release|Any CPU
		{F6FAC96C-1B78-4856-AD02-CF6B6081C984}.Ad-Hoc|Any CPU.Build.0 = Release|Any CPU
		{F6FAC96C-1B78-4856-AD02-CF6B6081C984}.Ad-Hoc|ARM.ActiveCfg = Release|Any CPU
		{F6FAC96C-1B78-4856-AD02-CF6B6081C984}.Ad-Hoc|ARM.Build.0 = Release|Any CPU
		{F6FAC96C-1B78-4856-AD02-CF6B6081C984}.Ad-Hoc|iPhone.ActiveCfg = Release|Any CPU
		{F6FAC96C-1B78-4856-AD02-CF6B6081C984}.Ad-Hoc|iPhone.Build.0 = Release|Any CPU
		{F6FAC96C-1B78-4856-AD02-CF6B6081C984}.Ad-Hoc|iPhoneSimulator.ActiveCfg = Release|Any CPU
		{F6FAC96C-1B78-4856-AD02-CF6B6081C984}.Ad-Hoc|iPhoneSimulator.Build.0 = Release|Any CPU
		{F6FAC96C-1B78-4856-AD02-CF6B6081C984}.Ad-Hoc|x64.ActiveCfg = Release|Any CPU
		{F6FAC96C-1B78-4856-AD02-CF6B6081C984}.Ad-Hoc|x64.Build.0 = Release|Any CPU
		{F6FAC96C-1B78-4856-AD02-CF6B6081C984}.Ad-Hoc|x86.ActiveCfg = Release|Any CPU
		{F6FAC96C-1B78-4856-AD02-CF6B6081C984}.Ad-Hoc|x86.Build.0 = Release|Any CPU
		{F6FAC96C-1B78-4856-AD02-CF6B6081C984}.AppStore|Any CPU.ActiveCfg = Release|Any CPU
		{F6FAC96C-1B78-4856-AD02-CF6B6081C984}.AppStore|Any CPU.Build.0 = Release|Any CPU
		{F6FAC96C-1B78-4856-AD02-CF6B6081C984}.AppStore|ARM.ActiveCfg = Release|Any CPU
		{F6FAC96C-1B78-4856-AD02-CF6B6081C984}.AppStore|ARM.Build.0 = Release|Any CPU
		{F6FAC96C-1B78-4856-AD02-CF6B6081C984}.AppStore|iPhone.ActiveCfg = Release|Any CPU
		{F6FAC96C-1B78-4856-AD02-CF6B6081C984}.AppStore|iPhone.Build.0 = Release|Any CPU
		{F6FAC96C-1B78-4856-AD02-CF6B6081C984}.AppStore|iPhoneSimulator.ActiveCfg = Release|Any CPU
		{F6FAC96C-1B78-4856-AD02-CF6B6081C984}.AppStore|iPhoneSimulator.Build.0 = Release|Any CPU
		{F6FAC96C-1B78-4856-AD02-CF6B6081C984}.AppStore|x64.ActiveCfg = Release|Any CPU
		{F6FAC96C-1B78-4856-AD02-CF6B6081C984}.AppStore|x64.Build.0 = Release|Any CPU
		{F6FAC96C-1B78-4856-AD02-CF6B6081C984}.AppStore|x86.ActiveCfg = Release|Any CPU
		{F6FAC96C-1B78-4856-AD02-CF6B6081C984}.AppStore|x86.Build.0 = Release|Any CPU
		{F6FAC96C-1B78-4856-AD02-CF6B6081C984}.Debug|Any CPU.ActiveCfg = Debug|Any CPU
		{F6FAC96C-1B78-4856-AD02-CF6B6081C984}.Debug|Any CPU.Build.0 = Debug|Any CPU
		{F6FAC96C-1B78-4856-AD02-CF6B6081C984}.Debug|ARM.ActiveCfg = Debug|Any CPU
		{F6FAC96C-1B78-4856-AD02-CF6B6081C984}.Debug|ARM.Build.0 = Debug|Any CPU
		{F6FAC96C-1B78-4856-AD02-CF6B6081C984}.Debug|iPhone.ActiveCfg = Debug|Any CPU
		{F6FAC96C-1B78-4856-AD02-CF6B6081C984}.Debug|iPhone.Build.0 = Debug|Any CPU
		{F6FAC96C-1B78-4856-AD02-CF6B6081C984}.Debug|iPhoneSimulator.ActiveCfg = Debug|Any CPU
		{F6FAC96C-1B78-4856-AD02-CF6B6081C984}.Debug|iPhoneSimulator.Build.0 = Debug|Any CPU
		{F6FAC96C-1B78-4856-AD02-CF6B6081C984}.Debug|x64.ActiveCfg = Debug|Any CPU
		{F6FAC96C-1B78-4856-AD02-CF6B6081C984}.Debug|x64.Build.0 = Debug|Any CPU
		{F6FAC96C-1B78-4856-AD02-CF6B6081C984}.Debug|x86.ActiveCfg = Debug|Any CPU
		{F6FAC96C-1B78-4856-AD02-CF6B6081C984}.Debug|x86.Build.0 = Debug|Any CPU
		{F6FAC96C-1B78-4856-AD02-CF6B6081C984}.Release|Any CPU.ActiveCfg = Release|Any CPU
		{F6FAC96C-1B78-4856-AD02-CF6B6081C984}.Release|Any CPU.Build.0 = Release|Any CPU
		{F6FAC96C-1B78-4856-AD02-CF6B6081C984}.Release|ARM.ActiveCfg = Release|Any CPU
		{F6FAC96C-1B78-4856-AD02-CF6B6081C984}.Release|ARM.Build.0 = Release|Any CPU
		{F6FAC96C-1B78-4856-AD02-CF6B6081C984}.Release|iPhone.ActiveCfg = Release|Any CPU
		{F6FAC96C-1B78-4856-AD02-CF6B6081C984}.Release|iPhone.Build.0 = Release|Any CPU
		{F6FAC96C-1B78-4856-AD02-CF6B6081C984}.Release|iPhoneSimulator.ActiveCfg = Release|Any CPU
		{F6FAC96C-1B78-4856-AD02-CF6B6081C984}.Release|iPhoneSimulator.Build.0 = Release|Any CPU
		{F6FAC96C-1B78-4856-AD02-CF6B6081C984}.Release|x64.ActiveCfg = Release|Any CPU
		{F6FAC96C-1B78-4856-AD02-CF6B6081C984}.Release|x64.Build.0 = Release|Any CPU
		{F6FAC96C-1B78-4856-AD02-CF6B6081C984}.Release|x86.ActiveCfg = Release|Any CPU
		{F6FAC96C-1B78-4856-AD02-CF6B6081C984}.Release|x86.Build.0 = Release|Any CPU
		{0C0E4C99-9CB8-42A9-8322-CD22FBBF24D6}.Ad-Hoc|Any CPU.ActiveCfg = Release|Any CPU
		{0C0E4C99-9CB8-42A9-8322-CD22FBBF24D6}.Ad-Hoc|Any CPU.Build.0 = Release|Any CPU
		{0C0E4C99-9CB8-42A9-8322-CD22FBBF24D6}.Ad-Hoc|Any CPU.Deploy.0 = Release|Any CPU
		{0C0E4C99-9CB8-42A9-8322-CD22FBBF24D6}.Ad-Hoc|ARM.ActiveCfg = Release|Any CPU
		{0C0E4C99-9CB8-42A9-8322-CD22FBBF24D6}.Ad-Hoc|ARM.Build.0 = Release|Any CPU
		{0C0E4C99-9CB8-42A9-8322-CD22FBBF24D6}.Ad-Hoc|ARM.Deploy.0 = Release|Any CPU
		{0C0E4C99-9CB8-42A9-8322-CD22FBBF24D6}.Ad-Hoc|iPhone.ActiveCfg = Release|Any CPU
		{0C0E4C99-9CB8-42A9-8322-CD22FBBF24D6}.Ad-Hoc|iPhone.Build.0 = Release|Any CPU
		{0C0E4C99-9CB8-42A9-8322-CD22FBBF24D6}.Ad-Hoc|iPhone.Deploy.0 = Release|Any CPU
		{0C0E4C99-9CB8-42A9-8322-CD22FBBF24D6}.Ad-Hoc|iPhoneSimulator.ActiveCfg = Release|Any CPU
		{0C0E4C99-9CB8-42A9-8322-CD22FBBF24D6}.Ad-Hoc|iPhoneSimulator.Build.0 = Release|Any CPU
		{0C0E4C99-9CB8-42A9-8322-CD22FBBF24D6}.Ad-Hoc|iPhoneSimulator.Deploy.0 = Release|Any CPU
		{0C0E4C99-9CB8-42A9-8322-CD22FBBF24D6}.Ad-Hoc|x64.ActiveCfg = Release|Any CPU
		{0C0E4C99-9CB8-42A9-8322-CD22FBBF24D6}.Ad-Hoc|x64.Build.0 = Release|Any CPU
		{0C0E4C99-9CB8-42A9-8322-CD22FBBF24D6}.Ad-Hoc|x64.Deploy.0 = Release|Any CPU
		{0C0E4C99-9CB8-42A9-8322-CD22FBBF24D6}.Ad-Hoc|x86.ActiveCfg = Release|Any CPU
		{0C0E4C99-9CB8-42A9-8322-CD22FBBF24D6}.Ad-Hoc|x86.Build.0 = Release|Any CPU
		{0C0E4C99-9CB8-42A9-8322-CD22FBBF24D6}.Ad-Hoc|x86.Deploy.0 = Release|Any CPU
		{0C0E4C99-9CB8-42A9-8322-CD22FBBF24D6}.AppStore|Any CPU.ActiveCfg = Release|Any CPU
		{0C0E4C99-9CB8-42A9-8322-CD22FBBF24D6}.AppStore|Any CPU.Build.0 = Release|Any CPU
		{0C0E4C99-9CB8-42A9-8322-CD22FBBF24D6}.AppStore|Any CPU.Deploy.0 = Release|Any CPU
		{0C0E4C99-9CB8-42A9-8322-CD22FBBF24D6}.AppStore|ARM.ActiveCfg = Release|Any CPU
		{0C0E4C99-9CB8-42A9-8322-CD22FBBF24D6}.AppStore|ARM.Build.0 = Release|Any CPU
		{0C0E4C99-9CB8-42A9-8322-CD22FBBF24D6}.AppStore|ARM.Deploy.0 = Release|Any CPU
		{0C0E4C99-9CB8-42A9-8322-CD22FBBF24D6}.AppStore|iPhone.ActiveCfg = Release|Any CPU
		{0C0E4C99-9CB8-42A9-8322-CD22FBBF24D6}.AppStore|iPhone.Build.0 = Release|Any CPU
		{0C0E4C99-9CB8-42A9-8322-CD22FBBF24D6}.AppStore|iPhone.Deploy.0 = Release|Any CPU
		{0C0E4C99-9CB8-42A9-8322-CD22FBBF24D6}.AppStore|iPhoneSimulator.ActiveCfg = Release|Any CPU
		{0C0E4C99-9CB8-42A9-8322-CD22FBBF24D6}.AppStore|iPhoneSimulator.Build.0 = Release|Any CPU
		{0C0E4C99-9CB8-42A9-8322-CD22FBBF24D6}.AppStore|iPhoneSimulator.Deploy.0 = Release|Any CPU
		{0C0E4C99-9CB8-42A9-8322-CD22FBBF24D6}.AppStore|x64.ActiveCfg = Release|Any CPU
		{0C0E4C99-9CB8-42A9-8322-CD22FBBF24D6}.AppStore|x64.Build.0 = Release|Any CPU
		{0C0E4C99-9CB8-42A9-8322-CD22FBBF24D6}.AppStore|x64.Deploy.0 = Release|Any CPU
		{0C0E4C99-9CB8-42A9-8322-CD22FBBF24D6}.AppStore|x86.ActiveCfg = Release|Any CPU
		{0C0E4C99-9CB8-42A9-8322-CD22FBBF24D6}.AppStore|x86.Build.0 = Release|Any CPU
		{0C0E4C99-9CB8-42A9-8322-CD22FBBF24D6}.AppStore|x86.Deploy.0 = Release|Any CPU
		{0C0E4C99-9CB8-42A9-8322-CD22FBBF24D6}.Debug|Any CPU.ActiveCfg = Debug|Any CPU
		{0C0E4C99-9CB8-42A9-8322-CD22FBBF24D6}.Debug|Any CPU.Build.0 = Debug|Any CPU
		{0C0E4C99-9CB8-42A9-8322-CD22FBBF24D6}.Debug|Any CPU.Deploy.0 = Debug|Any CPU
		{0C0E4C99-9CB8-42A9-8322-CD22FBBF24D6}.Debug|ARM.ActiveCfg = Debug|Any CPU
		{0C0E4C99-9CB8-42A9-8322-CD22FBBF24D6}.Debug|ARM.Build.0 = Debug|Any CPU
		{0C0E4C99-9CB8-42A9-8322-CD22FBBF24D6}.Debug|ARM.Deploy.0 = Debug|Any CPU
		{0C0E4C99-9CB8-42A9-8322-CD22FBBF24D6}.Debug|iPhone.ActiveCfg = Debug|Any CPU
		{0C0E4C99-9CB8-42A9-8322-CD22FBBF24D6}.Debug|iPhone.Build.0 = Debug|Any CPU
		{0C0E4C99-9CB8-42A9-8322-CD22FBBF24D6}.Debug|iPhone.Deploy.0 = Debug|Any CPU
		{0C0E4C99-9CB8-42A9-8322-CD22FBBF24D6}.Debug|iPhoneSimulator.ActiveCfg = Debug|Any CPU
		{0C0E4C99-9CB8-42A9-8322-CD22FBBF24D6}.Debug|iPhoneSimulator.Build.0 = Debug|Any CPU
		{0C0E4C99-9CB8-42A9-8322-CD22FBBF24D6}.Debug|iPhoneSimulator.Deploy.0 = Debug|Any CPU
		{0C0E4C99-9CB8-42A9-8322-CD22FBBF24D6}.Debug|x64.ActiveCfg = Debug|Any CPU
		{0C0E4C99-9CB8-42A9-8322-CD22FBBF24D6}.Debug|x64.Build.0 = Debug|Any CPU
		{0C0E4C99-9CB8-42A9-8322-CD22FBBF24D6}.Debug|x64.Deploy.0 = Debug|Any CPU
		{0C0E4C99-9CB8-42A9-8322-CD22FBBF24D6}.Debug|x86.ActiveCfg = Debug|Any CPU
		{0C0E4C99-9CB8-42A9-8322-CD22FBBF24D6}.Debug|x86.Build.0 = Debug|Any CPU
		{0C0E4C99-9CB8-42A9-8322-CD22FBBF24D6}.Debug|x86.Deploy.0 = Debug|Any CPU
		{0C0E4C99-9CB8-42A9-8322-CD22FBBF24D6}.Release|Any CPU.ActiveCfg = Release|Any CPU
		{0C0E4C99-9CB8-42A9-8322-CD22FBBF24D6}.Release|Any CPU.Build.0 = Release|Any CPU
		{0C0E4C99-9CB8-42A9-8322-CD22FBBF24D6}.Release|Any CPU.Deploy.0 = Release|Any CPU
		{0C0E4C99-9CB8-42A9-8322-CD22FBBF24D6}.Release|ARM.ActiveCfg = Release|Any CPU
		{0C0E4C99-9CB8-42A9-8322-CD22FBBF24D6}.Release|ARM.Build.0 = Release|Any CPU
		{0C0E4C99-9CB8-42A9-8322-CD22FBBF24D6}.Release|ARM.Deploy.0 = Release|Any CPU
		{0C0E4C99-9CB8-42A9-8322-CD22FBBF24D6}.Release|iPhone.ActiveCfg = Release|Any CPU
		{0C0E4C99-9CB8-42A9-8322-CD22FBBF24D6}.Release|iPhone.Build.0 = Release|Any CPU
		{0C0E4C99-9CB8-42A9-8322-CD22FBBF24D6}.Release|iPhone.Deploy.0 = Release|Any CPU
		{0C0E4C99-9CB8-42A9-8322-CD22FBBF24D6}.Release|iPhoneSimulator.ActiveCfg = Release|Any CPU
		{0C0E4C99-9CB8-42A9-8322-CD22FBBF24D6}.Release|iPhoneSimulator.Build.0 = Release|Any CPU
		{0C0E4C99-9CB8-42A9-8322-CD22FBBF24D6}.Release|iPhoneSimulator.Deploy.0 = Release|Any CPU
		{0C0E4C99-9CB8-42A9-8322-CD22FBBF24D6}.Release|x64.ActiveCfg = Release|Any CPU
		{0C0E4C99-9CB8-42A9-8322-CD22FBBF24D6}.Release|x64.Build.0 = Release|Any CPU
		{0C0E4C99-9CB8-42A9-8322-CD22FBBF24D6}.Release|x64.Deploy.0 = Release|Any CPU
		{0C0E4C99-9CB8-42A9-8322-CD22FBBF24D6}.Release|x86.ActiveCfg = Release|Any CPU
		{0C0E4C99-9CB8-42A9-8322-CD22FBBF24D6}.Release|x86.Build.0 = Release|Any CPU
		{0C0E4C99-9CB8-42A9-8322-CD22FBBF24D6}.Release|x86.Deploy.0 = Release|Any CPU
		{C4A48696-A184-455C-9C87-3C1671F5A9A1}.Ad-Hoc|Any CPU.ActiveCfg = Release|x86
		{C4A48696-A184-455C-9C87-3C1671F5A9A1}.Ad-Hoc|Any CPU.Build.0 = Release|x86
		{C4A48696-A184-455C-9C87-3C1671F5A9A1}.Ad-Hoc|Any CPU.Deploy.0 = Release|x86
		{C4A48696-A184-455C-9C87-3C1671F5A9A1}.Ad-Hoc|ARM.ActiveCfg = Release|ARM
		{C4A48696-A184-455C-9C87-3C1671F5A9A1}.Ad-Hoc|ARM.Build.0 = Release|ARM
		{C4A48696-A184-455C-9C87-3C1671F5A9A1}.Ad-Hoc|ARM.Deploy.0 = Release|ARM
		{C4A48696-A184-455C-9C87-3C1671F5A9A1}.Ad-Hoc|iPhone.ActiveCfg = Release|x86
		{C4A48696-A184-455C-9C87-3C1671F5A9A1}.Ad-Hoc|iPhone.Build.0 = Release|x86
		{C4A48696-A184-455C-9C87-3C1671F5A9A1}.Ad-Hoc|iPhone.Deploy.0 = Release|x86
		{C4A48696-A184-455C-9C87-3C1671F5A9A1}.Ad-Hoc|iPhoneSimulator.ActiveCfg = Release|x86
		{C4A48696-A184-455C-9C87-3C1671F5A9A1}.Ad-Hoc|iPhoneSimulator.Build.0 = Release|x86
		{C4A48696-A184-455C-9C87-3C1671F5A9A1}.Ad-Hoc|iPhoneSimulator.Deploy.0 = Release|x86
		{C4A48696-A184-455C-9C87-3C1671F5A9A1}.Ad-Hoc|x64.ActiveCfg = Release|x64
		{C4A48696-A184-455C-9C87-3C1671F5A9A1}.Ad-Hoc|x64.Build.0 = Release|x64
		{C4A48696-A184-455C-9C87-3C1671F5A9A1}.Ad-Hoc|x64.Deploy.0 = Release|x64
		{C4A48696-A184-455C-9C87-3C1671F5A9A1}.Ad-Hoc|x86.ActiveCfg = Release|x86
		{C4A48696-A184-455C-9C87-3C1671F5A9A1}.Ad-Hoc|x86.Build.0 = Release|x86
		{C4A48696-A184-455C-9C87-3C1671F5A9A1}.Ad-Hoc|x86.Deploy.0 = Release|x86
		{C4A48696-A184-455C-9C87-3C1671F5A9A1}.AppStore|Any CPU.ActiveCfg = Release|x86
		{C4A48696-A184-455C-9C87-3C1671F5A9A1}.AppStore|Any CPU.Build.0 = Release|x86
		{C4A48696-A184-455C-9C87-3C1671F5A9A1}.AppStore|Any CPU.Deploy.0 = Release|x86
		{C4A48696-A184-455C-9C87-3C1671F5A9A1}.AppStore|ARM.ActiveCfg = Release|ARM
		{C4A48696-A184-455C-9C87-3C1671F5A9A1}.AppStore|ARM.Build.0 = Release|ARM
		{C4A48696-A184-455C-9C87-3C1671F5A9A1}.AppStore|ARM.Deploy.0 = Release|ARM
		{C4A48696-A184-455C-9C87-3C1671F5A9A1}.AppStore|iPhone.ActiveCfg = Release|x86
		{C4A48696-A184-455C-9C87-3C1671F5A9A1}.AppStore|iPhone.Build.0 = Release|x86
		{C4A48696-A184-455C-9C87-3C1671F5A9A1}.AppStore|iPhone.Deploy.0 = Release|x86
		{C4A48696-A184-455C-9C87-3C1671F5A9A1}.AppStore|iPhoneSimulator.ActiveCfg = Release|x86
		{C4A48696-A184-455C-9C87-3C1671F5A9A1}.AppStore|iPhoneSimulator.Build.0 = Release|x86
		{C4A48696-A184-455C-9C87-3C1671F5A9A1}.AppStore|iPhoneSimulator.Deploy.0 = Release|x86
		{C4A48696-A184-455C-9C87-3C1671F5A9A1}.AppStore|x64.ActiveCfg = Release|x64
		{C4A48696-A184-455C-9C87-3C1671F5A9A1}.AppStore|x64.Build.0 = Release|x64
		{C4A48696-A184-455C-9C87-3C1671F5A9A1}.AppStore|x64.Deploy.0 = Release|x64
		{C4A48696-A184-455C-9C87-3C1671F5A9A1}.AppStore|x86.ActiveCfg = Release|x86
		{C4A48696-A184-455C-9C87-3C1671F5A9A1}.AppStore|x86.Build.0 = Release|x86
		{C4A48696-A184-455C-9C87-3C1671F5A9A1}.AppStore|x86.Deploy.0 = Release|x86
		{C4A48696-A184-455C-9C87-3C1671F5A9A1}.Debug|Any CPU.ActiveCfg = Debug|x86
		{C4A48696-A184-455C-9C87-3C1671F5A9A1}.Debug|ARM.ActiveCfg = Debug|ARM
		{C4A48696-A184-455C-9C87-3C1671F5A9A1}.Debug|ARM.Build.0 = Debug|ARM
		{C4A48696-A184-455C-9C87-3C1671F5A9A1}.Debug|ARM.Deploy.0 = Debug|ARM
		{C4A48696-A184-455C-9C87-3C1671F5A9A1}.Debug|iPhone.ActiveCfg = Debug|x86
		{C4A48696-A184-455C-9C87-3C1671F5A9A1}.Debug|iPhoneSimulator.ActiveCfg = Debug|x86
		{C4A48696-A184-455C-9C87-3C1671F5A9A1}.Debug|x64.ActiveCfg = Debug|x64
		{C4A48696-A184-455C-9C87-3C1671F5A9A1}.Debug|x64.Build.0 = Debug|x64
		{C4A48696-A184-455C-9C87-3C1671F5A9A1}.Debug|x64.Deploy.0 = Debug|x64
		{C4A48696-A184-455C-9C87-3C1671F5A9A1}.Debug|x86.ActiveCfg = Debug|x86
		{C4A48696-A184-455C-9C87-3C1671F5A9A1}.Debug|x86.Build.0 = Debug|x86
		{C4A48696-A184-455C-9C87-3C1671F5A9A1}.Debug|x86.Deploy.0 = Debug|x86
		{C4A48696-A184-455C-9C87-3C1671F5A9A1}.Release|Any CPU.ActiveCfg = Release|x86
		{C4A48696-A184-455C-9C87-3C1671F5A9A1}.Release|ARM.ActiveCfg = Release|ARM
		{C4A48696-A184-455C-9C87-3C1671F5A9A1}.Release|ARM.Build.0 = Release|ARM
		{C4A48696-A184-455C-9C87-3C1671F5A9A1}.Release|ARM.Deploy.0 = Release|ARM
		{C4A48696-A184-455C-9C87-3C1671F5A9A1}.Release|iPhone.ActiveCfg = Release|x86
		{C4A48696-A184-455C-9C87-3C1671F5A9A1}.Release|iPhoneSimulator.ActiveCfg = Release|x86
		{C4A48696-A184-455C-9C87-3C1671F5A9A1}.Release|x64.ActiveCfg = Release|x64
		{C4A48696-A184-455C-9C87-3C1671F5A9A1}.Release|x64.Build.0 = Release|x64
		{C4A48696-A184-455C-9C87-3C1671F5A9A1}.Release|x64.Deploy.0 = Release|x64
		{C4A48696-A184-455C-9C87-3C1671F5A9A1}.Release|x86.ActiveCfg = Release|x86
		{C4A48696-A184-455C-9C87-3C1671F5A9A1}.Release|x86.Build.0 = Release|x86
		{C4A48696-A184-455C-9C87-3C1671F5A9A1}.Release|x86.Deploy.0 = Release|x86
	EndGlobalSection
	GlobalSection(SolutionProperties) = preSolution
		HideSolutionNode = FALSE
	EndGlobalSection
	GlobalSection(NestedProjects) = preSolution
		{C1F7BC7B-144E-4936-A95E-1B713386E130} = {2E4590AA-B4EA-4796-AA12-C160ABBEA70E}
		{92523E0A-68DF-4CEF-AAB1-7FAE5B166FF6} = {2E4590AA-B4EA-4796-AA12-C160ABBEA70E}
		{D9DB2A39-ECCA-46EE-A0DA-C97080C9E02E} = {2E4590AA-B4EA-4796-AA12-C160ABBEA70E}
		{644C1088-7AD1-4190-A2EE-CE7BD4D65604} = {8D748A46-BF66-4156-850E-050AD5FB0C9B}
		{6C38E7B8-F6A2-49A4-8294-3E5D6987CEFD} = {8D748A46-BF66-4156-850E-050AD5FB0C9B}
		{44CBD4F6-C6F5-4CCC-B481-183448801172} = {8D748A46-BF66-4156-850E-050AD5FB0C9B}
		{134C9DEC-15D6-4822-AD48-C01E908171DE} = {27D84A97-FD97-4062-9A06-461557F323D5}
		{6584FF00-7B84-4CE0-BD80-8FD7C40FB4BE} = {27D84A97-FD97-4062-9A06-461557F323D5}
		{23973170-72A4-4D48-9F0D-015605D71BD6} = {27D84A97-FD97-4062-9A06-461557F323D5}
		{F6FAC96C-1B78-4856-AD02-CF6B6081C984} = {980778C3-3930-445A-A1A3-D0E11B28938A}
		{0C0E4C99-9CB8-42A9-8322-CD22FBBF24D6} = {980778C3-3930-445A-A1A3-D0E11B28938A}
		{C4A48696-A184-455C-9C87-3C1671F5A9A1} = {980778C3-3930-445A-A1A3-D0E11B28938A}
	EndGlobalSection
EndGlobal
