
Microsoft Visual Studio Solution File, Format Version 12.00
# Visual Studio 14
VisualStudioVersion = 14.0.22823.1
MinimumVisualStudioVersion = 10.0.40219.1
Project("{FAE04EC0-301F-11D3-BF4B-00C04F79EFBC}") = "AndroidFundamentals", "AndroidFundamentals\AndroidFundamentals.csproj", "{C940BCC1-9C37-4676-992C-147FC559601F}"
EndProject
Project("{FAE04EC0-301F-11D3-BF4B-00C04F79EFBC}") = "ListAdapters", "ListAdapters\ListAdapters.csproj", "{A7BFB393-3ECA-4B72-BC61-61E99CFD56C0}"
EndProject
Project("{FAE04EC0-301F-11D3-BF4B-00C04F79EFBC}") = "CustomListAdapter", "CustomListAdapter\CustomListAdapter.csproj", "{B46ABE1B-E37D-439C-8F1B-08BEB987E724}"
EndProject
Project("{FAE04EC0-301F-11D3-BF4B-00C04F79EFBC}") = "ActivityState", "ActivityState\ActivityState.csproj", "{5FA7C324-2318-4566-BD39-DEF2A7F29015}"
EndProject
Project("{FAE04EC0-301F-11D3-BF4B-00C04F79EFBC}") = "FilesSample", "FilesSample\FilesSample.csproj", "{C316AF4A-6100-4377-A0B9-A81D6366C5DA}"
EndProject
Global
	GlobalSection(SolutionConfigurationPlatforms) = preSolution
		Debug|Any CPU = Debug|Any CPU
		Debug|ARM = Debug|ARM
		Debug|x64 = Debug|x64
		Debug|x86 = Debug|x86
		Release|Any CPU = Release|Any CPU
		Release|ARM = Release|ARM
		Release|x64 = Release|x64
		Release|x86 = Release|x86
	EndGlobalSection
	GlobalSection(ProjectConfigurationPlatforms) = postSolution
		{C940BCC1-9C37-4676-992C-147FC559601F}.Debug|Any CPU.ActiveCfg = Debug|Any CPU
		{C940BCC1-9C37-4676-992C-147FC559601F}.Debug|Any CPU.Build.0 = Debug|Any CPU
		{C940BCC1-9C37-4676-992C-147FC559601F}.Debug|Any CPU.Deploy.0 = Debug|Any CPU
		{C940BCC1-9C37-4676-992C-147FC559601F}.Debug|ARM.ActiveCfg = Debug|Any CPU
		{C940BCC1-9C37-4676-992C-147FC559601F}.Debug|ARM.Build.0 = Debug|Any CPU
		{C940BCC1-9C37-4676-992C-147FC559601F}.Debug|ARM.Deploy.0 = Debug|Any CPU
		{C940BCC1-9C37-4676-992C-147FC559601F}.Debug|x64.ActiveCfg = Debug|Any CPU
		{C940BCC1-9C37-4676-992C-147FC559601F}.Debug|x64.Build.0 = Debug|Any CPU
		{C940BCC1-9C37-4676-992C-147FC559601F}.Debug|x64.Deploy.0 = Debug|Any CPU
		{C940BCC1-9C37-4676-992C-147FC559601F}.Debug|x86.ActiveCfg = Debug|Any CPU
		{C940BCC1-9C37-4676-992C-147FC559601F}.Debug|x86.Build.0 = Debug|Any CPU
		{C940BCC1-9C37-4676-992C-147FC559601F}.Debug|x86.Deploy.0 = Debug|Any CPU
		{C940BCC1-9C37-4676-992C-147FC559601F}.Release|Any CPU.ActiveCfg = Release|Any CPU
		{C940BCC1-9C37-4676-992C-147FC559601F}.Release|Any CPU.Build.0 = Release|Any CPU
		{C940BCC1-9C37-4676-992C-147FC559601F}.Release|Any CPU.Deploy.0 = Release|Any CPU
		{C940BCC1-9C37-4676-992C-147FC559601F}.Release|ARM.ActiveCfg = Release|Any CPU
		{C940BCC1-9C37-4676-992C-147FC559601F}.Release|ARM.Build.0 = Release|Any CPU
		{C940BCC1-9C37-4676-992C-147FC559601F}.Release|ARM.Deploy.0 = Release|Any CPU
		{C940BCC1-9C37-4676-992C-147FC559601F}.Release|x64.ActiveCfg = Release|Any CPU
		{C940BCC1-9C37-4676-992C-147FC559601F}.Release|x64.Build.0 = Release|Any CPU
		{C940BCC1-9C37-4676-992C-147FC559601F}.Release|x64.Deploy.0 = Release|Any CPU
		{C940BCC1-9C37-4676-992C-147FC559601F}.Release|x86.ActiveCfg = Release|Any CPU
		{C940BCC1-9C37-4676-992C-147FC559601F}.Release|x86.Build.0 = Release|Any CPU
		{C940BCC1-9C37-4676-992C-147FC559601F}.Release|x86.Deploy.0 = Release|Any CPU
		{A7BFB393-3ECA-4B72-BC61-61E99CFD56C0}.Debug|Any CPU.ActiveCfg = Debug|Any CPU
		{A7BFB393-3ECA-4B72-BC61-61E99CFD56C0}.Debug|Any CPU.Build.0 = Debug|Any CPU
		{A7BFB393-3ECA-4B72-BC61-61E99CFD56C0}.Debug|Any CPU.Deploy.0 = Debug|Any CPU
		{A7BFB393-3ECA-4B72-BC61-61E99CFD56C0}.Debug|ARM.ActiveCfg = Debug|Any CPU
		{A7BFB393-3ECA-4B72-BC61-61E99CFD56C0}.Debug|ARM.Build.0 = Debug|Any CPU
		{A7BFB393-3ECA-4B72-BC61-61E99CFD56C0}.Debug|ARM.Deploy.0 = Debug|Any CPU
		{A7BFB393-3ECA-4B72-BC61-61E99CFD56C0}.Debug|x64.ActiveCfg = Debug|Any CPU
		{A7BFB393-3ECA-4B72-BC61-61E99CFD56C0}.Debug|x64.Build.0 = Debug|Any CPU
		{A7BFB393-3ECA-4B72-BC61-61E99CFD56C0}.Debug|x64.Deploy.0 = Debug|Any CPU
		{A7BFB393-3ECA-4B72-BC61-61E99CFD56C0}.Debug|x86.ActiveCfg = Debug|Any CPU
		{A7BFB393-3ECA-4B72-BC61-61E99CFD56C0}.Debug|x86.Build.0 = Debug|Any CPU
		{A7BFB393-3ECA-4B72-BC61-61E99CFD56C0}.Debug|x86.Deploy.0 = Debug|Any CPU
		{A7BFB393-3ECA-4B72-BC61-61E99CFD56C0}.Release|Any CPU.ActiveCfg = Release|Any CPU
		{A7BFB393-3ECA-4B72-BC61-61E99CFD56C0}.Release|Any CPU.Build.0 = Release|Any CPU
		{A7BFB393-3ECA-4B72-BC61-61E99CFD56C0}.Release|Any CPU.Deploy.0 = Release|Any CPU
		{A7BFB393-3ECA-4B72-BC61-61E99CFD56C0}.Release|ARM.ActiveCfg = Release|Any CPU
		{A7BFB393-3ECA-4B72-BC61-61E99CFD56C0}.Release|ARM.Build.0 = Release|Any CPU
		{A7BFB393-3ECA-4B72-BC61-61E99CFD56C0}.Release|ARM.Deploy.0 = Release|Any CPU
		{A7BFB393-3ECA-4B72-BC61-61E99CFD56C0}.Release|x64.ActiveCfg = Release|Any CPU
		{A7BFB393-3ECA-4B72-BC61-61E99CFD56C0}.Release|x64.Build.0 = Release|Any CPU
		{A7BFB393-3ECA-4B72-BC61-61E99CFD56C0}.Release|x64.Deploy.0 = Release|Any CPU
		{A7BFB393-3ECA-4B72-BC61-61E99CFD56C0}.Release|x86.ActiveCfg = Release|Any CPU
		{A7BFB393-3ECA-4B72-BC61-61E99CFD56C0}.Release|x86.Build.0 = Release|Any CPU
		{A7BFB393-3ECA-4B72-BC61-61E99CFD56C0}.Release|x86.Deploy.0 = Release|Any CPU
		{B46ABE1B-E37D-439C-8F1B-08BEB987E724}.Debug|Any CPU.ActiveCfg = Debug|Any CPU
		{B46ABE1B-E37D-439C-8F1B-08BEB987E724}.Debug|Any CPU.Build.0 = Debug|Any CPU
		{B46ABE1B-E37D-439C-8F1B-08BEB987E724}.Debug|Any CPU.Deploy.0 = Debug|Any CPU
		{B46ABE1B-E37D-439C-8F1B-08BEB987E724}.Debug|ARM.ActiveCfg = Debug|Any CPU
		{B46ABE1B-E37D-439C-8F1B-08BEB987E724}.Debug|ARM.Build.0 = Debug|Any CPU
		{B46ABE1B-E37D-439C-8F1B-08BEB987E724}.Debug|ARM.Deploy.0 = Debug|Any CPU
		{B46ABE1B-E37D-439C-8F1B-08BEB987E724}.Debug|x64.ActiveCfg = Debug|Any CPU
		{B46ABE1B-E37D-439C-8F1B-08BEB987E724}.Debug|x64.Build.0 = Debug|Any CPU
		{B46ABE1B-E37D-439C-8F1B-08BEB987E724}.Debug|x64.Deploy.0 = Debug|Any CPU
		{B46ABE1B-E37D-439C-8F1B-08BEB987E724}.Debug|x86.ActiveCfg = Debug|Any CPU
		{B46ABE1B-E37D-439C-8F1B-08BEB987E724}.Debug|x86.Build.0 = Debug|Any CPU
		{B46ABE1B-E37D-439C-8F1B-08BEB987E724}.Debug|x86.Deploy.0 = Debug|Any CPU
		{B46ABE1B-E37D-439C-8F1B-08BEB987E724}.Release|Any CPU.ActiveCfg = Release|Any CPU
		{B46ABE1B-E37D-439C-8F1B-08BEB987E724}.Release|Any CPU.Build.0 = Release|Any CPU
		{B46ABE1B-E37D-439C-8F1B-08BEB987E724}.Release|Any CPU.Deploy.0 = Release|Any CPU
		{B46ABE1B-E37D-439C-8F1B-08BEB987E724}.Release|ARM.ActiveCfg = Release|Any CPU
		{B46ABE1B-E37D-439C-8F1B-08BEB987E724}.Release|ARM.Build.0 = Release|Any CPU
		{B46ABE1B-E37D-439C-8F1B-08BEB987E724}.Release|ARM.Deploy.0 = Release|Any CPU
		{B46ABE1B-E37D-439C-8F1B-08BEB987E724}.Release|x64.ActiveCfg = Release|Any CPU
		{B46ABE1B-E37D-439C-8F1B-08BEB987E724}.Release|x64.Build.0 = Release|Any CPU
		{B46ABE1B-E37D-439C-8F1B-08BEB987E724}.Release|x64.Deploy.0 = Release|Any CPU
		{B46ABE1B-E37D-439C-8F1B-08BEB987E724}.Release|x86.ActiveCfg = Release|Any CPU
		{B46ABE1B-E37D-439C-8F1B-08BEB987E724}.Release|x86.Build.0 = Release|Any CPU
		{B46ABE1B-E37D-439C-8F1B-08BEB987E724}.Release|x86.Deploy.0 = Release|Any CPU
		{5FA7C324-2318-4566-BD39-DEF2A7F29015}.Debug|Any CPU.ActiveCfg = Debug|Any CPU
		{5FA7C324-2318-4566-BD39-DEF2A7F29015}.Debug|Any CPU.Build.0 = Debug|Any CPU
		{5FA7C324-2318-4566-BD39-DEF2A7F29015}.Debug|Any CPU.Deploy.0 = Debug|Any CPU
		{5FA7C324-2318-4566-BD39-DEF2A7F29015}.Debug|ARM.ActiveCfg = Debug|Any CPU
		{5FA7C324-2318-4566-BD39-DEF2A7F29015}.Debug|ARM.Build.0 = Debug|Any CPU
		{5FA7C324-2318-4566-BD39-DEF2A7F29015}.Debug|ARM.Deploy.0 = Debug|Any CPU
		{5FA7C324-2318-4566-BD39-DEF2A7F29015}.Debug|x64.ActiveCfg = Debug|Any CPU
		{5FA7C324-2318-4566-BD39-DEF2A7F29015}.Debug|x64.Build.0 = Debug|Any CPU
		{5FA7C324-2318-4566-BD39-DEF2A7F29015}.Debug|x64.Deploy.0 = Debug|Any CPU
		{5FA7C324-2318-4566-BD39-DEF2A7F29015}.Debug|x86.ActiveCfg = Debug|Any CPU
		{5FA7C324-2318-4566-BD39-DEF2A7F29015}.Debug|x86.Build.0 = Debug|Any CPU
		{5FA7C324-2318-4566-BD39-DEF2A7F29015}.Debug|x86.Deploy.0 = Debug|Any CPU
		{5FA7C324-2318-4566-BD39-DEF2A7F29015}.Release|Any CPU.ActiveCfg = Release|Any CPU
		{5FA7C324-2318-4566-BD39-DEF2A7F29015}.Release|Any CPU.Build.0 = Release|Any CPU
		{5FA7C324-2318-4566-BD39-DEF2A7F29015}.Release|Any CPU.Deploy.0 = Release|Any CPU
		{5FA7C324-2318-4566-BD39-DEF2A7F29015}.Release|ARM.ActiveCfg = Release|Any CPU
		{5FA7C324-2318-4566-BD39-DEF2A7F29015}.Release|ARM.Build.0 = Release|Any CPU
		{5FA7C324-2318-4566-BD39-DEF2A7F29015}.Release|ARM.Deploy.0 = Release|Any CPU
		{5FA7C324-2318-4566-BD39-DEF2A7F29015}.Release|x64.ActiveCfg = Release|Any CPU
		{5FA7C324-2318-4566-BD39-DEF2A7F29015}.Release|x64.Build.0 = Release|Any CPU
		{5FA7C324-2318-4566-BD39-DEF2A7F29015}.Release|x64.Deploy.0 = Release|Any CPU
		{5FA7C324-2318-4566-BD39-DEF2A7F29015}.Release|x86.ActiveCfg = Release|Any CPU
		{5FA7C324-2318-4566-BD39-DEF2A7F29015}.Release|x86.Build.0 = Release|Any CPU
		{5FA7C324-2318-4566-BD39-DEF2A7F29015}.Release|x86.Deploy.0 = Release|Any CPU
		{C316AF4A-6100-4377-A0B9-A81D6366C5DA}.Debug|Any CPU.ActiveCfg = Debug|Any CPU
		{C316AF4A-6100-4377-A0B9-A81D6366C5DA}.Debug|Any CPU.Build.0 = Debug|Any CPU
		{C316AF4A-6100-4377-A0B9-A81D6366C5DA}.Debug|Any CPU.Deploy.0 = Debug|Any CPU
		{C316AF4A-6100-4377-A0B9-A81D6366C5DA}.Debug|ARM.ActiveCfg = Debug|Any CPU
		{C316AF4A-6100-4377-A0B9-A81D6366C5DA}.Debug|ARM.Build.0 = Debug|Any CPU
		{C316AF4A-6100-4377-A0B9-A81D6366C5DA}.Debug|ARM.Deploy.0 = Debug|Any CPU
		{C316AF4A-6100-4377-A0B9-A81D6366C5DA}.Debug|x64.ActiveCfg = Debug|Any CPU
		{C316AF4A-6100-4377-A0B9-A81D6366C5DA}.Debug|x64.Build.0 = Debug|Any CPU
		{C316AF4A-6100-4377-A0B9-A81D6366C5DA}.Debug|x64.Deploy.0 = Debug|Any CPU
		{C316AF4A-6100-4377-A0B9-A81D6366C5DA}.Debug|x86.ActiveCfg = Debug|Any CPU
		{C316AF4A-6100-4377-A0B9-A81D6366C5DA}.Debug|x86.Build.0 = Debug|Any CPU
		{C316AF4A-6100-4377-A0B9-A81D6366C5DA}.Debug|x86.Deploy.0 = Debug|Any CPU
		{C316AF4A-6100-4377-A0B9-A81D6366C5DA}.Release|Any CPU.ActiveCfg = Release|Any CPU
		{C316AF4A-6100-4377-A0B9-A81D6366C5DA}.Release|Any CPU.Build.0 = Release|Any CPU
		{C316AF4A-6100-4377-A0B9-A81D6366C5DA}.Release|Any CPU.Deploy.0 = Release|Any CPU
		{C316AF4A-6100-4377-A0B9-A81D6366C5DA}.Release|ARM.ActiveCfg = Release|Any CPU
		{C316AF4A-6100-4377-A0B9-A81D6366C5DA}.Release|ARM.Build.0 = Release|Any CPU
		{C316AF4A-6100-4377-A0B9-A81D6366C5DA}.Release|ARM.Deploy.0 = Release|Any CPU
		{C316AF4A-6100-4377-A0B9-A81D6366C5DA}.Release|x64.ActiveCfg = Release|Any CPU
		{C316AF4A-6100-4377-A0B9-A81D6366C5DA}.Release|x64.Build.0 = Release|Any CPU
		{C316AF4A-6100-4377-A0B9-A81D6366C5DA}.Release|x64.Deploy.0 = Release|Any CPU
		{C316AF4A-6100-4377-A0B9-A81D6366C5DA}.Release|x86.ActiveCfg = Release|Any CPU
		{C316AF4A-6100-4377-A0B9-A81D6366C5DA}.Release|x86.Build.0 = Release|Any CPU
		{C316AF4A-6100-4377-A0B9-A81D6366C5DA}.Release|x86.Deploy.0 = Release|Any CPU
	EndGlobalSection
	GlobalSection(SolutionProperties) = preSolution
		HideSolutionNode = FALSE
	EndGlobalSection
EndGlobal
