
Microsoft Visual Studio Solution File, Format Version 12.00
# Visual Studio 14
VisualStudioVersion = 14.0.24720.0
MinimumVisualStudioVersion = 10.0.40219.1
Project("{FAE04EC0-301F-11D3-BF4B-00C04F79EFBC}") = "XamarinMVVM.Shared", "XamarinMVVM.Shared\XamarinMVVM.Shared.csproj", "{C5BFBA94-D12B-440A-AAEC-3ED8F76D8AF4}"
EndProject
Project("{FAE04EC0-301F-11D3-BF4B-00C04F79EFBC}") = "XamarinMVVM.Android", "XamarinMVVM.Android\XamarinMVVM.Android.csproj", "{88C01E42-4E23-4B2A-881E-15AD74FF660A}"
EndProject
Project("{FAE04EC0-301F-11D3-BF4B-00C04F79EFBC}") = "XamarinMVVM.UWP", "XamarinMVVM.UWP\XamarinMVVM.UWP.csproj", "{0B98EA30-4199-43EB-83DD-DC894F21A45D}"
EndProject
Project("{FAE04EC0-301F-11D3-BF4B-00C04F79EFBC}") = "XamarinMVVM.iOS", "XamarinMVVM.iOS\XamarinMVVM.iOS.csproj", "{64B96A3B-EC4D-45D6-A152-851EA08FE621}"
EndProject
Global
	GlobalSection(SolutionConfigurationPlatforms) = preSolution
		Ad-Hoc|Any CPU = Ad-Hoc|Any CPU
		Ad-Hoc|ARM = Ad-Hoc|ARM
		Ad-Hoc|iPhone = Ad-Hoc|iPhone
		Ad-Hoc|iPhoneSimulator = Ad-Hoc|iPhoneSimulator
		Ad-Hoc|x64 = Ad-Hoc|x64
		Ad-Hoc|x86 = Ad-Hoc|x86
		AppStore|Any CPU = AppStore|Any CPU
		AppStore|ARM = AppStore|ARM
		AppStore|iPhone = AppStore|iPhone
		AppStore|iPhoneSimulator = AppStore|iPhoneSimulator
		AppStore|x64 = AppStore|x64
		AppStore|x86 = AppStore|x86
		Debug|Any CPU = Debug|Any CPU
		Debug|ARM = Debug|ARM
		Debug|iPhone = Debug|iPhone
		Debug|iPhoneSimulator = Debug|iPhoneSimulator
		Debug|x64 = Debug|x64
		Debug|x86 = Debug|x86
		Release|Any CPU = Release|Any CPU
		Release|ARM = Release|ARM
		Release|iPhone = Release|iPhone
		Release|iPhoneSimulator = Release|iPhoneSimulator
		Release|x64 = Release|x64
		Release|x86 = Release|x86
	EndGlobalSection
	GlobalSection(ProjectConfigurationPlatforms) = postSolution
		{C5BFBA94-D12B-440A-AAEC-3ED8F76D8AF4}.Ad-Hoc|Any CPU.ActiveCfg = Release|Any CPU
		{C5BFBA94-D12B-440A-AAEC-3ED8F76D8AF4}.Ad-Hoc|Any CPU.Build.0 = Release|Any CPU
		{C5BFBA94-D12B-440A-AAEC-3ED8F76D8AF4}.Ad-Hoc|ARM.ActiveCfg = Release|Any CPU
		{C5BFBA94-D12B-440A-AAEC-3ED8F76D8AF4}.Ad-Hoc|ARM.Build.0 = Release|Any CPU
		{C5BFBA94-D12B-440A-AAEC-3ED8F76D8AF4}.Ad-Hoc|iPhone.ActiveCfg = Release|Any CPU
		{C5BFBA94-D12B-440A-AAEC-3ED8F76D8AF4}.Ad-Hoc|iPhone.Build.0 = Release|Any CPU
		{C5BFBA94-D12B-440A-AAEC-3ED8F76D8AF4}.Ad-Hoc|iPhoneSimulator.ActiveCfg = Release|Any CPU
		{C5BFBA94-D12B-440A-AAEC-3ED8F76D8AF4}.Ad-Hoc|iPhoneSimulator.Build.0 = Release|Any CPU
		{C5BFBA94-D12B-440A-AAEC-3ED8F76D8AF4}.Ad-Hoc|x64.ActiveCfg = Release|Any CPU
		{C5BFBA94-D12B-440A-AAEC-3ED8F76D8AF4}.Ad-Hoc|x64.Build.0 = Release|Any CPU
		{C5BFBA94-D12B-440A-AAEC-3ED8F76D8AF4}.Ad-Hoc|x86.ActiveCfg = Release|Any CPU
		{C5BFBA94-D12B-440A-AAEC-3ED8F76D8AF4}.Ad-Hoc|x86.Build.0 = Release|Any CPU
		{C5BFBA94-D12B-440A-AAEC-3ED8F76D8AF4}.AppStore|Any CPU.ActiveCfg = Release|Any CPU
		{C5BFBA94-D12B-440A-AAEC-3ED8F76D8AF4}.AppStore|Any CPU.Build.0 = Release|Any CPU
		{C5BFBA94-D12B-440A-AAEC-3ED8F76D8AF4}.AppStore|ARM.ActiveCfg = Release|Any CPU
		{C5BFBA94-D12B-440A-AAEC-3ED8F76D8AF4}.AppStore|ARM.Build.0 = Release|Any CPU
		{C5BFBA94-D12B-440A-AAEC-3ED8F76D8AF4}.AppStore|iPhone.ActiveCfg = Release|Any CPU
		{C5BFBA94-D12B-440A-AAEC-3ED8F76D8AF4}.AppStore|iPhone.Build.0 = Release|Any CPU
		{C5BFBA94-D12B-440A-AAEC-3ED8F76D8AF4}.AppStore|iPhoneSimulator.ActiveCfg = Release|Any CPU
		{C5BFBA94-D12B-440A-AAEC-3ED8F76D8AF4}.AppStore|iPhoneSimulator.Build.0 = Release|Any CPU
		{C5BFBA94-D12B-440A-AAEC-3ED8F76D8AF4}.AppStore|x64.ActiveCfg = Release|Any CPU
		{C5BFBA94-D12B-440A-AAEC-3ED8F76D8AF4}.AppStore|x64.Build.0 = Release|Any CPU
		{C5BFBA94-D12B-440A-AAEC-3ED8F76D8AF4}.AppStore|x86.ActiveCfg = Release|Any CPU
		{C5BFBA94-D12B-440A-AAEC-3ED8F76D8AF4}.AppStore|x86.Build.0 = Release|Any CPU
		{C5BFBA94-D12B-440A-AAEC-3ED8F76D8AF4}.Debug|Any CPU.ActiveCfg = Debug|Any CPU
		{C5BFBA94-D12B-440A-AAEC-3ED8F76D8AF4}.Debug|Any CPU.Build.0 = Debug|Any CPU
		{C5BFBA94-D12B-440A-AAEC-3ED8F76D8AF4}.Debug|ARM.ActiveCfg = Debug|Any CPU
		{C5BFBA94-D12B-440A-AAEC-3ED8F76D8AF4}.Debug|ARM.Build.0 = Debug|Any CPU
		{C5BFBA94-D12B-440A-AAEC-3ED8F76D8AF4}.Debug|iPhone.ActiveCfg = Debug|Any CPU
		{C5BFBA94-D12B-440A-AAEC-3ED8F76D8AF4}.Debug|iPhone.Build.0 = Debug|Any CPU
		{C5BFBA94-D12B-440A-AAEC-3ED8F76D8AF4}.Debug|iPhoneSimulator.ActiveCfg = Debug|Any CPU
		{C5BFBA94-D12B-440A-AAEC-3ED8F76D8AF4}.Debug|iPhoneSimulator.Build.0 = Debug|Any CPU
		{C5BFBA94-D12B-440A-AAEC-3ED8F76D8AF4}.Debug|x64.ActiveCfg = Debug|Any CPU
		{C5BFBA94-D12B-440A-AAEC-3ED8F76D8AF4}.Debug|x64.Build.0 = Debug|Any CPU
		{C5BFBA94-D12B-440A-AAEC-3ED8F76D8AF4}.Debug|x86.ActiveCfg = Debug|Any CPU
		{C5BFBA94-D12B-440A-AAEC-3ED8F76D8AF4}.Debug|x86.Build.0 = Debug|Any CPU
		{C5BFBA94-D12B-440A-AAEC-3ED8F76D8AF4}.Release|Any CPU.ActiveCfg = Release|Any CPU
		{C5BFBA94-D12B-440A-AAEC-3ED8F76D8AF4}.Release|Any CPU.Build.0 = Release|Any CPU
		{C5BFBA94-D12B-440A-AAEC-3ED8F76D8AF4}.Release|ARM.ActiveCfg = Release|Any CPU
		{C5BFBA94-D12B-440A-AAEC-3ED8F76D8AF4}.Release|ARM.Build.0 = Release|Any CPU
		{C5BFBA94-D12B-440A-AAEC-3ED8F76D8AF4}.Release|iPhone.ActiveCfg = Release|Any CPU
		{C5BFBA94-D12B-440A-AAEC-3ED8F76D8AF4}.Release|iPhone.Build.0 = Release|Any CPU
		{C5BFBA94-D12B-440A-AAEC-3ED8F76D8AF4}.Release|iPhoneSimulator.ActiveCfg = Release|Any CPU
		{C5BFBA94-D12B-440A-AAEC-3ED8F76D8AF4}.Release|iPhoneSimulator.Build.0 = Release|Any CPU
		{C5BFBA94-D12B-440A-AAEC-3ED8F76D8AF4}.Release|x64.ActiveCfg = Release|Any CPU
		{C5BFBA94-D12B-440A-AAEC-3ED8F76D8AF4}.Release|x64.Build.0 = Release|Any CPU
		{C5BFBA94-D12B-440A-AAEC-3ED8F76D8AF4}.Release|x86.ActiveCfg = Release|Any CPU
		{C5BFBA94-D12B-440A-AAEC-3ED8F76D8AF4}.Release|x86.Build.0 = Release|Any CPU
		{88C01E42-4E23-4B2A-881E-15AD74FF660A}.Ad-Hoc|Any CPU.ActiveCfg = Release|Any CPU
		{88C01E42-4E23-4B2A-881E-15AD74FF660A}.Ad-Hoc|Any CPU.Build.0 = Release|Any CPU
		{88C01E42-4E23-4B2A-881E-15AD74FF660A}.Ad-Hoc|Any CPU.Deploy.0 = Release|Any CPU
		{88C01E42-4E23-4B2A-881E-15AD74FF660A}.Ad-Hoc|ARM.ActiveCfg = Release|Any CPU
		{88C01E42-4E23-4B2A-881E-15AD74FF660A}.Ad-Hoc|ARM.Build.0 = Release|Any CPU
		{88C01E42-4E23-4B2A-881E-15AD74FF660A}.Ad-Hoc|ARM.Deploy.0 = Release|Any CPU
		{88C01E42-4E23-4B2A-881E-15AD74FF660A}.Ad-Hoc|iPhone.ActiveCfg = Release|Any CPU
		{88C01E42-4E23-4B2A-881E-15AD74FF660A}.Ad-Hoc|iPhone.Build.0 = Release|Any CPU
		{88C01E42-4E23-4B2A-881E-15AD74FF660A}.Ad-Hoc|iPhone.Deploy.0 = Release|Any CPU
		{88C01E42-4E23-4B2A-881E-15AD74FF660A}.Ad-Hoc|iPhoneSimulator.ActiveCfg = Release|Any CPU
		{88C01E42-4E23-4B2A-881E-15AD74FF660A}.Ad-Hoc|iPhoneSimulator.Build.0 = Release|Any CPU
		{88C01E42-4E23-4B2A-881E-15AD74FF660A}.Ad-Hoc|iPhoneSimulator.Deploy.0 = Release|Any CPU
		{88C01E42-4E23-4B2A-881E-15AD74FF660A}.Ad-Hoc|x64.ActiveCfg = Release|Any CPU
		{88C01E42-4E23-4B2A-881E-15AD74FF660A}.Ad-Hoc|x64.Build.0 = Release|Any CPU
		{88C01E42-4E23-4B2A-881E-15AD74FF660A}.Ad-Hoc|x64.Deploy.0 = Release|Any CPU
		{88C01E42-4E23-4B2A-881E-15AD74FF660A}.Ad-Hoc|x86.ActiveCfg = Release|Any CPU
		{88C01E42-4E23-4B2A-881E-15AD74FF660A}.Ad-Hoc|x86.Build.0 = Release|Any CPU
		{88C01E42-4E23-4B2A-881E-15AD74FF660A}.Ad-Hoc|x86.Deploy.0 = Release|Any CPU
		{88C01E42-4E23-4B2A-881E-15AD74FF660A}.AppStore|Any CPU.ActiveCfg = Release|Any CPU
		{88C01E42-4E23-4B2A-881E-15AD74FF660A}.AppStore|Any CPU.Build.0 = Release|Any CPU
		{88C01E42-4E23-4B2A-881E-15AD74FF660A}.AppStore|Any CPU.Deploy.0 = Release|Any CPU
		{88C01E42-4E23-4B2A-881E-15AD74FF660A}.AppStore|ARM.ActiveCfg = Release|Any CPU
		{88C01E42-4E23-4B2A-881E-15AD74FF660A}.AppStore|ARM.Build.0 = Release|Any CPU
		{88C01E42-4E23-4B2A-881E-15AD74FF660A}.AppStore|ARM.Deploy.0 = Release|Any CPU
		{88C01E42-4E23-4B2A-881E-15AD74FF660A}.AppStore|iPhone.ActiveCfg = Release|Any CPU
		{88C01E42-4E23-4B2A-881E-15AD74FF660A}.AppStore|iPhone.Build.0 = Release|Any CPU
		{88C01E42-4E23-4B2A-881E-15AD74FF660A}.AppStore|iPhone.Deploy.0 = Release|Any CPU
		{88C01E42-4E23-4B2A-881E-15AD74FF660A}.AppStore|iPhoneSimulator.ActiveCfg = Release|Any CPU
		{88C01E42-4E23-4B2A-881E-15AD74FF660A}.AppStore|iPhoneSimulator.Build.0 = Release|Any CPU
		{88C01E42-4E23-4B2A-881E-15AD74FF660A}.AppStore|iPhoneSimulator.Deploy.0 = Release|Any CPU
		{88C01E42-4E23-4B2A-881E-15AD74FF660A}.AppStore|x64.ActiveCfg = Release|Any CPU
		{88C01E42-4E23-4B2A-881E-15AD74FF660A}.AppStore|x64.Build.0 = Release|Any CPU
		{88C01E42-4E23-4B2A-881E-15AD74FF660A}.AppStore|x64.Deploy.0 = Release|Any CPU
		{88C01E42-4E23-4B2A-881E-15AD74FF660A}.AppStore|x86.ActiveCfg = Release|Any CPU
		{88C01E42-4E23-4B2A-881E-15AD74FF660A}.AppStore|x86.Build.0 = Release|Any CPU
		{88C01E42-4E23-4B2A-881E-15AD74FF660A}.AppStore|x86.Deploy.0 = Release|Any CPU
		{88C01E42-4E23-4B2A-881E-15AD74FF660A}.Debug|Any CPU.ActiveCfg = Debug|Any CPU
		{88C01E42-4E23-4B2A-881E-15AD74FF660A}.Debug|Any CPU.Build.0 = Debug|Any CPU
		{88C01E42-4E23-4B2A-881E-15AD74FF660A}.Debug|Any CPU.Deploy.0 = Debug|Any CPU
		{88C01E42-4E23-4B2A-881E-15AD74FF660A}.Debug|ARM.ActiveCfg = Debug|Any CPU
		{88C01E42-4E23-4B2A-881E-15AD74FF660A}.Debug|ARM.Build.0 = Debug|Any CPU
		{88C01E42-4E23-4B2A-881E-15AD74FF660A}.Debug|ARM.Deploy.0 = Debug|Any CPU
		{88C01E42-4E23-4B2A-881E-15AD74FF660A}.Debug|iPhone.ActiveCfg = Debug|Any CPU
		{88C01E42-4E23-4B2A-881E-15AD74FF660A}.Debug|iPhone.Build.0 = Debug|Any CPU
		{88C01E42-4E23-4B2A-881E-15AD74FF660A}.Debug|iPhone.Deploy.0 = Debug|Any CPU
		{88C01E42-4E23-4B2A-881E-15AD74FF660A}.Debug|iPhoneSimulator.ActiveCfg = Debug|Any CPU
		{88C01E42-4E23-4B2A-881E-15AD74FF660A}.Debug|iPhoneSimulator.Build.0 = Debug|Any CPU
		{88C01E42-4E23-4B2A-881E-15AD74FF660A}.Debug|iPhoneSimulator.Deploy.0 = Debug|Any CPU
		{88C01E42-4E23-4B2A-881E-15AD74FF660A}.Debug|x64.ActiveCfg = Debug|Any CPU
		{88C01E42-4E23-4B2A-881E-15AD74FF660A}.Debug|x64.Build.0 = Debug|Any CPU
		{88C01E42-4E23-4B2A-881E-15AD74FF660A}.Debug|x64.Deploy.0 = Debug|Any CPU
		{88C01E42-4E23-4B2A-881E-15AD74FF660A}.Debug|x86.ActiveCfg = Debug|Any CPU
		{88C01E42-4E23-4B2A-881E-15AD74FF660A}.Debug|x86.Build.0 = Debug|Any CPU
		{88C01E42-4E23-4B2A-881E-15AD74FF660A}.Debug|x86.Deploy.0 = Debug|Any CPU
		{88C01E42-4E23-4B2A-881E-15AD74FF660A}.Release|Any CPU.ActiveCfg = Release|Any CPU
		{88C01E42-4E23-4B2A-881E-15AD74FF660A}.Release|Any CPU.Build.0 = Release|Any CPU
		{88C01E42-4E23-4B2A-881E-15AD74FF660A}.Release|Any CPU.Deploy.0 = Release|Any CPU
		{88C01E42-4E23-4B2A-881E-15AD74FF660A}.Release|ARM.ActiveCfg = Release|Any CPU
		{88C01E42-4E23-4B2A-881E-15AD74FF660A}.Release|ARM.Build.0 = Release|Any CPU
		{88C01E42-4E23-4B2A-881E-15AD74FF660A}.Release|ARM.Deploy.0 = Release|Any CPU
		{88C01E42-4E23-4B2A-881E-15AD74FF660A}.Release|iPhone.ActiveCfg = Release|Any CPU
		{88C01E42-4E23-4B2A-881E-15AD74FF660A}.Release|iPhone.Build.0 = Release|Any CPU
		{88C01E42-4E23-4B2A-881E-15AD74FF660A}.Release|iPhone.Deploy.0 = Release|Any CPU
		{88C01E42-4E23-4B2A-881E-15AD74FF660A}.Release|iPhoneSimulator.ActiveCfg = Release|Any CPU
		{88C01E42-4E23-4B2A-881E-15AD74FF660A}.Release|iPhoneSimulator.Build.0 = Release|Any CPU
		{88C01E42-4E23-4B2A-881E-15AD74FF660A}.Release|iPhoneSimulator.Deploy.0 = Release|Any CPU
		{88C01E42-4E23-4B2A-881E-15AD74FF660A}.Release|x64.ActiveCfg = Release|Any CPU
		{88C01E42-4E23-4B2A-881E-15AD74FF660A}.Release|x64.Build.0 = Release|Any CPU
		{88C01E42-4E23-4B2A-881E-15AD74FF660A}.Release|x64.Deploy.0 = Release|Any CPU
		{88C01E42-4E23-4B2A-881E-15AD74FF660A}.Release|x86.ActiveCfg = Release|Any CPU
		{88C01E42-4E23-4B2A-881E-15AD74FF660A}.Release|x86.Build.0 = Release|Any CPU
		{88C01E42-4E23-4B2A-881E-15AD74FF660A}.Release|x86.Deploy.0 = Release|Any CPU
		{0B98EA30-4199-43EB-83DD-DC894F21A45D}.Ad-Hoc|Any CPU.ActiveCfg = Release|x64
		{0B98EA30-4199-43EB-83DD-DC894F21A45D}.Ad-Hoc|Any CPU.Build.0 = Release|x64
		{0B98EA30-4199-43EB-83DD-DC894F21A45D}.Ad-Hoc|Any CPU.Deploy.0 = Release|x64
		{0B98EA30-4199-43EB-83DD-DC894F21A45D}.Ad-Hoc|ARM.ActiveCfg = Release|ARM
		{0B98EA30-4199-43EB-83DD-DC894F21A45D}.Ad-Hoc|ARM.Build.0 = Release|ARM
		{0B98EA30-4199-43EB-83DD-DC894F21A45D}.Ad-Hoc|ARM.Deploy.0 = Release|ARM
		{0B98EA30-4199-43EB-83DD-DC894F21A45D}.Ad-Hoc|iPhone.ActiveCfg = Release|x64
		{0B98EA30-4199-43EB-83DD-DC894F21A45D}.Ad-Hoc|iPhone.Build.0 = Release|x64
		{0B98EA30-4199-43EB-83DD-DC894F21A45D}.Ad-Hoc|iPhone.Deploy.0 = Release|x64
		{0B98EA30-4199-43EB-83DD-DC894F21A45D}.Ad-Hoc|iPhoneSimulator.ActiveCfg = Release|x64
		{0B98EA30-4199-43EB-83DD-DC894F21A45D}.Ad-Hoc|iPhoneSimulator.Build.0 = Release|x64
		{0B98EA30-4199-43EB-83DD-DC894F21A45D}.Ad-Hoc|iPhoneSimulator.Deploy.0 = Release|x64
		{0B98EA30-4199-43EB-83DD-DC894F21A45D}.Ad-Hoc|x64.ActiveCfg = Release|x64
		{0B98EA30-4199-43EB-83DD-DC894F21A45D}.Ad-Hoc|x64.Build.0 = Release|x64
		{0B98EA30-4199-43EB-83DD-DC894F21A45D}.Ad-Hoc|x64.Deploy.0 = Release|x64
		{0B98EA30-4199-43EB-83DD-DC894F21A45D}.Ad-Hoc|x86.ActiveCfg = Release|x86
		{0B98EA30-4199-43EB-83DD-DC894F21A45D}.Ad-Hoc|x86.Build.0 = Release|x86
		{0B98EA30-4199-43EB-83DD-DC894F21A45D}.Ad-Hoc|x86.Deploy.0 = Release|x86
		{0B98EA30-4199-43EB-83DD-DC894F21A45D}.AppStore|Any CPU.ActiveCfg = Release|x64
		{0B98EA30-4199-43EB-83DD-DC894F21A45D}.AppStore|Any CPU.Build.0 = Release|x64
		{0B98EA30-4199-43EB-83DD-DC894F21A45D}.AppStore|Any CPU.Deploy.0 = Release|x64
		{0B98EA30-4199-43EB-83DD-DC894F21A45D}.AppStore|ARM.ActiveCfg = Release|ARM
		{0B98EA30-4199-43EB-83DD-DC894F21A45D}.AppStore|ARM.Build.0 = Release|ARM
		{0B98EA30-4199-43EB-83DD-DC894F21A45D}.AppStore|ARM.Deploy.0 = Release|ARM
		{0B98EA30-4199-43EB-83DD-DC894F21A45D}.AppStore|iPhone.ActiveCfg = Release|x64
		{0B98EA30-4199-43EB-83DD-DC894F21A45D}.AppStore|iPhone.Build.0 = Release|x64
		{0B98EA30-4199-43EB-83DD-DC894F21A45D}.AppStore|iPhone.Deploy.0 = Release|x64
		{0B98EA30-4199-43EB-83DD-DC894F21A45D}.AppStore|iPhoneSimulator.ActiveCfg = Release|x64
		{0B98EA30-4199-43EB-83DD-DC894F21A45D}.AppStore|iPhoneSimulator.Build.0 = Release|x64
		{0B98EA30-4199-43EB-83DD-DC894F21A45D}.AppStore|iPhoneSimulator.Deploy.0 = Release|x64
		{0B98EA30-4199-43EB-83DD-DC894F21A45D}.AppStore|x64.ActiveCfg = Release|x64
		{0B98EA30-4199-43EB-83DD-DC894F21A45D}.AppStore|x64.Build.0 = Release|x64
		{0B98EA30-4199-43EB-83DD-DC894F21A45D}.AppStore|x64.Deploy.0 = Release|x64
		{0B98EA30-4199-43EB-83DD-DC894F21A45D}.AppStore|x86.ActiveCfg = Release|x86
		{0B98EA30-4199-43EB-83DD-DC894F21A45D}.AppStore|x86.Build.0 = Release|x86
		{0B98EA30-4199-43EB-83DD-DC894F21A45D}.AppStore|x86.Deploy.0 = Release|x86
		{0B98EA30-4199-43EB-83DD-DC894F21A45D}.Debug|Any CPU.ActiveCfg = Debug|x86
		{0B98EA30-4199-43EB-83DD-DC894F21A45D}.Debug|ARM.ActiveCfg = Debug|ARM
		{0B98EA30-4199-43EB-83DD-DC894F21A45D}.Debug|ARM.Build.0 = Debug|ARM
		{0B98EA30-4199-43EB-83DD-DC894F21A45D}.Debug|ARM.Deploy.0 = Debug|ARM
		{0B98EA30-4199-43EB-83DD-DC894F21A45D}.Debug|iPhone.ActiveCfg = Debug|x86
		{0B98EA30-4199-43EB-83DD-DC894F21A45D}.Debug|iPhoneSimulator.ActiveCfg = Debug|x86
		{0B98EA30-4199-43EB-83DD-DC894F21A45D}.Debug|x64.ActiveCfg = Debug|x64
		{0B98EA30-4199-43EB-83DD-DC894F21A45D}.Debug|x64.Build.0 = Debug|x64
		{0B98EA30-4199-43EB-83DD-DC894F21A45D}.Debug|x64.Deploy.0 = Debug|x64
		{0B98EA30-4199-43EB-83DD-DC894F21A45D}.Debug|x86.ActiveCfg = Debug|x86
		{0B98EA30-4199-43EB-83DD-DC894F21A45D}.Debug|x86.Build.0 = Debug|x86
		{0B98EA30-4199-43EB-83DD-DC894F21A45D}.Debug|x86.Deploy.0 = Debug|x86
		{0B98EA30-4199-43EB-83DD-DC894F21A45D}.Release|Any CPU.ActiveCfg = Release|x86
		{0B98EA30-4199-43EB-83DD-DC894F21A45D}.Release|ARM.ActiveCfg = Release|ARM
		{0B98EA30-4199-43EB-83DD-DC894F21A45D}.Release|ARM.Build.0 = Release|ARM
		{0B98EA30-4199-43EB-83DD-DC894F21A45D}.Release|ARM.Deploy.0 = Release|ARM
		{0B98EA30-4199-43EB-83DD-DC894F21A45D}.Release|iPhone.ActiveCfg = Release|x86
		{0B98EA30-4199-43EB-83DD-DC894F21A45D}.Release|iPhoneSimulator.ActiveCfg = Release|x86
		{0B98EA30-4199-43EB-83DD-DC894F21A45D}.Release|x64.ActiveCfg = Release|x64
		{0B98EA30-4199-43EB-83DD-DC894F21A45D}.Release|x64.Build.0 = Release|x64
		{0B98EA30-4199-43EB-83DD-DC894F21A45D}.Release|x64.Deploy.0 = Release|x64
		{0B98EA30-4199-43EB-83DD-DC894F21A45D}.Release|x86.ActiveCfg = Release|x86
		{0B98EA30-4199-43EB-83DD-DC894F21A45D}.Release|x86.Build.0 = Release|x86
		{0B98EA30-4199-43EB-83DD-DC894F21A45D}.Release|x86.Deploy.0 = Release|x86
		{64B96A3B-EC4D-45D6-A152-851EA08FE621}.Ad-Hoc|Any CPU.ActiveCfg = Ad-Hoc|iPhone
		{64B96A3B-EC4D-45D6-A152-851EA08FE621}.Ad-Hoc|ARM.ActiveCfg = Ad-Hoc|iPhone
		{64B96A3B-EC4D-45D6-A152-851EA08FE621}.Ad-Hoc|iPhone.ActiveCfg = Ad-Hoc|iPhone
		{64B96A3B-EC4D-45D6-A152-851EA08FE621}.Ad-Hoc|iPhone.Build.0 = Ad-Hoc|iPhone
		{64B96A3B-EC4D-45D6-A152-851EA08FE621}.Ad-Hoc|iPhoneSimulator.ActiveCfg = Ad-Hoc|iPhoneSimulator
		{64B96A3B-EC4D-45D6-A152-851EA08FE621}.Ad-Hoc|iPhoneSimulator.Build.0 = Ad-Hoc|iPhoneSimulator
		{64B96A3B-EC4D-45D6-A152-851EA08FE621}.Ad-Hoc|x64.ActiveCfg = Ad-Hoc|iPhone
		{64B96A3B-EC4D-45D6-A152-851EA08FE621}.Ad-Hoc|x86.ActiveCfg = Ad-Hoc|iPhone
		{64B96A3B-EC4D-45D6-A152-851EA08FE621}.AppStore|Any CPU.ActiveCfg = AppStore|iPhone
		{64B96A3B-EC4D-45D6-A152-851EA08FE621}.AppStore|ARM.ActiveCfg = AppStore|iPhone
		{64B96A3B-EC4D-45D6-A152-851EA08FE621}.AppStore|iPhone.ActiveCfg = AppStore|iPhone
		{64B96A3B-EC4D-45D6-A152-851EA08FE621}.AppStore|iPhone.Build.0 = AppStore|iPhone
		{64B96A3B-EC4D-45D6-A152-851EA08FE621}.AppStore|iPhoneSimulator.ActiveCfg = AppStore|iPhoneSimulator
		{64B96A3B-EC4D-45D6-A152-851EA08FE621}.AppStore|iPhoneSimulator.Build.0 = AppStore|iPhoneSimulator
		{64B96A3B-EC4D-45D6-A152-851EA08FE621}.AppStore|x64.ActiveCfg = AppStore|iPhone
		{64B96A3B-EC4D-45D6-A152-851EA08FE621}.AppStore|x86.ActiveCfg = AppStore|iPhone
		{64B96A3B-EC4D-45D6-A152-851EA08FE621}.Debug|Any CPU.ActiveCfg = Debug|iPhone
		{64B96A3B-EC4D-45D6-A152-851EA08FE621}.Debug|ARM.ActiveCfg = Debug|iPhone
		{64B96A3B-EC4D-45D6-A152-851EA08FE621}.Debug|iPhone.ActiveCfg = Debug|iPhone
		{64B96A3B-EC4D-45D6-A152-851EA08FE621}.Debug|iPhone.Build.0 = Debug|iPhone
		{64B96A3B-EC4D-45D6-A152-851EA08FE621}.Debug|iPhoneSimulator.ActiveCfg = Debug|iPhoneSimulator
		{64B96A3B-EC4D-45D6-A152-851EA08FE621}.Debug|iPhoneSimulator.Build.0 = Debug|iPhoneSimulator
		{64B96A3B-EC4D-45D6-A152-851EA08FE621}.Debug|x64.ActiveCfg = Debug|iPhone
		{64B96A3B-EC4D-45D6-A152-851EA08FE621}.Debug|x86.ActiveCfg = Debug|iPhone
		{64B96A3B-EC4D-45D6-A152-851EA08FE621}.Release|Any CPU.ActiveCfg = Release|iPhone
		{64B96A3B-EC4D-45D6-A152-851EA08FE621}.Release|ARM.ActiveCfg = Release|iPhone
		{64B96A3B-EC4D-45D6-A152-851EA08FE621}.Release|iPhone.ActiveCfg = Release|iPhone
		{64B96A3B-EC4D-45D6-A152-851EA08FE621}.Release|iPhone.Build.0 = Release|iPhone
		{64B96A3B-EC4D-45D6-A152-851EA08FE621}.Release|iPhoneSimulator.ActiveCfg = Release|iPhoneSimulator
		{64B96A3B-EC4D-45D6-A152-851EA08FE621}.Release|iPhoneSimulator.Build.0 = Release|iPhoneSimulator
		{64B96A3B-EC4D-45D6-A152-851EA08FE621}.Release|x64.ActiveCfg = Release|iPhone
		{64B96A3B-EC4D-45D6-A152-851EA08FE621}.Release|x86.ActiveCfg = Release|iPhone
	EndGlobalSection
	GlobalSection(SolutionProperties) = preSolution
		HideSolutionNode = FALSE
	EndGlobalSection
EndGlobal
