
Microsoft Visual Studio Solution File, Format Version 12.00
# Visual Studio 15
VisualStudioVersion = 15.0.27004.2005
MinimumVisualStudioVersion = 10.0.40219.1
Project("{2150E333-8FDC-42A3-9474-1A3956D46DE8}") = "Standard", "Standard", "{51E3DBA1-B942-4615-ABEE-FE0B299A7C4A}"
EndProject
Project("{2150E333-8FDC-42A3-9474-1A3956D46DE8}") = "Forms", "Forms", "{211BCABE-D6DA-4E2D-A7CB-502D2B99D3F9}"
EndProject
Project("{2150E333-8FDC-42A3-9474-1A3956D46DE8}") = "Web", "Web", "{456C3BD9-D8D6-48AC-89ED-4E32257039A7}"
EndProject
Project("{FAE04EC0-301F-11D3-BF4B-00C04F79EFBC}") = "AndroidSample", "Standard\AndroidSample\AndroidSample.csproj", "{03307A96-68CF-4A9B-A9F6-211EF91FF85D}"
EndProject
Project("{FAE04EC0-301F-11D3-BF4B-00C04F79EFBC}") = "WindowsSample", "Standard\WindowsSample\WindowsSample.csproj", "{18560DA7-C4A1-47EC-A416-ADE94251392F}"
EndProject
Project("{FAE04EC0-301F-11D3-BF4B-00C04F79EFBC}") = "FormsSample.iOS", "Forms\FormsSample\FormsSample.iOS\FormsSample.iOS.csproj", "{32754CDB-9B06-4D02-82F0-DAAED2281B5D}"
EndProject
Project("{FAE04EC0-301F-11D3-BF4B-00C04F79EFBC}") = "FormsSample.Droid", "Forms\FormsSample\FormsSample.Droid\FormsSample.Droid.csproj", "{B30A6958-9CF5-4387-8564-B4A091790069}"
EndProject
Project("{FAE04EC0-301F-11D3-BF4B-00C04F79EFBC}") = "FormsSample.UWP", "Forms\FormsSample\FormsSample.UWP\FormsSample.UWP.csproj", "{2E1EDA7B-BB92-4000-A094-97F08D3A7193}"
EndProject
Project("{9A19103F-16F7-4668-BE54-9A1E7A4F7556}") = "NewsHelper", "NewsHelper\NewsHelper.csproj", "{D49ABBB8-5F33-4EBB-872E-DD8566FEAFEB}"
EndProject
Project("{9A19103F-16F7-4668-BE54-9A1E7A4F7556}") = "FormsSample", "Forms\FormsSample\FormsSample\FormsSample.csproj", "{58944A86-904E-45FC-AA0B-5E44E7DBBC68}"
EndProject
Project("{FAE04EC0-301F-11D3-BF4B-00C04F79EFBC}") = "RssReader", "Web\RssReader\RssReader.csproj", "{FAA0F2DA-BDEB-49A2-B24A-607DA8C3BD29}"
EndProject
Global
	GlobalSection(SolutionConfigurationPlatforms) = preSolution
		Ad-Hoc|Any CPU = Ad-Hoc|Any CPU
		Ad-Hoc|ARM = Ad-Hoc|ARM
		Ad-Hoc|iPhone = Ad-Hoc|iPhone
		Ad-Hoc|iPhoneSimulator = Ad-Hoc|iPhoneSimulator
		Ad-Hoc|x64 = Ad-Hoc|x64
		Ad-Hoc|x86 = Ad-Hoc|x86
		AppStore|Any CPU = AppStore|Any CPU
		AppStore|ARM = AppStore|ARM
		AppStore|iPhone = AppStore|iPhone
		AppStore|iPhoneSimulator = AppStore|iPhoneSimulator
		AppStore|x64 = AppStore|x64
		AppStore|x86 = AppStore|x86
		Debug|Any CPU = Debug|Any CPU
		Debug|ARM = Debug|ARM
		Debug|iPhone = Debug|iPhone
		Debug|iPhoneSimulator = Debug|iPhoneSimulator
		Debug|x64 = Debug|x64
		Debug|x86 = Debug|x86
		Release|Any CPU = Release|Any CPU
		Release|ARM = Release|ARM
		Release|iPhone = Release|iPhone
		Release|iPhoneSimulator = Release|iPhoneSimulator
		Release|x64 = Release|x64
		Release|x86 = Release|x86
	EndGlobalSection
	GlobalSection(ProjectConfigurationPlatforms) = postSolution
		{03307A96-68CF-4A9B-A9F6-211EF91FF85D}.Ad-Hoc|Any CPU.ActiveCfg = Release|Any CPU
		{03307A96-68CF-4A9B-A9F6-211EF91FF85D}.Ad-Hoc|Any CPU.Build.0 = Release|Any CPU
		{03307A96-68CF-4A9B-A9F6-211EF91FF85D}.Ad-Hoc|Any CPU.Deploy.0 = Release|Any CPU
		{03307A96-68CF-4A9B-A9F6-211EF91FF85D}.Ad-Hoc|ARM.ActiveCfg = Release|Any CPU
		{03307A96-68CF-4A9B-A9F6-211EF91FF85D}.Ad-Hoc|ARM.Build.0 = Release|Any CPU
		{03307A96-68CF-4A9B-A9F6-211EF91FF85D}.Ad-Hoc|ARM.Deploy.0 = Release|Any CPU
		{03307A96-68CF-4A9B-A9F6-211EF91FF85D}.Ad-Hoc|iPhone.ActiveCfg = Release|Any CPU
		{03307A96-68CF-4A9B-A9F6-211EF91FF85D}.Ad-Hoc|iPhone.Build.0 = Release|Any CPU
		{03307A96-68CF-4A9B-A9F6-211EF91FF85D}.Ad-Hoc|iPhone.Deploy.0 = Release|Any CPU
		{03307A96-68CF-4A9B-A9F6-211EF91FF85D}.Ad-Hoc|iPhoneSimulator.ActiveCfg = Release|Any CPU
		{03307A96-68CF-4A9B-A9F6-211EF91FF85D}.Ad-Hoc|iPhoneSimulator.Build.0 = Release|Any CPU
		{03307A96-68CF-4A9B-A9F6-211EF91FF85D}.Ad-Hoc|iPhoneSimulator.Deploy.0 = Release|Any CPU
		{03307A96-68CF-4A9B-A9F6-211EF91FF85D}.Ad-Hoc|x64.ActiveCfg = Release|Any CPU
		{03307A96-68CF-4A9B-A9F6-211EF91FF85D}.Ad-Hoc|x64.Build.0 = Release|Any CPU
		{03307A96-68CF-4A9B-A9F6-211EF91FF85D}.Ad-Hoc|x64.Deploy.0 = Release|Any CPU
		{03307A96-68CF-4A9B-A9F6-211EF91FF85D}.Ad-Hoc|x86.ActiveCfg = Release|Any CPU
		{03307A96-68CF-4A9B-A9F6-211EF91FF85D}.Ad-Hoc|x86.Build.0 = Release|Any CPU
		{03307A96-68CF-4A9B-A9F6-211EF91FF85D}.Ad-Hoc|x86.Deploy.0 = Release|Any CPU
		{03307A96-68CF-4A9B-A9F6-211EF91FF85D}.AppStore|Any CPU.ActiveCfg = Release|Any CPU
		{03307A96-68CF-4A9B-A9F6-211EF91FF85D}.AppStore|Any CPU.Build.0 = Release|Any CPU
		{03307A96-68CF-4A9B-A9F6-211EF91FF85D}.AppStore|Any CPU.Deploy.0 = Release|Any CPU
		{03307A96-68CF-4A9B-A9F6-211EF91FF85D}.AppStore|ARM.ActiveCfg = Release|Any CPU
		{03307A96-68CF-4A9B-A9F6-211EF91FF85D}.AppStore|ARM.Build.0 = Release|Any CPU
		{03307A96-68CF-4A9B-A9F6-211EF91FF85D}.AppStore|ARM.Deploy.0 = Release|Any CPU
		{03307A96-68CF-4A9B-A9F6-211EF91FF85D}.AppStore|iPhone.ActiveCfg = Release|Any CPU
		{03307A96-68CF-4A9B-A9F6-211EF91FF85D}.AppStore|iPhone.Build.0 = Release|Any CPU
		{03307A96-68CF-4A9B-A9F6-211EF91FF85D}.AppStore|iPhone.Deploy.0 = Release|Any CPU
		{03307A96-68CF-4A9B-A9F6-211EF91FF85D}.AppStore|iPhoneSimulator.ActiveCfg = Release|Any CPU
		{03307A96-68CF-4A9B-A9F6-211EF91FF85D}.AppStore|iPhoneSimulator.Build.0 = Release|Any CPU
		{03307A96-68CF-4A9B-A9F6-211EF91FF85D}.AppStore|iPhoneSimulator.Deploy.0 = Release|Any CPU
		{03307A96-68CF-4A9B-A9F6-211EF91FF85D}.AppStore|x64.ActiveCfg = Release|Any CPU
		{03307A96-68CF-4A9B-A9F6-211EF91FF85D}.AppStore|x64.Build.0 = Release|Any CPU
		{03307A96-68CF-4A9B-A9F6-211EF91FF85D}.AppStore|x64.Deploy.0 = Release|Any CPU
		{03307A96-68CF-4A9B-A9F6-211EF91FF85D}.AppStore|x86.ActiveCfg = Release|Any CPU
		{03307A96-68CF-4A9B-A9F6-211EF91FF85D}.AppStore|x86.Build.0 = Release|Any CPU
		{03307A96-68CF-4A9B-A9F6-211EF91FF85D}.AppStore|x86.Deploy.0 = Release|Any CPU
		{03307A96-68CF-4A9B-A9F6-211EF91FF85D}.Debug|Any CPU.ActiveCfg = Debug|Any CPU
		{03307A96-68CF-4A9B-A9F6-211EF91FF85D}.Debug|Any CPU.Build.0 = Debug|Any CPU
		{03307A96-68CF-4A9B-A9F6-211EF91FF85D}.Debug|Any CPU.Deploy.0 = Debug|Any CPU
		{03307A96-68CF-4A9B-A9F6-211EF91FF85D}.Debug|ARM.ActiveCfg = Debug|Any CPU
		{03307A96-68CF-4A9B-A9F6-211EF91FF85D}.Debug|ARM.Build.0 = Debug|Any CPU
		{03307A96-68CF-4A9B-A9F6-211EF91FF85D}.Debug|ARM.Deploy.0 = Debug|Any CPU
		{03307A96-68CF-4A9B-A9F6-211EF91FF85D}.Debug|iPhone.ActiveCfg = Debug|Any CPU
		{03307A96-68CF-4A9B-A9F6-211EF91FF85D}.Debug|iPhone.Build.0 = Debug|Any CPU
		{03307A96-68CF-4A9B-A9F6-211EF91FF85D}.Debug|iPhone.Deploy.0 = Debug|Any CPU
		{03307A96-68CF-4A9B-A9F6-211EF91FF85D}.Debug|iPhoneSimulator.ActiveCfg = Debug|Any CPU
		{03307A96-68CF-4A9B-A9F6-211EF91FF85D}.Debug|iPhoneSimulator.Build.0 = Debug|Any CPU
		{03307A96-68CF-4A9B-A9F6-211EF91FF85D}.Debug|iPhoneSimulator.Deploy.0 = Debug|Any CPU
		{03307A96-68CF-4A9B-A9F6-211EF91FF85D}.Debug|x64.ActiveCfg = Debug|Any CPU
		{03307A96-68CF-4A9B-A9F6-211EF91FF85D}.Debug|x64.Build.0 = Debug|Any CPU
		{03307A96-68CF-4A9B-A9F6-211EF91FF85D}.Debug|x64.Deploy.0 = Debug|Any CPU
		{03307A96-68CF-4A9B-A9F6-211EF91FF85D}.Debug|x86.ActiveCfg = Debug|Any CPU
		{03307A96-68CF-4A9B-A9F6-211EF91FF85D}.Debug|x86.Build.0 = Debug|Any CPU
		{03307A96-68CF-4A9B-A9F6-211EF91FF85D}.Debug|x86.Deploy.0 = Debug|Any CPU
		{03307A96-68CF-4A9B-A9F6-211EF91FF85D}.Release|Any CPU.ActiveCfg = Release|Any CPU
		{03307A96-68CF-4A9B-A9F6-211EF91FF85D}.Release|Any CPU.Build.0 = Release|Any CPU
		{03307A96-68CF-4A9B-A9F6-211EF91FF85D}.Release|Any CPU.Deploy.0 = Release|Any CPU
		{03307A96-68CF-4A9B-A9F6-211EF91FF85D}.Release|ARM.ActiveCfg = Release|Any CPU
		{03307A96-68CF-4A9B-A9F6-211EF91FF85D}.Release|ARM.Build.0 = Release|Any CPU
		{03307A96-68CF-4A9B-A9F6-211EF91FF85D}.Release|ARM.Deploy.0 = Release|Any CPU
		{03307A96-68CF-4A9B-A9F6-211EF91FF85D}.Release|iPhone.ActiveCfg = Release|Any CPU
		{03307A96-68CF-4A9B-A9F6-211EF91FF85D}.Release|iPhone.Build.0 = Release|Any CPU
		{03307A96-68CF-4A9B-A9F6-211EF91FF85D}.Release|iPhone.Deploy.0 = Release|Any CPU
		{03307A96-68CF-4A9B-A9F6-211EF91FF85D}.Release|iPhoneSimulator.ActiveCfg = Release|Any CPU
		{03307A96-68CF-4A9B-A9F6-211EF91FF85D}.Release|iPhoneSimulator.Build.0 = Release|Any CPU
		{03307A96-68CF-4A9B-A9F6-211EF91FF85D}.Release|iPhoneSimulator.Deploy.0 = Release|Any CPU
		{03307A96-68CF-4A9B-A9F6-211EF91FF85D}.Release|x64.ActiveCfg = Release|Any CPU
		{03307A96-68CF-4A9B-A9F6-211EF91FF85D}.Release|x64.Build.0 = Release|Any CPU
		{03307A96-68CF-4A9B-A9F6-211EF91FF85D}.Release|x64.Deploy.0 = Release|Any CPU
		{03307A96-68CF-4A9B-A9F6-211EF91FF85D}.Release|x86.ActiveCfg = Release|Any CPU
		{03307A96-68CF-4A9B-A9F6-211EF91FF85D}.Release|x86.Build.0 = Release|Any CPU
		{03307A96-68CF-4A9B-A9F6-211EF91FF85D}.Release|x86.Deploy.0 = Release|Any CPU
		{18560DA7-C4A1-47EC-A416-ADE94251392F}.Ad-Hoc|Any CPU.ActiveCfg = Release|x64
		{18560DA7-C4A1-47EC-A416-ADE94251392F}.Ad-Hoc|Any CPU.Build.0 = Release|x64
		{18560DA7-C4A1-47EC-A416-ADE94251392F}.Ad-Hoc|Any CPU.Deploy.0 = Release|x64
		{18560DA7-C4A1-47EC-A416-ADE94251392F}.Ad-Hoc|ARM.ActiveCfg = Release|ARM
		{18560DA7-C4A1-47EC-A416-ADE94251392F}.Ad-Hoc|ARM.Build.0 = Release|ARM
		{18560DA7-C4A1-47EC-A416-ADE94251392F}.Ad-Hoc|ARM.Deploy.0 = Release|ARM
		{18560DA7-C4A1-47EC-A416-ADE94251392F}.Ad-Hoc|iPhone.ActiveCfg = Release|x64
		{18560DA7-C4A1-47EC-A416-ADE94251392F}.Ad-Hoc|iPhone.Build.0 = Release|x64
		{18560DA7-C4A1-47EC-A416-ADE94251392F}.Ad-Hoc|iPhone.Deploy.0 = Release|x64
		{18560DA7-C4A1-47EC-A416-ADE94251392F}.Ad-Hoc|iPhoneSimulator.ActiveCfg = Release|x64
		{18560DA7-C4A1-47EC-A416-ADE94251392F}.Ad-Hoc|iPhoneSimulator.Build.0 = Release|x64
		{18560DA7-C4A1-47EC-A416-ADE94251392F}.Ad-Hoc|iPhoneSimulator.Deploy.0 = Release|x64
		{18560DA7-C4A1-47EC-A416-ADE94251392F}.Ad-Hoc|x64.ActiveCfg = Release|x64
		{18560DA7-C4A1-47EC-A416-ADE94251392F}.Ad-Hoc|x64.Build.0 = Release|x64
		{18560DA7-C4A1-47EC-A416-ADE94251392F}.Ad-Hoc|x64.Deploy.0 = Release|x64
		{18560DA7-C4A1-47EC-A416-ADE94251392F}.Ad-Hoc|x86.ActiveCfg = Release|x86
		{18560DA7-C4A1-47EC-A416-ADE94251392F}.Ad-Hoc|x86.Build.0 = Release|x86
		{18560DA7-C4A1-47EC-A416-ADE94251392F}.Ad-Hoc|x86.Deploy.0 = Release|x86
		{18560DA7-C4A1-47EC-A416-ADE94251392F}.AppStore|Any CPU.ActiveCfg = Release|x64
		{18560DA7-C4A1-47EC-A416-ADE94251392F}.AppStore|Any CPU.Build.0 = Release|x64
		{18560DA7-C4A1-47EC-A416-ADE94251392F}.AppStore|Any CPU.Deploy.0 = Release|x64
		{18560DA7-C4A1-47EC-A416-ADE94251392F}.AppStore|ARM.ActiveCfg = Release|ARM
		{18560DA7-C4A1-47EC-A416-ADE94251392F}.AppStore|ARM.Build.0 = Release|ARM
		{18560DA7-C4A1-47EC-A416-ADE94251392F}.AppStore|ARM.Deploy.0 = Release|ARM
		{18560DA7-C4A1-47EC-A416-ADE94251392F}.AppStore|iPhone.ActiveCfg = Release|x64
		{18560DA7-C4A1-47EC-A416-ADE94251392F}.AppStore|iPhone.Build.0 = Release|x64
		{18560DA7-C4A1-47EC-A416-ADE94251392F}.AppStore|iPhone.Deploy.0 = Release|x64
		{18560DA7-C4A1-47EC-A416-ADE94251392F}.AppStore|iPhoneSimulator.ActiveCfg = Release|x64
		{18560DA7-C4A1-47EC-A416-ADE94251392F}.AppStore|iPhoneSimulator.Build.0 = Release|x64
		{18560DA7-C4A1-47EC-A416-ADE94251392F}.AppStore|iPhoneSimulator.Deploy.0 = Release|x64
		{18560DA7-C4A1-47EC-A416-ADE94251392F}.AppStore|x64.ActiveCfg = Release|x64
		{18560DA7-C4A1-47EC-A416-ADE94251392F}.AppStore|x64.Build.0 = Release|x64
		{18560DA7-C4A1-47EC-A416-ADE94251392F}.AppStore|x64.Deploy.0 = Release|x64
		{18560DA7-C4A1-47EC-A416-ADE94251392F}.AppStore|x86.ActiveCfg = Release|x86
		{18560DA7-C4A1-47EC-A416-ADE94251392F}.AppStore|x86.Build.0 = Release|x86
		{18560DA7-C4A1-47EC-A416-ADE94251392F}.AppStore|x86.Deploy.0 = Release|x86
		{18560DA7-C4A1-47EC-A416-ADE94251392F}.Debug|Any CPU.ActiveCfg = Debug|x86
		{18560DA7-C4A1-47EC-A416-ADE94251392F}.Debug|ARM.ActiveCfg = Debug|ARM
		{18560DA7-C4A1-47EC-A416-ADE94251392F}.Debug|ARM.Build.0 = Debug|ARM
		{18560DA7-C4A1-47EC-A416-ADE94251392F}.Debug|ARM.Deploy.0 = Debug|ARM
		{18560DA7-C4A1-47EC-A416-ADE94251392F}.Debug|iPhone.ActiveCfg = Debug|x86
		{18560DA7-C4A1-47EC-A416-ADE94251392F}.Debug|iPhoneSimulator.ActiveCfg = Debug|x86
		{18560DA7-C4A1-47EC-A416-ADE94251392F}.Debug|x64.ActiveCfg = Debug|x64
		{18560DA7-C4A1-47EC-A416-ADE94251392F}.Debug|x64.Build.0 = Debug|x64
		{18560DA7-C4A1-47EC-A416-ADE94251392F}.Debug|x64.Deploy.0 = Debug|x64
		{18560DA7-C4A1-47EC-A416-ADE94251392F}.Debug|x86.ActiveCfg = Debug|x86
		{18560DA7-C4A1-47EC-A416-ADE94251392F}.Debug|x86.Build.0 = Debug|x86
		{18560DA7-C4A1-47EC-A416-ADE94251392F}.Debug|x86.Deploy.0 = Debug|x86
		{18560DA7-C4A1-47EC-A416-ADE94251392F}.Release|Any CPU.ActiveCfg = Release|x86
		{18560DA7-C4A1-47EC-A416-ADE94251392F}.Release|ARM.ActiveCfg = Release|ARM
		{18560DA7-C4A1-47EC-A416-ADE94251392F}.Release|ARM.Build.0 = Release|ARM
		{18560DA7-C4A1-47EC-A416-ADE94251392F}.Release|ARM.Deploy.0 = Release|ARM
		{18560DA7-C4A1-47EC-A416-ADE94251392F}.Release|iPhone.ActiveCfg = Release|x86
		{18560DA7-C4A1-47EC-A416-ADE94251392F}.Release|iPhoneSimulator.ActiveCfg = Release|x86
		{18560DA7-C4A1-47EC-A416-ADE94251392F}.Release|x64.ActiveCfg = Release|x64
		{18560DA7-C4A1-47EC-A416-ADE94251392F}.Release|x64.Build.0 = Release|x64
		{18560DA7-C4A1-47EC-A416-ADE94251392F}.Release|x64.Deploy.0 = Release|x64
		{18560DA7-C4A1-47EC-A416-ADE94251392F}.Release|x86.ActiveCfg = Release|x86
		{18560DA7-C4A1-47EC-A416-ADE94251392F}.Release|x86.Build.0 = Release|x86
		{18560DA7-C4A1-47EC-A416-ADE94251392F}.Release|x86.Deploy.0 = Release|x86
		{32754CDB-9B06-4D02-82F0-DAAED2281B5D}.Ad-Hoc|Any CPU.ActiveCfg = Ad-Hoc|iPhone
		{32754CDB-9B06-4D02-82F0-DAAED2281B5D}.Ad-Hoc|ARM.ActiveCfg = Ad-Hoc|iPhone
		{32754CDB-9B06-4D02-82F0-DAAED2281B5D}.Ad-Hoc|iPhone.ActiveCfg = Ad-Hoc|iPhone
		{32754CDB-9B06-4D02-82F0-DAAED2281B5D}.Ad-Hoc|iPhone.Build.0 = Ad-Hoc|iPhone
		{32754CDB-9B06-4D02-82F0-DAAED2281B5D}.Ad-Hoc|iPhoneSimulator.ActiveCfg = Ad-Hoc|iPhoneSimulator
		{32754CDB-9B06-4D02-82F0-DAAED2281B5D}.Ad-Hoc|iPhoneSimulator.Build.0 = Ad-Hoc|iPhoneSimulator
		{32754CDB-9B06-4D02-82F0-DAAED2281B5D}.Ad-Hoc|x64.ActiveCfg = Ad-Hoc|iPhone
		{32754CDB-9B06-4D02-82F0-DAAED2281B5D}.Ad-Hoc|x86.ActiveCfg = Ad-Hoc|iPhone
		{32754CDB-9B06-4D02-82F0-DAAED2281B5D}.AppStore|Any CPU.ActiveCfg = AppStore|iPhone
		{32754CDB-9B06-4D02-82F0-DAAED2281B5D}.AppStore|ARM.ActiveCfg = AppStore|iPhone
		{32754CDB-9B06-4D02-82F0-DAAED2281B5D}.AppStore|iPhone.ActiveCfg = AppStore|iPhone
		{32754CDB-9B06-4D02-82F0-DAAED2281B5D}.AppStore|iPhone.Build.0 = AppStore|iPhone
		{32754CDB-9B06-4D02-82F0-DAAED2281B5D}.AppStore|iPhoneSimulator.ActiveCfg = AppStore|iPhoneSimulator
		{32754CDB-9B06-4D02-82F0-DAAED2281B5D}.AppStore|iPhoneSimulator.Build.0 = AppStore|iPhoneSimulator
		{32754CDB-9B06-4D02-82F0-DAAED2281B5D}.AppStore|x64.ActiveCfg = AppStore|iPhone
		{32754CDB-9B06-4D02-82F0-DAAED2281B5D}.AppStore|x86.ActiveCfg = AppStore|iPhone
		{32754CDB-9B06-4D02-82F0-DAAED2281B5D}.Debug|Any CPU.ActiveCfg = Debug|iPhone
		{32754CDB-9B06-4D02-82F0-DAAED2281B5D}.Debug|ARM.ActiveCfg = Debug|iPhone
		{32754CDB-9B06-4D02-82F0-DAAED2281B5D}.Debug|iPhone.ActiveCfg = Debug|iPhone
		{32754CDB-9B06-4D02-82F0-DAAED2281B5D}.Debug|iPhone.Build.0 = Debug|iPhone
		{32754CDB-9B06-4D02-82F0-DAAED2281B5D}.Debug|iPhoneSimulator.ActiveCfg = Debug|iPhoneSimulator
		{32754CDB-9B06-4D02-82F0-DAAED2281B5D}.Debug|iPhoneSimulator.Build.0 = Debug|iPhoneSimulator
		{32754CDB-9B06-4D02-82F0-DAAED2281B5D}.Debug|x64.ActiveCfg = Debug|iPhone
		{32754CDB-9B06-4D02-82F0-DAAED2281B5D}.Debug|x86.ActiveCfg = Debug|iPhone
		{32754CDB-9B06-4D02-82F0-DAAED2281B5D}.Release|Any CPU.ActiveCfg = Release|iPhone
		{32754CDB-9B06-4D02-82F0-DAAED2281B5D}.Release|ARM.ActiveCfg = Release|iPhone
		{32754CDB-9B06-4D02-82F0-DAAED2281B5D}.Release|iPhone.ActiveCfg = Release|iPhone
		{32754CDB-9B06-4D02-82F0-DAAED2281B5D}.Release|iPhone.Build.0 = Release|iPhone
		{32754CDB-9B06-4D02-82F0-DAAED2281B5D}.Release|iPhoneSimulator.ActiveCfg = Release|iPhoneSimulator
		{32754CDB-9B06-4D02-82F0-DAAED2281B5D}.Release|iPhoneSimulator.Build.0 = Release|iPhoneSimulator
		{32754CDB-9B06-4D02-82F0-DAAED2281B5D}.Release|x64.ActiveCfg = Release|iPhone
		{32754CDB-9B06-4D02-82F0-DAAED2281B5D}.Release|x86.ActiveCfg = Release|iPhone
		{B30A6958-9CF5-4387-8564-B4A091790069}.Ad-Hoc|Any CPU.ActiveCfg = Release|Any CPU
		{B30A6958-9CF5-4387-8564-B4A091790069}.Ad-Hoc|Any CPU.Build.0 = Release|Any CPU
		{B30A6958-9CF5-4387-8564-B4A091790069}.Ad-Hoc|Any CPU.Deploy.0 = Release|Any CPU
		{B30A6958-9CF5-4387-8564-B4A091790069}.Ad-Hoc|ARM.ActiveCfg = Release|Any CPU
		{B30A6958-9CF5-4387-8564-B4A091790069}.Ad-Hoc|ARM.Build.0 = Release|Any CPU
		{B30A6958-9CF5-4387-8564-B4A091790069}.Ad-Hoc|ARM.Deploy.0 = Release|Any CPU
		{B30A6958-9CF5-4387-8564-B4A091790069}.Ad-Hoc|iPhone.ActiveCfg = Release|Any CPU
		{B30A6958-9CF5-4387-8564-B4A091790069}.Ad-Hoc|iPhone.Build.0 = Release|Any CPU
		{B30A6958-9CF5-4387-8564-B4A091790069}.Ad-Hoc|iPhone.Deploy.0 = Release|Any CPU
		{B30A6958-9CF5-4387-8564-B4A091790069}.Ad-Hoc|iPhoneSimulator.ActiveCfg = Release|Any CPU
		{B30A6958-9CF5-4387-8564-B4A091790069}.Ad-Hoc|iPhoneSimulator.Build.0 = Release|Any CPU
		{B30A6958-9CF5-4387-8564-B4A091790069}.Ad-Hoc|iPhoneSimulator.Deploy.0 = Release|Any CPU
		{B30A6958-9CF5-4387-8564-B4A091790069}.Ad-Hoc|x64.ActiveCfg = Release|Any CPU
		{B30A6958-9CF5-4387-8564-B4A091790069}.Ad-Hoc|x64.Build.0 = Release|Any CPU
		{B30A6958-9CF5-4387-8564-B4A091790069}.Ad-Hoc|x64.Deploy.0 = Release|Any CPU
		{B30A6958-9CF5-4387-8564-B4A091790069}.Ad-Hoc|x86.ActiveCfg = Release|Any CPU
		{B30A6958-9CF5-4387-8564-B4A091790069}.Ad-Hoc|x86.Build.0 = Release|Any CPU
		{B30A6958-9CF5-4387-8564-B4A091790069}.Ad-Hoc|x86.Deploy.0 = Release|Any CPU
		{B30A6958-9CF5-4387-8564-B4A091790069}.AppStore|Any CPU.ActiveCfg = Release|Any CPU
		{B30A6958-9CF5-4387-8564-B4A091790069}.AppStore|Any CPU.Build.0 = Release|Any CPU
		{B30A6958-9CF5-4387-8564-B4A091790069}.AppStore|Any CPU.Deploy.0 = Release|Any CPU
		{B30A6958-9CF5-4387-8564-B4A091790069}.AppStore|ARM.ActiveCfg = Release|Any CPU
		{B30A6958-9CF5-4387-8564-B4A091790069}.AppStore|ARM.Build.0 = Release|Any CPU
		{B30A6958-9CF5-4387-8564-B4A091790069}.AppStore|ARM.Deploy.0 = Release|Any CPU
		{B30A6958-9CF5-4387-8564-B4A091790069}.AppStore|iPhone.ActiveCfg = Release|Any CPU
		{B30A6958-9CF5-4387-8564-B4A091790069}.AppStore|iPhone.Build.0 = Release|Any CPU
		{B30A6958-9CF5-4387-8564-B4A091790069}.AppStore|iPhone.Deploy.0 = Release|Any CPU
		{B30A6958-9CF5-4387-8564-B4A091790069}.AppStore|iPhoneSimulator.ActiveCfg = Release|Any CPU
		{B30A6958-9CF5-4387-8564-B4A091790069}.AppStore|iPhoneSimulator.Build.0 = Release|Any CPU
		{B30A6958-9CF5-4387-8564-B4A091790069}.AppStore|iPhoneSimulator.Deploy.0 = Release|Any CPU
		{B30A6958-9CF5-4387-8564-B4A091790069}.AppStore|x64.ActiveCfg = Release|Any CPU
		{B30A6958-9CF5-4387-8564-B4A091790069}.AppStore|x64.Build.0 = Release|Any CPU
		{B30A6958-9CF5-4387-8564-B4A091790069}.AppStore|x64.Deploy.0 = Release|Any CPU
		{B30A6958-9CF5-4387-8564-B4A091790069}.AppStore|x86.ActiveCfg = Release|Any CPU
		{B30A6958-9CF5-4387-8564-B4A091790069}.AppStore|x86.Build.0 = Release|Any CPU
		{B30A6958-9CF5-4387-8564-B4A091790069}.AppStore|x86.Deploy.0 = Release|Any CPU
		{B30A6958-9CF5-4387-8564-B4A091790069}.Debug|Any CPU.ActiveCfg = Debug|Any CPU
		{B30A6958-9CF5-4387-8564-B4A091790069}.Debug|Any CPU.Build.0 = Debug|Any CPU
		{B30A6958-9CF5-4387-8564-B4A091790069}.Debug|Any CPU.Deploy.0 = Debug|Any CPU
		{B30A6958-9CF5-4387-8564-B4A091790069}.Debug|ARM.ActiveCfg = Debug|Any CPU
		{B30A6958-9CF5-4387-8564-B4A091790069}.Debug|ARM.Build.0 = Debug|Any CPU
		{B30A6958-9CF5-4387-8564-B4A091790069}.Debug|ARM.Deploy.0 = Debug|Any CPU
		{B30A6958-9CF5-4387-8564-B4A091790069}.Debug|iPhone.ActiveCfg = Debug|Any CPU
		{B30A6958-9CF5-4387-8564-B4A091790069}.Debug|iPhone.Build.0 = Debug|Any CPU
		{B30A6958-9CF5-4387-8564-B4A091790069}.Debug|iPhone.Deploy.0 = Debug|Any CPU
		{B30A6958-9CF5-4387-8564-B4A091790069}.Debug|iPhoneSimulator.ActiveCfg = Debug|Any CPU
		{B30A6958-9CF5-4387-8564-B4A091790069}.Debug|iPhoneSimulator.Build.0 = Debug|Any CPU
		{B30A6958-9CF5-4387-8564-B4A091790069}.Debug|iPhoneSimulator.Deploy.0 = Debug|Any CPU
		{B30A6958-9CF5-4387-8564-B4A091790069}.Debug|x64.ActiveCfg = Debug|Any CPU
		{B30A6958-9CF5-4387-8564-B4A091790069}.Debug|x64.Build.0 = Debug|Any CPU
		{B30A6958-9CF5-4387-8564-B4A091790069}.Debug|x64.Deploy.0 = Debug|Any CPU
		{B30A6958-9CF5-4387-8564-B4A091790069}.Debug|x86.ActiveCfg = Debug|Any CPU
		{B30A6958-9CF5-4387-8564-B4A091790069}.Debug|x86.Build.0 = Debug|Any CPU
		{B30A6958-9CF5-4387-8564-B4A091790069}.Debug|x86.Deploy.0 = Debug|Any CPU
		{B30A6958-9CF5-4387-8564-B4A091790069}.Release|Any CPU.ActiveCfg = Release|Any CPU
		{B30A6958-9CF5-4387-8564-B4A091790069}.Release|Any CPU.Build.0 = Release|Any CPU
		{B30A6958-9CF5-4387-8564-B4A091790069}.Release|Any CPU.Deploy.0 = Release|Any CPU
		{B30A6958-9CF5-4387-8564-B4A091790069}.Release|ARM.ActiveCfg = Release|Any CPU
		{B30A6958-9CF5-4387-8564-B4A091790069}.Release|ARM.Build.0 = Release|Any CPU
		{B30A6958-9CF5-4387-8564-B4A091790069}.Release|ARM.Deploy.0 = Release|Any CPU
		{B30A6958-9CF5-4387-8564-B4A091790069}.Release|iPhone.ActiveCfg = Release|Any CPU
		{B30A6958-9CF5-4387-8564-B4A091790069}.Release|iPhone.Build.0 = Release|Any CPU
		{B30A6958-9CF5-4387-8564-B4A091790069}.Release|iPhone.Deploy.0 = Release|Any CPU
		{B30A6958-9CF5-4387-8564-B4A091790069}.Release|iPhoneSimulator.ActiveCfg = Release|Any CPU
		{B30A6958-9CF5-4387-8564-B4A091790069}.Release|iPhoneSimulator.Build.0 = Release|Any CPU
		{B30A6958-9CF5-4387-8564-B4A091790069}.Release|iPhoneSimulator.Deploy.0 = Release|Any CPU
		{B30A6958-9CF5-4387-8564-B4A091790069}.Release|x64.ActiveCfg = Release|Any CPU
		{B30A6958-9CF5-4387-8564-B4A091790069}.Release|x64.Build.0 = Release|Any CPU
		{B30A6958-9CF5-4387-8564-B4A091790069}.Release|x64.Deploy.0 = Release|Any CPU
		{B30A6958-9CF5-4387-8564-B4A091790069}.Release|x86.ActiveCfg = Release|Any CPU
		{B30A6958-9CF5-4387-8564-B4A091790069}.Release|x86.Build.0 = Release|Any CPU
		{B30A6958-9CF5-4387-8564-B4A091790069}.Release|x86.Deploy.0 = Release|Any CPU
		{2E1EDA7B-BB92-4000-A094-97F08D3A7193}.Ad-Hoc|Any CPU.ActiveCfg = Release|x64
		{2E1EDA7B-BB92-4000-A094-97F08D3A7193}.Ad-Hoc|Any CPU.Build.0 = Release|x64
		{2E1EDA7B-BB92-4000-A094-97F08D3A7193}.Ad-Hoc|Any CPU.Deploy.0 = Release|x64
		{2E1EDA7B-BB92-4000-A094-97F08D3A7193}.Ad-Hoc|ARM.ActiveCfg = Release|ARM
		{2E1EDA7B-BB92-4000-A094-97F08D3A7193}.Ad-Hoc|ARM.Build.0 = Release|ARM
		{2E1EDA7B-BB92-4000-A094-97F08D3A7193}.Ad-Hoc|ARM.Deploy.0 = Release|ARM
		{2E1EDA7B-BB92-4000-A094-97F08D3A7193}.Ad-Hoc|iPhone.ActiveCfg = Release|x64
		{2E1EDA7B-BB92-4000-A094-97F08D3A7193}.Ad-Hoc|iPhone.Build.0 = Release|x64
		{2E1EDA7B-BB92-4000-A094-97F08D3A7193}.Ad-Hoc|iPhone.Deploy.0 = Release|x64
		{2E1EDA7B-BB92-4000-A094-97F08D3A7193}.Ad-Hoc|iPhoneSimulator.ActiveCfg = Release|x64
		{2E1EDA7B-BB92-4000-A094-97F08D3A7193}.Ad-Hoc|iPhoneSimulator.Build.0 = Release|x64
		{2E1EDA7B-BB92-4000-A094-97F08D3A7193}.Ad-Hoc|iPhoneSimulator.Deploy.0 = Release|x64
		{2E1EDA7B-BB92-4000-A094-97F08D3A7193}.Ad-Hoc|x64.ActiveCfg = Release|x64
		{2E1EDA7B-BB92-4000-A094-97F08D3A7193}.Ad-Hoc|x64.Build.0 = Release|x64
		{2E1EDA7B-BB92-4000-A094-97F08D3A7193}.Ad-Hoc|x64.Deploy.0 = Release|x64
		{2E1EDA7B-BB92-4000-A094-97F08D3A7193}.Ad-Hoc|x86.ActiveCfg = Release|x86
		{2E1EDA7B-BB92-4000-A094-97F08D3A7193}.Ad-Hoc|x86.Build.0 = Release|x86
		{2E1EDA7B-BB92-4000-A094-97F08D3A7193}.Ad-Hoc|x86.Deploy.0 = Release|x86
		{2E1EDA7B-BB92-4000-A094-97F08D3A7193}.AppStore|Any CPU.ActiveCfg = Release|x64
		{2E1EDA7B-BB92-4000-A094-97F08D3A7193}.AppStore|Any CPU.Build.0 = Release|x64
		{2E1EDA7B-BB92-4000-A094-97F08D3A7193}.AppStore|Any CPU.Deploy.0 = Release|x64
		{2E1EDA7B-BB92-4000-A094-97F08D3A7193}.AppStore|ARM.ActiveCfg = Release|ARM
		{2E1EDA7B-BB92-4000-A094-97F08D3A7193}.AppStore|ARM.Build.0 = Release|ARM
		{2E1EDA7B-BB92-4000-A094-97F08D3A7193}.AppStore|ARM.Deploy.0 = Release|ARM
		{2E1EDA7B-BB92-4000-A094-97F08D3A7193}.AppStore|iPhone.ActiveCfg = Release|x64
		{2E1EDA7B-BB92-4000-A094-97F08D3A7193}.AppStore|iPhone.Build.0 = Release|x64
		{2E1EDA7B-BB92-4000-A094-97F08D3A7193}.AppStore|iPhone.Deploy.0 = Release|x64
		{2E1EDA7B-BB92-4000-A094-97F08D3A7193}.AppStore|iPhoneSimulator.ActiveCfg = Release|x64
		{2E1EDA7B-BB92-4000-A094-97F08D3A7193}.AppStore|iPhoneSimulator.Build.0 = Release|x64
		{2E1EDA7B-BB92-4000-A094-97F08D3A7193}.AppStore|iPhoneSimulator.Deploy.0 = Release|x64
		{2E1EDA7B-BB92-4000-A094-97F08D3A7193}.AppStore|x64.ActiveCfg = Release|x64
		{2E1EDA7B-BB92-4000-A094-97F08D3A7193}.AppStore|x64.Build.0 = Release|x64
		{2E1EDA7B-BB92-4000-A094-97F08D3A7193}.AppStore|x64.Deploy.0 = Release|x64
		{2E1EDA7B-BB92-4000-A094-97F08D3A7193}.AppStore|x86.ActiveCfg = Release|x86
		{2E1EDA7B-BB92-4000-A094-97F08D3A7193}.AppStore|x86.Build.0 = Release|x86
		{2E1EDA7B-BB92-4000-A094-97F08D3A7193}.AppStore|x86.Deploy.0 = Release|x86
		{2E1EDA7B-BB92-4000-A094-97F08D3A7193}.Debug|Any CPU.ActiveCfg = Debug|x86
		{2E1EDA7B-BB92-4000-A094-97F08D3A7193}.Debug|ARM.ActiveCfg = Debug|ARM
		{2E1EDA7B-BB92-4000-A094-97F08D3A7193}.Debug|ARM.Build.0 = Debug|ARM
		{2E1EDA7B-BB92-4000-A094-97F08D3A7193}.Debug|ARM.Deploy.0 = Debug|ARM
		{2E1EDA7B-BB92-4000-A094-97F08D3A7193}.Debug|iPhone.ActiveCfg = Debug|x86
		{2E1EDA7B-BB92-4000-A094-97F08D3A7193}.Debug|iPhoneSimulator.ActiveCfg = Debug|x86
		{2E1EDA7B-BB92-4000-A094-97F08D3A7193}.Debug|x64.ActiveCfg = Debug|x64
		{2E1EDA7B-BB92-4000-A094-97F08D3A7193}.Debug|x64.Build.0 = Debug|x64
		{2E1EDA7B-BB92-4000-A094-97F08D3A7193}.Debug|x64.Deploy.0 = Debug|x64
		{2E1EDA7B-BB92-4000-A094-97F08D3A7193}.Debug|x86.ActiveCfg = Debug|x86
		{2E1EDA7B-BB92-4000-A094-97F08D3A7193}.Debug|x86.Build.0 = Debug|x86
		{2E1EDA7B-BB92-4000-A094-97F08D3A7193}.Debug|x86.Deploy.0 = Debug|x86
		{2E1EDA7B-BB92-4000-A094-97F08D3A7193}.Release|Any CPU.ActiveCfg = Release|x86
		{2E1EDA7B-BB92-4000-A094-97F08D3A7193}.Release|ARM.ActiveCfg = Release|ARM
		{2E1EDA7B-BB92-4000-A094-97F08D3A7193}.Release|ARM.Build.0 = Release|ARM
		{2E1EDA7B-BB92-4000-A094-97F08D3A7193}.Release|ARM.Deploy.0 = Release|ARM
		{2E1EDA7B-BB92-4000-A094-97F08D3A7193}.Release|iPhone.ActiveCfg = Release|x86
		{2E1EDA7B-BB92-4000-A094-97F08D3A7193}.Release|iPhoneSimulator.ActiveCfg = Release|x86
		{2E1EDA7B-BB92-4000-A094-97F08D3A7193}.Release|x64.ActiveCfg = Release|x64
		{2E1EDA7B-BB92-4000-A094-97F08D3A7193}.Release|x64.Build.0 = Release|x64
		{2E1EDA7B-BB92-4000-A094-97F08D3A7193}.Release|x64.Deploy.0 = Release|x64
		{2E1EDA7B-BB92-4000-A094-97F08D3A7193}.Release|x86.ActiveCfg = Release|x86
		{2E1EDA7B-BB92-4000-A094-97F08D3A7193}.Release|x86.Build.0 = Release|x86
		{2E1EDA7B-BB92-4000-A094-97F08D3A7193}.Release|x86.Deploy.0 = Release|x86
		{D49ABBB8-5F33-4EBB-872E-DD8566FEAFEB}.Ad-Hoc|Any CPU.ActiveCfg = Debug|Any CPU
		{D49ABBB8-5F33-4EBB-872E-DD8566FEAFEB}.Ad-Hoc|Any CPU.Build.0 = Debug|Any CPU
		{D49ABBB8-5F33-4EBB-872E-DD8566FEAFEB}.Ad-Hoc|ARM.ActiveCfg = Debug|Any CPU
		{D49ABBB8-5F33-4EBB-872E-DD8566FEAFEB}.Ad-Hoc|ARM.Build.0 = Debug|Any CPU
		{D49ABBB8-5F33-4EBB-872E-DD8566FEAFEB}.Ad-Hoc|iPhone.ActiveCfg = Debug|Any CPU
		{D49ABBB8-5F33-4EBB-872E-DD8566FEAFEB}.Ad-Hoc|iPhone.Build.0 = Debug|Any CPU
		{D49ABBB8-5F33-4EBB-872E-DD8566FEAFEB}.Ad-Hoc|iPhoneSimulator.ActiveCfg = Debug|Any CPU
		{D49ABBB8-5F33-4EBB-872E-DD8566FEAFEB}.Ad-Hoc|iPhoneSimulator.Build.0 = Debug|Any CPU
		{D49ABBB8-5F33-4EBB-872E-DD8566FEAFEB}.Ad-Hoc|x64.ActiveCfg = Debug|Any CPU
		{D49ABBB8-5F33-4EBB-872E-DD8566FEAFEB}.Ad-Hoc|x64.Build.0 = Debug|Any CPU
		{D49ABBB8-5F33-4EBB-872E-DD8566FEAFEB}.Ad-Hoc|x86.ActiveCfg = Debug|Any CPU
		{D49ABBB8-5F33-4EBB-872E-DD8566FEAFEB}.Ad-Hoc|x86.Build.0 = Debug|Any CPU
		{D49ABBB8-5F33-4EBB-872E-DD8566FEAFEB}.AppStore|Any CPU.ActiveCfg = Debug|Any CPU
		{D49ABBB8-5F33-4EBB-872E-DD8566FEAFEB}.AppStore|Any CPU.Build.0 = Debug|Any CPU
		{D49ABBB8-5F33-4EBB-872E-DD8566FEAFEB}.AppStore|ARM.ActiveCfg = Debug|Any CPU
		{D49ABBB8-5F33-4EBB-872E-DD8566FEAFEB}.AppStore|ARM.Build.0 = Debug|Any CPU
		{D49ABBB8-5F33-4EBB-872E-DD8566FEAFEB}.AppStore|iPhone.ActiveCfg = Debug|Any CPU
		{D49ABBB8-5F33-4EBB-872E-DD8566FEAFEB}.AppStore|iPhone.Build.0 = Debug|Any CPU
		{D49ABBB8-5F33-4EBB-872E-DD8566FEAFEB}.AppStore|iPhoneSimulator.ActiveCfg = Debug|Any CPU
		{D49ABBB8-5F33-4EBB-872E-DD8566FEAFEB}.AppStore|iPhoneSimulator.Build.0 = Debug|Any CPU
		{D49ABBB8-5F33-4EBB-872E-DD8566FEAFEB}.AppStore|x64.ActiveCfg = Debug|Any CPU
		{D49ABBB8-5F33-4EBB-872E-DD8566FEAFEB}.AppStore|x64.Build.0 = Debug|Any CPU
		{D49ABBB8-5F33-4EBB-872E-DD8566FEAFEB}.AppStore|x86.ActiveCfg = Debug|Any CPU
		{D49ABBB8-5F33-4EBB-872E-DD8566FEAFEB}.AppStore|x86.Build.0 = Debug|Any CPU
		{D49ABBB8-5F33-4EBB-872E-DD8566FEAFEB}.Debug|Any CPU.ActiveCfg = Debug|Any CPU
		{D49ABBB8-5F33-4EBB-872E-DD8566FEAFEB}.Debug|Any CPU.Build.0 = Debug|Any CPU
		{D49ABBB8-5F33-4EBB-872E-DD8566FEAFEB}.Debug|ARM.ActiveCfg = Debug|Any CPU
		{D49ABBB8-5F33-4EBB-872E-DD8566FEAFEB}.Debug|ARM.Build.0 = Debug|Any CPU
		{D49ABBB8-5F33-4EBB-872E-DD8566FEAFEB}.Debug|iPhone.ActiveCfg = Debug|Any CPU
		{D49ABBB8-5F33-4EBB-872E-DD8566FEAFEB}.Debug|iPhone.Build.0 = Debug|Any CPU
		{D49ABBB8-5F33-4EBB-872E-DD8566FEAFEB}.Debug|iPhoneSimulator.ActiveCfg = Debug|Any CPU
		{D49ABBB8-5F33-4EBB-872E-DD8566FEAFEB}.Debug|iPhoneSimulator.Build.0 = Debug|Any CPU
		{D49ABBB8-5F33-4EBB-872E-DD8566FEAFEB}.Debug|x64.ActiveCfg = Debug|Any CPU
		{D49ABBB8-5F33-4EBB-872E-DD8566FEAFEB}.Debug|x64.Build.0 = Debug|Any CPU
		{D49ABBB8-5F33-4EBB-872E-DD8566FEAFEB}.Debug|x86.ActiveCfg = Debug|Any CPU
		{D49ABBB8-5F33-4EBB-872E-DD8566FEAFEB}.Debug|x86.Build.0 = Debug|Any CPU
		{D49ABBB8-5F33-4EBB-872E-DD8566FEAFEB}.Release|Any CPU.ActiveCfg = Release|Any CPU
		{D49ABBB8-5F33-4EBB-872E-DD8566FEAFEB}.Release|Any CPU.Build.0 = Release|Any CPU
		{D49ABBB8-5F33-4EBB-872E-DD8566FEAFEB}.Release|ARM.ActiveCfg = Release|Any CPU
		{D49ABBB8-5F33-4EBB-872E-DD8566FEAFEB}.Release|ARM.Build.0 = Release|Any CPU
		{D49ABBB8-5F33-4EBB-872E-DD8566FEAFEB}.Release|iPhone.ActiveCfg = Release|Any CPU
		{D49ABBB8-5F33-4EBB-872E-DD8566FEAFEB}.Release|iPhone.Build.0 = Release|Any CPU
		{D49ABBB8-5F33-4EBB-872E-DD8566FEAFEB}.Release|iPhoneSimulator.ActiveCfg = Release|Any CPU
		{D49ABBB8-5F33-4EBB-872E-DD8566FEAFEB}.Release|iPhoneSimulator.Build.0 = Release|Any CPU
		{D49ABBB8-5F33-4EBB-872E-DD8566FEAFEB}.Release|x64.ActiveCfg = Release|Any CPU
		{D49ABBB8-5F33-4EBB-872E-DD8566FEAFEB}.Release|x64.Build.0 = Release|Any CPU
		{D49ABBB8-5F33-4EBB-872E-DD8566FEAFEB}.Release|x86.ActiveCfg = Release|Any CPU
		{D49ABBB8-5F33-4EBB-872E-DD8566FEAFEB}.Release|x86.Build.0 = Release|Any CPU
		{58944A86-904E-45FC-AA0B-5E44E7DBBC68}.Ad-Hoc|Any CPU.ActiveCfg = Debug|Any CPU
		{58944A86-904E-45FC-AA0B-5E44E7DBBC68}.Ad-Hoc|Any CPU.Build.0 = Debug|Any CPU
		{58944A86-904E-45FC-AA0B-5E44E7DBBC68}.Ad-Hoc|ARM.ActiveCfg = Debug|Any CPU
		{58944A86-904E-45FC-AA0B-5E44E7DBBC68}.Ad-Hoc|ARM.Build.0 = Debug|Any CPU
		{58944A86-904E-45FC-AA0B-5E44E7DBBC68}.Ad-Hoc|iPhone.ActiveCfg = Debug|Any CPU
		{58944A86-904E-45FC-AA0B-5E44E7DBBC68}.Ad-Hoc|iPhone.Build.0 = Debug|Any CPU
		{58944A86-904E-45FC-AA0B-5E44E7DBBC68}.Ad-Hoc|iPhoneSimulator.ActiveCfg = Debug|Any CPU
		{58944A86-904E-45FC-AA0B-5E44E7DBBC68}.Ad-Hoc|iPhoneSimulator.Build.0 = Debug|Any CPU
		{58944A86-904E-45FC-AA0B-5E44E7DBBC68}.Ad-Hoc|x64.ActiveCfg = Debug|Any CPU
		{58944A86-904E-45FC-AA0B-5E44E7DBBC68}.Ad-Hoc|x64.Build.0 = Debug|Any CPU
		{58944A86-904E-45FC-AA0B-5E44E7DBBC68}.Ad-Hoc|x86.ActiveCfg = Debug|Any CPU
		{58944A86-904E-45FC-AA0B-5E44E7DBBC68}.Ad-Hoc|x86.Build.0 = Debug|Any CPU
		{58944A86-904E-45FC-AA0B-5E44E7DBBC68}.AppStore|Any CPU.ActiveCfg = Debug|Any CPU
		{58944A86-904E-45FC-AA0B-5E44E7DBBC68}.AppStore|Any CPU.Build.0 = Debug|Any CPU
		{58944A86-904E-45FC-AA0B-5E44E7DBBC68}.AppStore|ARM.ActiveCfg = Debug|Any CPU
		{58944A86-904E-45FC-AA0B-5E44E7DBBC68}.AppStore|ARM.Build.0 = Debug|Any CPU
		{58944A86-904E-45FC-AA0B-5E44E7DBBC68}.AppStore|iPhone.ActiveCfg = Debug|Any CPU
		{58944A86-904E-45FC-AA0B-5E44E7DBBC68}.AppStore|iPhone.Build.0 = Debug|Any CPU
		{58944A86-904E-45FC-AA0B-5E44E7DBBC68}.AppStore|iPhoneSimulator.ActiveCfg = Debug|Any CPU
		{58944A86-904E-45FC-AA0B-5E44E7DBBC68}.AppStore|iPhoneSimulator.Build.0 = Debug|Any CPU
		{58944A86-904E-45FC-AA0B-5E44E7DBBC68}.AppStore|x64.ActiveCfg = Debug|Any CPU
		{58944A86-904E-45FC-AA0B-5E44E7DBBC68}.AppStore|x64.Build.0 = Debug|Any CPU
		{58944A86-904E-45FC-AA0B-5E44E7DBBC68}.AppStore|x86.ActiveCfg = Debug|Any CPU
		{58944A86-904E-45FC-AA0B-5E44E7DBBC68}.AppStore|x86.Build.0 = Debug|Any CPU
		{58944A86-904E-45FC-AA0B-5E44E7DBBC68}.Debug|Any CPU.ActiveCfg = Debug|Any CPU
		{58944A86-904E-45FC-AA0B-5E44E7DBBC68}.Debug|Any CPU.Build.0 = Debug|Any CPU
		{58944A86-904E-45FC-AA0B-5E44E7DBBC68}.Debug|ARM.ActiveCfg = Debug|Any CPU
		{58944A86-904E-45FC-AA0B-5E44E7DBBC68}.Debug|ARM.Build.0 = Debug|Any CPU
		{58944A86-904E-45FC-AA0B-5E44E7DBBC68}.Debug|iPhone.ActiveCfg = Debug|Any CPU
		{58944A86-904E-45FC-AA0B-5E44E7DBBC68}.Debug|iPhone.Build.0 = Debug|Any CPU
		{58944A86-904E-45FC-AA0B-5E44E7DBBC68}.Debug|iPhoneSimulator.ActiveCfg = Debug|Any CPU
		{58944A86-904E-45FC-AA0B-5E44E7DBBC68}.Debug|iPhoneSimulator.Build.0 = Debug|Any CPU
		{58944A86-904E-45FC-AA0B-5E44E7DBBC68}.Debug|x64.ActiveCfg = Debug|Any CPU
		{58944A86-904E-45FC-AA0B-5E44E7DBBC68}.Debug|x64.Build.0 = Debug|Any CPU
		{58944A86-904E-45FC-AA0B-5E44E7DBBC68}.Debug|x86.ActiveCfg = Debug|Any CPU
		{58944A86-904E-45FC-AA0B-5E44E7DBBC68}.Debug|x86.Build.0 = Debug|Any CPU
		{58944A86-904E-45FC-AA0B-5E44E7DBBC68}.Release|Any CPU.ActiveCfg = Release|Any CPU
		{58944A86-904E-45FC-AA0B-5E44E7DBBC68}.Release|Any CPU.Build.0 = Release|Any CPU
		{58944A86-904E-45FC-AA0B-5E44E7DBBC68}.Release|ARM.ActiveCfg = Release|Any CPU
		{58944A86-904E-45FC-AA0B-5E44E7DBBC68}.Release|ARM.Build.0 = Release|Any CPU
		{58944A86-904E-45FC-AA0B-5E44E7DBBC68}.Release|iPhone.ActiveCfg = Release|Any CPU
		{58944A86-904E-45FC-AA0B-5E44E7DBBC68}.Release|iPhone.Build.0 = Release|Any CPU
		{58944A86-904E-45FC-AA0B-5E44E7DBBC68}.Release|iPhoneSimulator.ActiveCfg = Release|Any CPU
		{58944A86-904E-45FC-AA0B-5E44E7DBBC68}.Release|iPhoneSimulator.Build.0 = Release|Any CPU
		{58944A86-904E-45FC-AA0B-5E44E7DBBC68}.Release|x64.ActiveCfg = Release|Any CPU
		{58944A86-904E-45FC-AA0B-5E44E7DBBC68}.Release|x64.Build.0 = Release|Any CPU
		{58944A86-904E-45FC-AA0B-5E44E7DBBC68}.Release|x86.ActiveCfg = Release|Any CPU
		{58944A86-904E-45FC-AA0B-5E44E7DBBC68}.Release|x86.Build.0 = Release|Any CPU
		{FAA0F2DA-BDEB-49A2-B24A-607DA8C3BD29}.Ad-Hoc|Any CPU.ActiveCfg = Debug|Any CPU
		{FAA0F2DA-BDEB-49A2-B24A-607DA8C3BD29}.Ad-Hoc|Any CPU.Build.0 = Debug|Any CPU
		{FAA0F2DA-BDEB-49A2-B24A-607DA8C3BD29}.Ad-Hoc|ARM.ActiveCfg = Debug|Any CPU
		{FAA0F2DA-BDEB-49A2-B24A-607DA8C3BD29}.Ad-Hoc|ARM.Build.0 = Debug|Any CPU
		{FAA0F2DA-BDEB-49A2-B24A-607DA8C3BD29}.Ad-Hoc|iPhone.ActiveCfg = Debug|Any CPU
		{FAA0F2DA-BDEB-49A2-B24A-607DA8C3BD29}.Ad-Hoc|iPhone.Build.0 = Debug|Any CPU
		{FAA0F2DA-BDEB-49A2-B24A-607DA8C3BD29}.Ad-Hoc|iPhoneSimulator.ActiveCfg = Debug|Any CPU
		{FAA0F2DA-BDEB-49A2-B24A-607DA8C3BD29}.Ad-Hoc|iPhoneSimulator.Build.0 = Debug|Any CPU
		{FAA0F2DA-BDEB-49A2-B24A-607DA8C3BD29}.Ad-Hoc|x64.ActiveCfg = Debug|Any CPU
		{FAA0F2DA-BDEB-49A2-B24A-607DA8C3BD29}.Ad-Hoc|x64.Build.0 = Debug|Any CPU
		{FAA0F2DA-BDEB-49A2-B24A-607DA8C3BD29}.Ad-Hoc|x86.ActiveCfg = Debug|Any CPU
		{FAA0F2DA-BDEB-49A2-B24A-607DA8C3BD29}.Ad-Hoc|x86.Build.0 = Debug|Any CPU
		{FAA0F2DA-BDEB-49A2-B24A-607DA8C3BD29}.AppStore|Any CPU.ActiveCfg = Debug|Any CPU
		{FAA0F2DA-BDEB-49A2-B24A-607DA8C3BD29}.AppStore|Any CPU.Build.0 = Debug|Any CPU
		{FAA0F2DA-BDEB-49A2-B24A-607DA8C3BD29}.AppStore|ARM.ActiveCfg = Debug|Any CPU
		{FAA0F2DA-BDEB-49A2-B24A-607DA8C3BD29}.AppStore|ARM.Build.0 = Debug|Any CPU
		{FAA0F2DA-BDEB-49A2-B24A-607DA8C3BD29}.AppStore|iPhone.ActiveCfg = Debug|Any CPU
		{FAA0F2DA-BDEB-49A2-B24A-607DA8C3BD29}.AppStore|iPhone.Build.0 = Debug|Any CPU
		{FAA0F2DA-BDEB-49A2-B24A-607DA8C3BD29}.AppStore|iPhoneSimulator.ActiveCfg = Debug|Any CPU
		{FAA0F2DA-BDEB-49A2-B24A-607DA8C3BD29}.AppStore|iPhoneSimulator.Build.0 = Debug|Any CPU
		{FAA0F2DA-BDEB-49A2-B24A-607DA8C3BD29}.AppStore|x64.ActiveCfg = Debug|Any CPU
		{FAA0F2DA-BDEB-49A2-B24A-607DA8C3BD29}.AppStore|x64.Build.0 = Debug|Any CPU
		{FAA0F2DA-BDEB-49A2-B24A-607DA8C3BD29}.AppStore|x86.ActiveCfg = Debug|Any CPU
		{FAA0F2DA-BDEB-49A2-B24A-607DA8C3BD29}.AppStore|x86.Build.0 = Debug|Any CPU
		{FAA0F2DA-BDEB-49A2-B24A-607DA8C3BD29}.Debug|Any CPU.ActiveCfg = Debug|Any CPU
		{FAA0F2DA-BDEB-49A2-B24A-607DA8C3BD29}.Debug|Any CPU.Build.0 = Debug|Any CPU
		{FAA0F2DA-BDEB-49A2-B24A-607DA8C3BD29}.Debug|ARM.ActiveCfg = Debug|Any CPU
		{FAA0F2DA-BDEB-49A2-B24A-607DA8C3BD29}.Debug|ARM.Build.0 = Debug|Any CPU
		{FAA0F2DA-BDEB-49A2-B24A-607DA8C3BD29}.Debug|iPhone.ActiveCfg = Debug|Any CPU
		{FAA0F2DA-BDEB-49A2-B24A-607DA8C3BD29}.Debug|iPhone.Build.0 = Debug|Any CPU
		{FAA0F2DA-BDEB-49A2-B24A-607DA8C3BD29}.Debug|iPhoneSimulator.ActiveCfg = Debug|Any CPU
		{FAA0F2DA-BDEB-49A2-B24A-607DA8C3BD29}.Debug|iPhoneSimulator.Build.0 = Debug|Any CPU
		{FAA0F2DA-BDEB-49A2-B24A-607DA8C3BD29}.Debug|x64.ActiveCfg = Debug|Any CPU
		{FAA0F2DA-BDEB-49A2-B24A-607DA8C3BD29}.Debug|x64.Build.0 = Debug|Any CPU
		{FAA0F2DA-BDEB-49A2-B24A-607DA8C3BD29}.Debug|x86.ActiveCfg = Debug|Any CPU
		{FAA0F2DA-BDEB-49A2-B24A-607DA8C3BD29}.Debug|x86.Build.0 = Debug|Any CPU
		{FAA0F2DA-BDEB-49A2-B24A-607DA8C3BD29}.Release|Any CPU.ActiveCfg = Release|Any CPU
		{FAA0F2DA-BDEB-49A2-B24A-607DA8C3BD29}.Release|Any CPU.Build.0 = Release|Any CPU
		{FAA0F2DA-BDEB-49A2-B24A-607DA8C3BD29}.Release|ARM.ActiveCfg = Release|Any CPU
		{FAA0F2DA-BDEB-49A2-B24A-607DA8C3BD29}.Release|ARM.Build.0 = Release|Any CPU
		{FAA0F2DA-BDEB-49A2-B24A-607DA8C3BD29}.Release|iPhone.ActiveCfg = Release|Any CPU
		{FAA0F2DA-BDEB-49A2-B24A-607DA8C3BD29}.Release|iPhone.Build.0 = Release|Any CPU
		{FAA0F2DA-BDEB-49A2-B24A-607DA8C3BD29}.Release|iPhoneSimulator.ActiveCfg = Release|Any CPU
		{FAA0F2DA-BDEB-49A2-B24A-607DA8C3BD29}.Release|iPhoneSimulator.Build.0 = Release|Any CPU
		{FAA0F2DA-BDEB-49A2-B24A-607DA8C3BD29}.Release|x64.ActiveCfg = Release|Any CPU
		{FAA0F2DA-BDEB-49A2-B24A-607DA8C3BD29}.Release|x64.Build.0 = Release|Any CPU
		{FAA0F2DA-BDEB-49A2-B24A-607DA8C3BD29}.Release|x86.ActiveCfg = Release|Any CPU
		{FAA0F2DA-BDEB-49A2-B24A-607DA8C3BD29}.Release|x86.Build.0 = Release|Any CPU
	EndGlobalSection
	GlobalSection(SolutionProperties) = preSolution
		HideSolutionNode = FALSE
	EndGlobalSection
	GlobalSection(NestedProjects) = preSolution
		{03307A96-68CF-4A9B-A9F6-211EF91FF85D} = {51E3DBA1-B942-4615-ABEE-FE0B299A7C4A}
		{18560DA7-C4A1-47EC-A416-ADE94251392F} = {51E3DBA1-B942-4615-ABEE-FE0B299A7C4A}
		{32754CDB-9B06-4D02-82F0-DAAED2281B5D} = {211BCABE-D6DA-4E2D-A7CB-502D2B99D3F9}
		{B30A6958-9CF5-4387-8564-B4A091790069} = {211BCABE-D6DA-4E2D-A7CB-502D2B99D3F9}
		{2E1EDA7B-BB92-4000-A094-97F08D3A7193} = {211BCABE-D6DA-4E2D-A7CB-502D2B99D3F9}
		{58944A86-904E-45FC-AA0B-5E44E7DBBC68} = {211BCABE-D6DA-4E2D-A7CB-502D2B99D3F9}
		{FAA0F2DA-BDEB-49A2-B24A-607DA8C3BD29} = {456C3BD9-D8D6-48AC-89ED-4E32257039A7}
	EndGlobalSection
	GlobalSection(ExtensibilityGlobals) = postSolution
		SolutionGuid = {54B56C6F-B54F-45AE-8BE1-3EB78A6DE308}
	EndGlobalSection
EndGlobal
